// !$*UTF8*$!
{
	archiveVersion = 1;
	classes = {
	};
	objectVersion = 46;
	objects = {

/* Begin PBXBuildFile section */
		3D06CF8D1DDEAF6100323402 /* libPaymaxAli.a in Frameworks */ = {isa = PBXBuildFile; fileRef = 3D06CF8C1DDEAF6100323402 /* libPaymaxAli.a */; };
		3D06CF8F1DDEAF7D00323402 /* libPaymaxSDK.a in Frameworks */ = {isa = PBXBuildFile; fileRef = 3D06CF8E1DDEAF7D00323402 /* libPaymaxSDK.a */; };
		3D06CF911DDEAFA200323402 /* libPaymaxLkl.a in Frameworks */ = {isa = PBXBuildFile; fileRef = 3D06CF901DDEAFA200323402 /* libPaymaxLkl.a */; };
		3D06CF931DDEAFC200323402 /* libPaymaxWx.a in Frameworks */ = {isa = PBXBuildFile; fileRef = 3D06CF921DDEAFC200323402 /* libPaymaxWx.a */; };
		3D517CE91CEEE5E70084E6AD /* main.m in Sources */ = {isa = PBXBuildFile; fileRef = 3D517CE81CEEE5E70084E6AD /* main.m */; };
		3D517CEC1CEEE5E70084E6AD /* AppDelegate.m in Sources */ = {isa = PBXBuildFile; fileRef = 3D517CEB1CEEE5E70084E6AD /* AppDelegate.m */; };
		3D517CF71CEEE5E70084E6AD /* LaunchScreen.storyboard in Resources */ = {isa = PBXBuildFile; fileRef = 3D517CF51CEEE5E70084E6AD /* LaunchScreen.storyboard */; };
		3D517D031CEEE6310084E6AD /* ViewController.m in Sources */ = {isa = PBXBuildFile; fileRef = 3D517CFF1CEEE6310084E6AD /* ViewController.m */; };
		3D517D041CEEE6310084E6AD /* Main.storyboard in Resources */ = {isa = PBXBuildFile; fileRef = 3D517D001CEEE6310084E6AD /* Main.storyboard */; };
		3D517D051CEEE6310084E6AD /* Assets.xcassets in Resources */ = {isa = PBXBuildFile; fileRef = 3D517D011CEEE6310084E6AD /* Assets.xcassets */; };
		3D517D061CEEE6310084E6AD /* Info.plist in Resources */ = {isa = PBXBuildFile; fileRef = 3D517D021CEEE6310084E6AD /* Info.plist */; };
		3D517E1C1CEEE73A0084E6AD /* CFNetwork.framework in Frameworks */ = {isa = PBXBuildFile; fileRef = 3D517E1B1CEEE73A0084E6AD /* CFNetwork.framework */; };
		3D517E1E1CEEE7460084E6AD /* SystemConfiguration.framework in Frameworks */ = {isa = PBXBuildFile; fileRef = 3D517E1D1CEEE7460084E6AD /* SystemConfiguration.framework */; };
		3D517E201CEEE7500084E6AD /* Security.framework in Frameworks */ = {isa = PBXBuildFile; fileRef = 3D517E1F1CEEE7500084E6AD /* Security.framework */; };
		3D517E221CEEE75B0084E6AD /* libc++.tbd in Frameworks */ = {isa = PBXBuildFile; fileRef = 3D517E211CEEE75B0084E6AD /* libc++.tbd */; };
		3D517E241CEEE7690084E6AD /* libz.tbd in Frameworks */ = {isa = PBXBuildFile; fileRef = 3D517E231CEEE7690084E6AD /* libz.tbd */; };
		3D517E261CEEE7750084E6AD /* libsqlite3.tbd in Frameworks */ = {isa = PBXBuildFile; fileRef = 3D517E251CEEE7750084E6AD /* libsqlite3.tbd */; };
		3D517E281CEEE7890084E6AD /* CoreTelephony.framework in Frameworks */ = {isa = PBXBuildFile; fileRef = 3D517E271CEEE7890084E6AD /* CoreTelephony.framework */; };
		3D607BCC1DED248A0010239C /* libLKLPaySDK.a in Frameworks */ = {isa = PBXBuildFile; fileRef = 3D607BCB1DED248A0010239C /* libLKLPaySDK.a */; };
		3D6896631D6313EB00D3B48B /* Bar_导航条.png in Resources */ = {isa = PBXBuildFile; fileRef = 3D6895E51D6313EB00D3B48B /* Bar_导航条.png */; };
		3D6896641D6313EB00D3B48B /* Bar_导航条@2x.png in Resources */ = {isa = PBXBuildFile; fileRef = 3D6895E61D6313EB00D3B48B /* Bar_导航条@2x.png */; };
		3D6896651D6313EB00D3B48B /* Bar_导航条@3x.png in Resources */ = {isa = PBXBuildFile; fileRef = 3D6895E71D6313EB00D3B48B /* Bar_导航条@3x.png */; };
		3D6896661D6313EB00D3B48B /* Bar_首页底部导航条.png in Resources */ = {isa = PBXBuildFile; fileRef = 3D6895E81D6313EB00D3B48B /* Bar_首页底部导航条.png */; };
		3D6896671D6313EB00D3B48B /* Bar_首页顶部导航条.png in Resources */ = {isa = PBXBuildFile; fileRef = 3D6895E91D6313EB00D3B48B /* Bar_首页顶部导航条.png */; };
		3D6896681D6313EB00D3B48B /* Bar_首页顶部导航条_选中.png in Resources */ = {isa = PBXBuildFile; fileRef = 3D6895EA1D6313EB00D3B48B /* Bar_首页顶部导航条_选中.png */; };
		3D6896691D6313EB00D3B48B /* Button_80px.png in Resources */ = {isa = PBXBuildFile; fileRef = 3D6895EB1D6313EB00D3B48B /* Button_80px.png */; };
		3D68966A1D6313EB00D3B48B /* button_jb_line_s@2x.png in Resources */ = {isa = PBXBuildFile; fileRef = 3D6895EC1D6313EB00D3B48B /* button_jb_line_s@2x.png */; };
		3D68966B1D6313EB00D3B48B /* button_jb_line_s@3x.png in Resources */ = {isa = PBXBuildFile; fileRef = 3D6895ED1D6313EB00D3B48B /* button_jb_line_s@3x.png */; };
		3D68966C1D6313EB00D3B48B /* Button_交易状态.png in Resources */ = {isa = PBXBuildFile; fileRef = 3D6895EE1D6313EB00D3B48B /* Button_交易状态.png */; };
		3D68966D1D6313EB00D3B48B /* Button_信用卡还款_Circle@2x.png in Resources */ = {isa = PBXBuildFile; fileRef = 3D6895EF1D6313EB00D3B48B /* Button_信用卡还款_Circle@2x.png */; };
		3D68966E1D6313EB00D3B48B /* Button_信用卡还款_Circle@3x.png in Resources */ = {isa = PBXBuildFile; fileRef = 3D6895F01D6313EB00D3B48B /* Button_信用卡还款_Circle@3x.png */; };
		3D68966F1D6313EB00D3B48B /* Button_充值_Circle@2x.png in Resources */ = {isa = PBXBuildFile; fileRef = 3D6895F11D6313EB00D3B48B /* Button_充值_Circle@2x.png */; };
		3D6896701D6313EB00D3B48B /* Button_充值_line@2x.png in Resources */ = {isa = PBXBuildFile; fileRef = 3D6895F21D6313EB00D3B48B /* Button_充值_line@2x.png */; };
		3D6896711D6313EB00D3B48B /* Button_充值_line_white@2x.png in Resources */ = {isa = PBXBuildFile; fileRef = 3D6895F31D6313EB00D3B48B /* Button_充值_line_white@2x.png */; };
		3D6896721D6313EB00D3B48B /* Button_充值_solid@2x.png in Resources */ = {isa = PBXBuildFile; fileRef = 3D6895F41D6313EB00D3B48B /* Button_充值_solid@2x.png */; };
		3D6896731D6313EB00D3B48B /* Button_关于_line_32px@2x.png in Resources */ = {isa = PBXBuildFile; fileRef = 3D6895F51D6313EB00D3B48B /* Button_关于_line_32px@2x.png */; };
		3D6896741D6313EB00D3B48B /* Button_删除_line_32px@2x.png in Resources */ = {isa = PBXBuildFile; fileRef = 3D6895F61D6313EB00D3B48B /* Button_删除_line_32px@2x.png */; };
		3D6896751D6313EB00D3B48B /* Button_卡_line_32px@2x.png in Resources */ = {isa = PBXBuildFile; fileRef = 3D6895F71D6313EB00D3B48B /* Button_卡_line_32px@2x.png */; };
		3D6896761D6313EB00D3B48B /* Button_头像_110px@2x.png in Resources */ = {isa = PBXBuildFile; fileRef = 3D6895F81D6313EB00D3B48B /* Button_头像_110px@2x.png */; };
		3D6896771D6313EB00D3B48B /* Button_头像_80px@2x.png in Resources */ = {isa = PBXBuildFile; fileRef = 3D6895F91D6313EB00D3B48B /* Button_头像_80px@2x.png */; };
		3D6896781D6313EB00D3B48B /* Button_实名_Circle@2x.png in Resources */ = {isa = PBXBuildFile; fileRef = 3D6895FA1D6313EB00D3B48B /* Button_实名_Circle@2x.png */; };
		3D6896791D6313EB00D3B48B /* Button_密码_line_32px@2x.png in Resources */ = {isa = PBXBuildFile; fileRef = 3D6895FB1D6313EB00D3B48B /* Button_密码_line_32px@2x.png */; };
		3D68967A1D6313EB00D3B48B /* Button_帮付宝_line@2x.png in Resources */ = {isa = PBXBuildFile; fileRef = 3D6895FC1D6313EB00D3B48B /* Button_帮付宝_line@2x.png */; };
		3D68967B1D6313EB00D3B48B /* Button_帮付宝_solid@2x.png in Resources */ = {isa = PBXBuildFile; fileRef = 3D6895FD1D6313EB00D3B48B /* Button_帮付宝_solid@2x.png */; };
		3D68967C1D6313EB00D3B48B /* Button_待办_Circle@2x.png in Resources */ = {isa = PBXBuildFile; fileRef = 3D6895FE1D6313EB00D3B48B /* Button_待办_Circle@2x.png */; };
		3D68967D1D6313EB00D3B48B /* Button_待办_line@2x.png in Resources */ = {isa = PBXBuildFile; fileRef = 3D6895FF1D6313EB00D3B48B /* Button_待办_line@2x.png */; };
		3D68967E1D6313EB00D3B48B /* Button_待办_solid@2x.png in Resources */ = {isa = PBXBuildFile; fileRef = 3D6896001D6313EB00D3B48B /* Button_待办_solid@2x.png */; };
		3D68967F1D6313EB00D3B48B /* Button_手机_line_32px@2x.png in Resources */ = {isa = PBXBuildFile; fileRef = 3D6896011D6313EB00D3B48B /* Button_手机_line_32px@2x.png */; };
		3D6896801D6313EB00D3B48B /* Button_手机充值_Circle@2x.png in Resources */ = {isa = PBXBuildFile; fileRef = 3D6896021D6313EB00D3B48B /* Button_手机充值_Circle@2x.png */; };
		3D6896811D6313EB00D3B48B /* Button_手机充值_Circle@3x.png in Resources */ = {isa = PBXBuildFile; fileRef = 3D6896031D6313EB00D3B48B /* Button_手机充值_Circle@3x.png */; };
		3D6896821D6313EB00D3B48B /* Button_扫码支付_Circle@2x.png in Resources */ = {isa = PBXBuildFile; fileRef = 3D6896041D6313EB00D3B48B /* Button_扫码支付_Circle@2x.png */; };
		3D6896831D6313EB00D3B48B /* Button_扫码支付_Circle@3x.png in Resources */ = {isa = PBXBuildFile; fileRef = 3D6896051D6313EB00D3B48B /* Button_扫码支付_Circle@3x.png */; };
		3D6896841D6313EB00D3B48B /* Button_扫码登陆_Circle@2x.png in Resources */ = {isa = PBXBuildFile; fileRef = 3D6896061D6313EB00D3B48B /* Button_扫码登陆_Circle@2x.png */; };
		3D6896851D6313EB00D3B48B /* Button_扫码登陆_Circle@3x.png in Resources */ = {isa = PBXBuildFile; fileRef = 3D6896071D6313EB00D3B48B /* Button_扫码登陆_Circle@3x.png */; };
		3D6896861D6313EB00D3B48B /* Button_提现_Circle@2x.png in Resources */ = {isa = PBXBuildFile; fileRef = 3D6896081D6313EB00D3B48B /* Button_提现_Circle@2x.png */; };
		3D6896871D6313EB00D3B48B /* Button_提现_line@2x.png in Resources */ = {isa = PBXBuildFile; fileRef = 3D6896091D6313EB00D3B48B /* Button_提现_line@2x.png */; };
		3D6896881D6313EB00D3B48B /* Button_提现_line_white@2x.png in Resources */ = {isa = PBXBuildFile; fileRef = 3D68960A1D6313EB00D3B48B /* Button_提现_line_white@2x.png */; };
		3D6896891D6313EB00D3B48B /* Button_提现_solid@2x.png in Resources */ = {isa = PBXBuildFile; fileRef = 3D68960B1D6313EB00D3B48B /* Button_提现_solid@2x.png */; };
		3D68968A1D6313EB00D3B48B /* Button_收付款扫码_Circle@2x.png in Resources */ = {isa = PBXBuildFile; fileRef = 3D68960C1D6313EB00D3B48B /* Button_收付款扫码_Circle@2x.png */; };
		3D68968B1D6313EB00D3B48B /* Button_收付款扫码_Circle@3x.png in Resources */ = {isa = PBXBuildFile; fileRef = 3D68960D1D6313EB00D3B48B /* Button_收付款扫码_Circle@3x.png */; };
		3D68968C1D6313EB00D3B48B /* Button_流量充值_Circle@2x.png in Resources */ = {isa = PBXBuildFile; fileRef = 3D68960E1D6313EB00D3B48B /* Button_流量充值_Circle@2x.png */; };
		3D68968D1D6313EB00D3B48B /* Button_流量充值_Circle@3x.png in Resources */ = {isa = PBXBuildFile; fileRef = 3D68960F1D6313EB00D3B48B /* Button_流量充值_Circle@3x.png */; };
		3D68968E1D6313EB00D3B48B /* Button_消费_line@2x.png in Resources */ = {isa = PBXBuildFile; fileRef = 3D6896101D6313EB00D3B48B /* Button_消费_line@2x.png */; };
		3D68968F1D6313EB00D3B48B /* Button_消费_solid@2x.png in Resources */ = {isa = PBXBuildFile; fileRef = 3D6896111D6313EB00D3B48B /* Button_消费_solid@2x.png */; };
		3D6896901D6313EB00D3B48B /* Button_添加银行卡+.png in Resources */ = {isa = PBXBuildFile; fileRef = 3D6896121D6313EB00D3B48B /* Button_添加银行卡+.png */; };
		3D6896911D6313EB00D3B48B /* Button_添加银行卡.png in Resources */ = {isa = PBXBuildFile; fileRef = 3D6896131D6313EB00D3B48B /* Button_添加银行卡.png */; };
		3D6896921D6313EB00D3B48B /* Button_理财推荐_Circle@2x.png in Resources */ = {isa = PBXBuildFile; fileRef = 3D6896141D6313EB00D3B48B /* Button_理财推荐_Circle@2x.png */; };
		3D6896931D6313EB00D3B48B /* Button_理财推荐_Circle@3x.png in Resources */ = {isa = PBXBuildFile; fileRef = 3D6896151D6313EB00D3B48B /* Button_理财推荐_Circle@3x.png */; };
		3D6896941D6313EB00D3B48B /* Button_确认_line@2x.png in Resources */ = {isa = PBXBuildFile; fileRef = 3D6896161D6313EB00D3B48B /* Button_确认_line@2x.png */; };
		3D6896951D6313EB00D3B48B /* Button_确认框580px.png in Resources */ = {isa = PBXBuildFile; fileRef = 3D6896171D6313EB00D3B48B /* Button_确认框580px.png */; };
		3D6896961D6313EB00D3B48B /* Button_管家_line@2x.png in Resources */ = {isa = PBXBuildFile; fileRef = 3D6896181D6313EB00D3B48B /* Button_管家_line@2x.png */; };
		3D6896971D6313EB00D3B48B /* Button_管家_solid@2x.png in Resources */ = {isa = PBXBuildFile; fileRef = 3D6896191D6313EB00D3B48B /* Button_管家_solid@2x.png */; };
		3D6896981D6313EB00D3B48B /* Button_箭头@2x.png in Resources */ = {isa = PBXBuildFile; fileRef = 3D68961A1D6313EB00D3B48B /* Button_箭头@2x.png */; };
		3D6896991D6313EB00D3B48B /* Button_设置_line@2x.png in Resources */ = {isa = PBXBuildFile; fileRef = 3D68961B1D6313EB00D3B48B /* Button_设置_line@2x.png */; };
		3D68969A1D6313EB00D3B48B /* Button_设置_solid@2x.png in Resources */ = {isa = PBXBuildFile; fileRef = 3D68961C1D6313EB00D3B48B /* Button_设置_solid@2x.png */; };
		3D68969B1D6313EB00D3B48B /* Button_账单_line@2x.png in Resources */ = {isa = PBXBuildFile; fileRef = 3D68961D1D6313EB00D3B48B /* Button_账单_line@2x.png */; };
		3D68969C1D6313EB00D3B48B /* Button_账单_solid@2x.png in Resources */ = {isa = PBXBuildFile; fileRef = 3D68961E1D6313EB00D3B48B /* Button_账单_solid@2x.png */; };
		3D68969D1D6313EB00D3B48B /* Button_账户_line_32px@2x.png in Resources */ = {isa = PBXBuildFile; fileRef = 3D68961F1D6313EB00D3B48B /* Button_账户_line_32px@2x.png */; };
		3D68969E1D6313EB00D3B48B /* Button_转账_Circle@2x.png in Resources */ = {isa = PBXBuildFile; fileRef = 3D6896201D6313EB00D3B48B /* Button_转账_Circle@2x.png */; };
		3D68969F1D6313EB00D3B48B /* Button_转账_line@2x.png in Resources */ = {isa = PBXBuildFile; fileRef = 3D6896211D6313EB00D3B48B /* Button_转账_line@2x.png */; };
		3D6896A01D6313EB00D3B48B /* Button_转账_line_white@2x.png in Resources */ = {isa = PBXBuildFile; fileRef = 3D6896221D6313EB00D3B48B /* Button_转账_line_white@2x.png */; };
		3D6896A11D6313EB00D3B48B /* Button_转账_solid@2x.png in Resources */ = {isa = PBXBuildFile; fileRef = 3D6896231D6313EB00D3B48B /* Button_转账_solid@2x.png */; };
		3D6896A21D6313EB00D3B48B /* Button_输入支付密码_取消@2x.png in Resources */ = {isa = PBXBuildFile; fileRef = 3D6896241D6313EB00D3B48B /* Button_输入支付密码_取消@2x.png */; };
		3D6896A31D6313EB00D3B48B /* Button_输入支付密码_确认@2x.png in Resources */ = {isa = PBXBuildFile; fileRef = 3D6896251D6313EB00D3B48B /* Button_输入支付密码_确认@2x.png */; };
		3D6896A41D6313EB00D3B48B /* Button_输入框330px.png in Resources */ = {isa = PBXBuildFile; fileRef = 3D6896261D6313EB00D3B48B /* Button_输入框330px.png */; };
		3D6896A51D6313EB00D3B48B /* Button_输入框580px.png in Resources */ = {isa = PBXBuildFile; fileRef = 3D6896271D6313EB00D3B48B /* Button_输入框580px.png */; };
		3D6896A61D6313EB00D3B48B /* Button_输入框三栏580px.png in Resources */ = {isa = PBXBuildFile; fileRef = 3D6896281D6313EB00D3B48B /* Button_输入框三栏580px.png */; };
		3D6896A71D6313EB00D3B48B /* Button_输入框两栏580px.png in Resources */ = {isa = PBXBuildFile; fileRef = 3D6896291D6313EB00D3B48B /* Button_输入框两栏580px.png */; };
		3D6896A81D6313EB00D3B48B /* Button_输入框四栏580px.png in Resources */ = {isa = PBXBuildFile; fileRef = 3D68962A1D6313EB00D3B48B /* Button_输入框四栏580px.png */; };
		3D6896A91D6313EB00D3B48B /* Button_返回@2x.png in Resources */ = {isa = PBXBuildFile; fileRef = 3D68962B1D6313EB00D3B48B /* Button_返回@2x.png */; };
		3D6896AA1D6313EB00D3B48B /* Button_通讯录_line@2x.png in Resources */ = {isa = PBXBuildFile; fileRef = 3D68962C1D6313EB00D3B48B /* Button_通讯录_line@2x.png */; };
		3D6896AB1D6313EB00D3B48B /* Button_重发按钮_220px.png in Resources */ = {isa = PBXBuildFile; fileRef = 3D68962D1D6313EB00D3B48B /* Button_重发按钮_220px.png */; };
		3D6896AC1D6313EB00D3B48B /* Button_重发按钮_等待220px.png in Resources */ = {isa = PBXBuildFile; fileRef = 3D68962E1D6313EB00D3B48B /* Button_重发按钮_等待220px.png */; };
		3D6896AD1D6313EB00D3B48B /* Button_银行卡_line@2x.png in Resources */ = {isa = PBXBuildFile; fileRef = 3D68962F1D6313EB00D3B48B /* Button_银行卡_line@2x.png */; };
		3D6896AE1D6313EB00D3B48B /* Button_银行卡_Solid@2x.png in Resources */ = {isa = PBXBuildFile; fileRef = 3D6896301D6313EB00D3B48B /* Button_银行卡_Solid@2x.png */; };
		3D6896AF1D6313EB00D3B48B /* choice2@2x.png in Resources */ = {isa = PBXBuildFile; fileRef = 3D6896311D6313EB00D3B48B /* choice2@2x.png */; };
		3D6896B01D6313EB00D3B48B /* choice2@3x.png in Resources */ = {isa = PBXBuildFile; fileRef = 3D6896321D6313EB00D3B48B /* choice2@3x.png */; };
		3D6896B11D6313EB00D3B48B /* choice_icon@2x.png in Resources */ = {isa = PBXBuildFile; fileRef = 3D6896331D6313EB00D3B48B /* choice_icon@2x.png */; };
		3D6896B21D6313EB00D3B48B /* choice_icon@3x.png in Resources */ = {isa = PBXBuildFile; fileRef = 3D6896341D6313EB00D3B48B /* choice_icon@3x.png */; };
		3D6896B31D6313EB00D3B48B /* Cover_iPhone5.png in Resources */ = {isa = PBXBuildFile; fileRef = 3D6896351D6313EB00D3B48B /* Cover_iPhone5.png */; };
		3D6896B41D6313EB00D3B48B /* Image_Cover字.png in Resources */ = {isa = PBXBuildFile; fileRef = 3D6896361D6313EB00D3B48B /* Image_Cover字.png */; };
		3D6896B51D6313EB00D3B48B /* Image_帮付宝首页.png in Resources */ = {isa = PBXBuildFile; fileRef = 3D6896371D6313EB00D3B48B /* Image_帮付宝首页.png */; };
		3D6896B61D6313EB00D3B48B /* Image_空页面.png in Resources */ = {isa = PBXBuildFile; fileRef = 3D6896381D6313EB00D3B48B /* Image_空页面.png */; };
		3D6896B71D6313EB00D3B48B /* Image_管家首页.png in Resources */ = {isa = PBXBuildFile; fileRef = 3D6896391D6313EB00D3B48B /* Image_管家首页.png */; };
		3D6896B81D6313EB00D3B48B /* Image_账单详情半圆_右.png in Resources */ = {isa = PBXBuildFile; fileRef = 3D68963A1D6313EB00D3B48B /* Image_账单详情半圆_右.png */; };
		3D6896B91D6313EB00D3B48B /* Image_账单详情半圆_左.png in Resources */ = {isa = PBXBuildFile; fileRef = 3D68963B1D6313EB00D3B48B /* Image_账单详情半圆_左.png */; };
		3D6896BA1D6313EB00D3B48B /* jt_btn@2x.png in Resources */ = {isa = PBXBuildFile; fileRef = 3D68963C1D6313EB00D3B48B /* jt_btn@2x.png */; };
		3D6896BB1D6313EB00D3B48B /* jt_btn@3x.png in Resources */ = {isa = PBXBuildFile; fileRef = 3D68963D1D6313EB00D3B48B /* jt_btn@3x.png */; };
		3D6896BC1D6313EB00D3B48B /* Layer_修改密码成功580px.png in Resources */ = {isa = PBXBuildFile; fileRef = 3D68963E1D6313EB00D3B48B /* Layer_修改密码成功580px.png */; };
		3D6896BD1D6313EB00D3B48B /* Layer_输入支付密码580px@2x.png in Resources */ = {isa = PBXBuildFile; fileRef = 3D68963F1D6313EB00D3B48B /* Layer_输入支付密码580px@2x.png */; };
		3D6896BE1D6313EB00D3B48B /* Layer_银行卡类型580px.png in Resources */ = {isa = PBXBuildFile; fileRef = 3D6896401D6313EB00D3B48B /* Layer_银行卡类型580px.png */; };
		3D6896BF1D6313EB00D3B48B /* mrlogo_btn@2x.png in Resources */ = {isa = PBXBuildFile; fileRef = 3D6896411D6313EB00D3B48B /* mrlogo_btn@2x.png */; };
		3D6896C01D6313EB00D3B48B /* mrlogo_btn@3x.png in Resources */ = {isa = PBXBuildFile; fileRef = 3D6896421D6313EB00D3B48B /* mrlogo_btn@3x.png */; };
		3D6896C11D6313EB00D3B48B /* nochoice_icon@2x.png in Resources */ = {isa = PBXBuildFile; fileRef = 3D6896431D6313EB00D3B48B /* nochoice_icon@2x.png */; };
		3D6896C21D6313EB00D3B48B /* nochoice_icon@3x.png in Resources */ = {isa = PBXBuildFile; fileRef = 3D6896441D6313EB00D3B48B /* nochoice_icon@3x.png */; };
		3D6896C31D6313EB00D3B48B /* qbye_btn@2x.png in Resources */ = {isa = PBXBuildFile; fileRef = 3D6896451D6313EB00D3B48B /* qbye_btn@2x.png */; };
		3D6896C41D6313EB00D3B48B /* qbye_btn@3x.png in Resources */ = {isa = PBXBuildFile; fileRef = 3D6896461D6313EB00D3B48B /* qbye_btn@3x.png */; };
		3D6896C51D6313EB00D3B48B /* tc_btn@2x.png in Resources */ = {isa = PBXBuildFile; fileRef = 3D6896471D6313EB00D3B48B /* tc_btn@2x.png */; };
		3D6896C61D6313EB00D3B48B /* tc_btn@3x.png in Resources */ = {isa = PBXBuildFile; fileRef = 3D6896481D6313EB00D3B48B /* tc_btn@3x.png */; };
		3D6896C71D6313EB00D3B48B /* tck_qx_icon@2x.png in Resources */ = {isa = PBXBuildFile; fileRef = 3D6896491D6313EB00D3B48B /* tck_qx_icon@2x.png */; };
		3D6896C81D6313EB00D3B48B /* tck_qx_icon@3x.png in Resources */ = {isa = PBXBuildFile; fileRef = 3D68964A1D6313EB00D3B48B /* tck_qx_icon@3x.png */; };
		3D6896C91D6313EB00D3B48B /* tck_yeqb_icon@2x.png in Resources */ = {isa = PBXBuildFile; fileRef = 3D68964B1D6313EB00D3B48B /* tck_yeqb_icon@2x.png */; };
		3D6896CA1D6313EB00D3B48B /* tck_yeqb_icon@3x.png in Resources */ = {isa = PBXBuildFile; fileRef = 3D68964C1D6313EB00D3B48B /* tck_yeqb_icon@3x.png */; };
		3D6896CB1D6313EB00D3B48B /* tjyhk_icon@2x.png in Resources */ = {isa = PBXBuildFile; fileRef = 3D68964D1D6313EB00D3B48B /* tjyhk_icon@2x.png */; };
		3D6896CC1D6313EB00D3B48B /* tjyhk_icon@3x.png in Resources */ = {isa = PBXBuildFile; fileRef = 3D68964E1D6313EB00D3B48B /* tjyhk_icon@3x.png */; };
		3D6896CD1D6313EB00D3B48B /* unchoice@2x.png in Resources */ = {isa = PBXBuildFile; fileRef = 3D68964F1D6313EB00D3B48B /* unchoice@2x.png */; };
		3D6896CE1D6313EB00D3B48B /* unchoice@3x.png in Resources */ = {isa = PBXBuildFile; fileRef = 3D6896501D6313EB00D3B48B /* unchoice@3x.png */; };
		3D6896CF1D6313EB00D3B48B /* 叹号@2x.png in Resources */ = {isa = PBXBuildFile; fileRef = 3D6896511D6313EB00D3B48B /* 叹号@2x.png */; };
		3D6896D01D6313EB00D3B48B /* 叹号@3x.png in Resources */ = {isa = PBXBuildFile; fileRef = 3D6896521D6313EB00D3B48B /* 叹号@3x.png */; };
		3D6896D11D6313EB00D3B48B /* 对勾@2x.png in Resources */ = {isa = PBXBuildFile; fileRef = 3D6896531D6313EB00D3B48B /* 对勾@2x.png */; };
		3D6896D21D6313EB00D3B48B /* 对勾@3x.png in Resources */ = {isa = PBXBuildFile; fileRef = 3D6896541D6313EB00D3B48B /* 对勾@3x.png */; };
		3D6896D31D6313EB00D3B48B /* 支付失败@2x.png in Resources */ = {isa = PBXBuildFile; fileRef = 3D6896551D6313EB00D3B48B /* 支付失败@2x.png */; };
		3D6896D41D6313EB00D3B48B /* 支付失败@3x.png in Resources */ = {isa = PBXBuildFile; fileRef = 3D6896561D6313EB00D3B48B /* 支付失败@3x.png */; };
		3D6896D51D6313EB00D3B48B /* 支付成功@2x.png in Resources */ = {isa = PBXBuildFile; fileRef = 3D6896571D6313EB00D3B48B /* 支付成功@2x.png */; };
		3D6896D61D6313EB00D3B48B /* 支付成功@3x.png in Resources */ = {isa = PBXBuildFile; fileRef = 3D6896581D6313EB00D3B48B /* 支付成功@3x.png */; };
		3D6896D71D6313EB00D3B48B /* 未点击@2x.png in Resources */ = {isa = PBXBuildFile; fileRef = 3D6896591D6313EB00D3B48B /* 未点击@2x.png */; };
		3D6896D81D6313EB00D3B48B /* 未点击@3x.png in Resources */ = {isa = PBXBuildFile; fileRef = 3D68965A1D6313EB00D3B48B /* 未点击@3x.png */; };
		3D6896D91D6313EB00D3B48B /* 未选@2x.png in Resources */ = {isa = PBXBuildFile; fileRef = 3D68965B1D6313EB00D3B48B /* 未选@2x.png */; };
		3D6896DA1D6313EB00D3B48B /* 未选@3x.png in Resources */ = {isa = PBXBuildFile; fileRef = 3D68965C1D6313EB00D3B48B /* 未选@3x.png */; };
		3D6896DB1D6313EB00D3B48B /* 点击@2x.png in Resources */ = {isa = PBXBuildFile; fileRef = 3D68965D1D6313EB00D3B48B /* 点击@2x.png */; };
		3D6896DC1D6313EB00D3B48B /* 点击@3x.png in Resources */ = {isa = PBXBuildFile; fileRef = 3D68965E1D6313EB00D3B48B /* 点击@3x.png */; };
		3D6896DD1D6313EB00D3B48B /* 箭头@2x.png in Resources */ = {isa = PBXBuildFile; fileRef = 3D68965F1D6313EB00D3B48B /* 箭头@2x.png */; };
		3D6896DE1D6313EB00D3B48B /* 箭头@3x.png in Resources */ = {isa = PBXBuildFile; fileRef = 3D6896601D6313EB00D3B48B /* 箭头@3x.png */; };
		3D6896DF1D6313EB00D3B48B /* 返回剪头@2x.png in Resources */ = {isa = PBXBuildFile; fileRef = 3D6896611D6313EB00D3B48B /* 返回剪头@2x.png */; };
		3D6896E01D6313EB00D3B48B /* 返回剪头@3x.png in Resources */ = {isa = PBXBuildFile; fileRef = 3D6896621D6313EB00D3B48B /* 返回剪头@3x.png */; };
		3D798BC91D75308A00AF4D9F /* Crashlytics.framework in Frameworks */ = {isa = PBXBuildFile; fileRef = 3D798BA31D75308A00AF4D9F /* Crashlytics.framework */; };
		3D798BCA1D75308A00AF4D9F /* OliveappOcrStatus.plist in Resources */ = {isa = PBXBuildFile; fileRef = 3D798BA61D75308A00AF4D9F /* OliveappOcrStatus.plist */; };
		3D798BCB1D75308A00AF4D9F /* AnimationConstants.plist in Resources */ = {isa = PBXBuildFile; fileRef = 3D798BA81D75308A00AF4D9F /* AnimationConstants.plist */; };
		3D798BCC1D75308A00AF4D9F /* AudioConstants.plist in Resources */ = {isa = PBXBuildFile; fileRef = 3D798BA91D75308A00AF4D9F /* AudioConstants.plist */; };
		3D798BCD1D75308A00AF4D9F /* TextConstants.plist in Resources */ = {isa = PBXBuildFile; fileRef = 3D798BAA1D75308A00AF4D9F /* TextConstants.plist */; };
		3D798BCE1D75308A00AF4D9F /* Fabric.framework in Frameworks */ = {isa = PBXBuildFile; fileRef = 3D798BAB1D75308A00AF4D9F /* Fabric.framework */; };
		3D798BCF1D75308A00AF4D9F /* libFaceRecoSDK.a in Frameworks */ = {isa = PBXBuildFile; fileRef = 3D798BAE1D75308A00AF4D9F /* libFaceRecoSDK.a */; };
		3D798BD01D75308A00AF4D9F /* oliveapp_combine_model.bundle in Resources */ = {isa = PBXBuildFile; fileRef = 3D798BAF1D75308A00AF4D9F /* oliveapp_combine_model.bundle */; };
		3D798BD11D75308A00AF4D9F /* oliveapp_eyeclose.gif in Resources */ = {isa = PBXBuildFile; fileRef = 3D798BB21D75308A00AF4D9F /* oliveapp_eyeclose.gif */; };
		3D798BD21D75308A00AF4D9F /* oliveapp_headleft.gif in Resources */ = {isa = PBXBuildFile; fileRef = 3D798BB31D75308A00AF4D9F /* oliveapp_headleft.gif */; };
		3D798BD31D75308A00AF4D9F /* oliveapp_headright.gif in Resources */ = {isa = PBXBuildFile; fileRef = 3D798BB41D75308A00AF4D9F /* oliveapp_headright.gif */; };
		3D798BD41D75308A00AF4D9F /* oliveapp_headshake.gif in Resources */ = {isa = PBXBuildFile; fileRef = 3D798BB51D75308A00AF4D9F /* oliveapp_headshake.gif */; };
		3D798BD51D75308A00AF4D9F /* oliveapp_headup.gif in Resources */ = {isa = PBXBuildFile; fileRef = 3D798BB61D75308A00AF4D9F /* oliveapp_headup.gif */; };
		3D798BD61D75308A00AF4D9F /* oliveapp_mouthopen.gif in Resources */ = {isa = PBXBuildFile; fileRef = 3D798BB71D75308A00AF4D9F /* oliveapp_mouthopen.gif */; };
		3D798BD71D75308A00AF4D9F /* oliveapp_normal.gif in Resources */ = {isa = PBXBuildFile; fileRef = 3D798BB81D75308A00AF4D9F /* oliveapp_normal.gif */; };
		3D798BD81D75308A00AF4D9F /* oliveapp_face_skeleton_minimum2.png in Resources */ = {isa = PBXBuildFile; fileRef = 3D798BBB1D75308A00AF4D9F /* oliveapp_face_skeleton_minimum2.png */; };
		3D798BD91D75308A00AF4D9F /* oliveapp_face_with_skeleton.png in Resources */ = {isa = PBXBuildFile; fileRef = 3D798BBC1D75308A00AF4D9F /* oliveapp_face_with_skeleton.png */; };
		3D798BDA1D75308A00AF4D9F /* oliveapp_step_hint_eyeclose.mp3 in Resources */ = {isa = PBXBuildFile; fileRef = 3D798BBE1D75308A00AF4D9F /* oliveapp_step_hint_eyeclose.mp3 */; };
		3D798BDB1D75308A00AF4D9F /* oliveapp_step_hint_getready.mp3 in Resources */ = {isa = PBXBuildFile; fileRef = 3D798BBF1D75308A00AF4D9F /* oliveapp_step_hint_getready.mp3 */; };
		3D798BDC1D75308A00AF4D9F /* oliveapp_step_hint_headleft.mp3 in Resources */ = {isa = PBXBuildFile; fileRef = 3D798BC01D75308A00AF4D9F /* oliveapp_step_hint_headleft.mp3 */; };
		3D798BDD1D75308A00AF4D9F /* oliveapp_step_hint_headright.mp3 in Resources */ = {isa = PBXBuildFile; fileRef = 3D798BC11D75308A00AF4D9F /* oliveapp_step_hint_headright.mp3 */; };
		3D798BDE1D75308A00AF4D9F /* oliveapp_step_hint_headshake.mp3 in Resources */ = {isa = PBXBuildFile; fileRef = 3D798BC21D75308A00AF4D9F /* oliveapp_step_hint_headshake.mp3 */; };
		3D798BDF1D75308A00AF4D9F /* oliveapp_step_hint_headup.mp3 in Resources */ = {isa = PBXBuildFile; fileRef = 3D798BC31D75308A00AF4D9F /* oliveapp_step_hint_headup.mp3 */; };
		3D798BE01D75308A00AF4D9F /* oliveapp_step_hint_mouthopen.mp3 in Resources */ = {isa = PBXBuildFile; fileRef = 3D798BC41D75308A00AF4D9F /* oliveapp_step_hint_mouthopen.mp3 */; };
		3D798BE11D75308A00AF4D9F /* oliveapp_step_hint_nextaction.mp3 in Resources */ = {isa = PBXBuildFile; fileRef = 3D798BC51D75308A00AF4D9F /* oliveapp_step_hint_nextaction.mp3 */; };
		3D798BE21D75308A00AF4D9F /* oliveapp_step_hint_timeout.mp3 in Resources */ = {isa = PBXBuildFile; fileRef = 3D798BC61D75308A00AF4D9F /* oliveapp_step_hint_timeout.mp3 */; };
		3D798BE31D75308A00AF4D9F /* oliveapp_step_hint_verificationfail.mp3 in Resources */ = {isa = PBXBuildFile; fileRef = 3D798BC71D75308A00AF4D9F /* oliveapp_step_hint_verificationfail.mp3 */; };
		3D798BE41D75308A00AF4D9F /* oliveapp_step_hint_verificationpass.mp3 in Resources */ = {isa = PBXBuildFile; fileRef = 3D798BC81D75308A00AF4D9F /* oliveapp_step_hint_verificationpass.mp3 */; };
		3DEE5FE11D5DD6DF0034B75D /* AlipaySDK.bundle in Resources */ = {isa = PBXBuildFile; fileRef = 3DEE5F511D5DD6DF0034B75D /* AlipaySDK.bundle */; };
		3DEE5FE21D5DD6DF0034B75D /* AlipaySDK.framework in Frameworks */ = {isa = PBXBuildFile; fileRef = 3DEE5F521D5DD6DF0034B75D /* AlipaySDK.framework */; };
		3DEE60651D5DD6E00034B75D /* libWeChatSDK.a in Frameworks */ = {isa = PBXBuildFile; fileRef = 3DEE5FDB1D5DD6DF0034B75D /* libWeChatSDK.a */; };
		3DEE60DC1D5DD9860034B75D /* AssetsLibrary.framework in Frameworks */ = {isa = PBXBuildFile; fileRef = 3DEE60DB1D5DD9860034B75D /* AssetsLibrary.framework */; };
		F936AD201D616DB500CB9810 /* FaceDetectViewController.m in Sources */ = {isa = PBXBuildFile; fileRef = F936AD1F1D616DB500CB9810 /* FaceDetectViewController.m */; };
/* End PBXBuildFile section */

/* Begin PBXFileReference section */
		3D06CF8C1DDEAF6100323402 /* libPaymaxAli.a */ = {isa = PBXFileReference; lastKnownFileType = archive.ar; path = libPaymaxAli.a; sourceTree = "<group>"; };
		3D06CF8E1DDEAF7D00323402 /* libPaymaxSDK.a */ = {isa = PBXFileReference; lastKnownFileType = archive.ar; path = libPaymaxSDK.a; sourceTree = "<group>"; };
		3D06CF901DDEAFA200323402 /* libPaymaxLkl.a */ = {isa = PBXFileReference; lastKnownFileType = archive.ar; path = libPaymaxLkl.a; sourceTree = "<group>"; };
		3D06CF921DDEAFC200323402 /* libPaymaxWx.a */ = {isa = PBXFileReference; lastKnownFileType = archive.ar; path = libPaymaxWx.a; sourceTree = "<group>"; };
		3D06CF941DDEB45400323402 /* PaymaxResult.h */ = {isa = PBXFileReference; fileEncoding = 4; lastKnownFileType = sourcecode.c.h; path = PaymaxResult.h; sourceTree = "<group>"; };
		3D517CE41CEEE5E70084E6AD /* PaymaxDemo.app */ = {isa = PBXFileReference; explicitFileType = wrapper.application; includeInIndex = 0; path = PaymaxDemo.app; sourceTree = BUILT_PRODUCTS_DIR; };
		3D517CE81CEEE5E70084E6AD /* main.m */ = {isa = PBXFileReference; lastKnownFileType = sourcecode.c.objc; path = main.m; sourceTree = "<group>"; };
		3D517CEA1CEEE5E70084E6AD /* AppDelegate.h */ = {isa = PBXFileReference; lastKnownFileType = sourcecode.c.h; path = AppDelegate.h; sourceTree = "<group>"; };
		3D517CEB1CEEE5E70084E6AD /* AppDelegate.m */ = {isa = PBXFileReference; lastKnownFileType = sourcecode.c.objc; path = AppDelegate.m; sourceTree = "<group>"; };
		3D517CF61CEEE5E70084E6AD /* Base */ = {isa = PBXFileReference; lastKnownFileType = file.storyboard; name = Base; path = Base.lproj/LaunchScreen.storyboard; sourceTree = "<group>"; };
		3D517CFE1CEEE6310084E6AD /* ViewController.h */ = {isa = PBXFileReference; fileEncoding = 4; lastKnownFileType = sourcecode.c.h; path = ViewController.h; sourceTree = "<group>"; };
		3D517CFF1CEEE6310084E6AD /* ViewController.m */ = {isa = PBXFileReference; fileEncoding = 4; lastKnownFileType = sourcecode.c.objc; path = ViewController.m; sourceTree = "<group>"; };
		3D517D001CEEE6310084E6AD /* Main.storyboard */ = {isa = PBXFileReference; fileEncoding = 4; lastKnownFileType = file.storyboard; path = Main.storyboard; sourceTree = "<group>"; };
		3D517D011CEEE6310084E6AD /* Assets.xcassets */ = {isa = PBXFileReference; lastKnownFileType = folder.assetcatalog; path = Assets.xcassets; sourceTree = "<group>"; };
		3D517D021CEEE6310084E6AD /* Info.plist */ = {isa = PBXFileReference; fileEncoding = 4; lastKnownFileType = text.plist.xml; path = Info.plist; sourceTree = "<group>"; };
		3D517E1B1CEEE73A0084E6AD /* CFNetwork.framework */ = {isa = PBXFileReference; lastKnownFileType = wrapper.framework; name = CFNetwork.framework; path = System/Library/Frameworks/CFNetwork.framework; sourceTree = SDKROOT; };
		3D517E1D1CEEE7460084E6AD /* SystemConfiguration.framework */ = {isa = PBXFileReference; lastKnownFileType = wrapper.framework; name = SystemConfiguration.framework; path = System/Library/Frameworks/SystemConfiguration.framework; sourceTree = SDKROOT; };
		3D517E1F1CEEE7500084E6AD /* Security.framework */ = {isa = PBXFileReference; lastKnownFileType = wrapper.framework; name = Security.framework; path = System/Library/Frameworks/Security.framework; sourceTree = SDKROOT; };
		3D517E211CEEE75B0084E6AD /* libc++.tbd */ = {isa = PBXFileReference; lastKnownFileType = "sourcecode.text-based-dylib-definition"; name = "libc++.tbd"; path = "usr/lib/libc++.tbd"; sourceTree = SDKROOT; };
		3D517E231CEEE7690084E6AD /* libz.tbd */ = {isa = PBXFileReference; lastKnownFileType = "sourcecode.text-based-dylib-definition"; name = libz.tbd; path = usr/lib/libz.tbd; sourceTree = SDKROOT; };
		3D517E251CEEE7750084E6AD /* libsqlite3.tbd */ = {isa = PBXFileReference; lastKnownFileType = "sourcecode.text-based-dylib-definition"; name = libsqlite3.tbd; path = usr/lib/libsqlite3.tbd; sourceTree = SDKROOT; };
		3D517E271CEEE7890084E6AD /* CoreTelephony.framework */ = {isa = PBXFileReference; lastKnownFileType = wrapper.framework; name = CoreTelephony.framework; path = System/Library/Frameworks/CoreTelephony.framework; sourceTree = SDKROOT; };
		3D607BCB1DED248A0010239C /* libLKLPaySDK.a */ = {isa = PBXFileReference; lastKnownFileType = archive.ar; path = libLKLPaySDK.a; sourceTree = "<group>"; };
		3D6895E51D6313EB00D3B48B /* Bar_导航条.png */ = {isa = PBXFileReference; lastKnownFileType = image.png; path = "Bar_导航条.png"; sourceTree = "<group>"; };
		3D6895E61D6313EB00D3B48B /* Bar_导航条@2x.png */ = {isa = PBXFileReference; lastKnownFileType = image.png; path = "Bar_导航条@2x.png"; sourceTree = "<group>"; };
		3D6895E71D6313EB00D3B48B /* Bar_导航条@3x.png */ = {isa = PBXFileReference; lastKnownFileType = image.png; path = "Bar_导航条@3x.png"; sourceTree = "<group>"; };
		3D6895E81D6313EB00D3B48B /* Bar_首页底部导航条.png */ = {isa = PBXFileReference; lastKnownFileType = image.png; path = "Bar_首页底部导航条.png"; sourceTree = "<group>"; };
		3D6895E91D6313EB00D3B48B /* Bar_首页顶部导航条.png */ = {isa = PBXFileReference; lastKnownFileType = image.png; path = "Bar_首页顶部导航条.png"; sourceTree = "<group>"; };
		3D6895EA1D6313EB00D3B48B /* Bar_首页顶部导航条_选中.png */ = {isa = PBXFileReference; lastKnownFileType = image.png; path = "Bar_首页顶部导航条_选中.png"; sourceTree = "<group>"; };
		3D6895EB1D6313EB00D3B48B /* Button_80px.png */ = {isa = PBXFileReference; lastKnownFileType = image.png; path = Button_80px.png; sourceTree = "<group>"; };
		3D6895EC1D6313EB00D3B48B /* button_jb_line_s@2x.png */ = {isa = PBXFileReference; lastKnownFileType = image.png; path = "button_jb_line_s@2x.png"; sourceTree = "<group>"; };
		3D6895ED1D6313EB00D3B48B /* button_jb_line_s@3x.png */ = {isa = PBXFileReference; lastKnownFileType = image.png; path = "button_jb_line_s@3x.png"; sourceTree = "<group>"; };
		3D6895EE1D6313EB00D3B48B /* Button_交易状态.png */ = {isa = PBXFileReference; lastKnownFileType = image.png; path = "Button_交易状态.png"; sourceTree = "<group>"; };
		3D6895EF1D6313EB00D3B48B /* Button_信用卡还款_Circle@2x.png */ = {isa = PBXFileReference; lastKnownFileType = image.png; path = "Button_信用卡还款_Circle@2x.png"; sourceTree = "<group>"; };
		3D6895F01D6313EB00D3B48B /* Button_信用卡还款_Circle@3x.png */ = {isa = PBXFileReference; lastKnownFileType = image.png; path = "Button_信用卡还款_Circle@3x.png"; sourceTree = "<group>"; };
		3D6895F11D6313EB00D3B48B /* Button_充值_Circle@2x.png */ = {isa = PBXFileReference; lastKnownFileType = image.png; path = "Button_充值_Circle@2x.png"; sourceTree = "<group>"; };
		3D6895F21D6313EB00D3B48B /* Button_充值_line@2x.png */ = {isa = PBXFileReference; lastKnownFileType = image.png; path = "Button_充值_line@2x.png"; sourceTree = "<group>"; };
		3D6895F31D6313EB00D3B48B /* Button_充值_line_white@2x.png */ = {isa = PBXFileReference; lastKnownFileType = image.png; path = "Button_充值_line_white@2x.png"; sourceTree = "<group>"; };
		3D6895F41D6313EB00D3B48B /* Button_充值_solid@2x.png */ = {isa = PBXFileReference; lastKnownFileType = image.png; path = "Button_充值_solid@2x.png"; sourceTree = "<group>"; };
		3D6895F51D6313EB00D3B48B /* Button_关于_line_32px@2x.png */ = {isa = PBXFileReference; lastKnownFileType = image.png; path = "Button_关于_line_32px@2x.png"; sourceTree = "<group>"; };
		3D6895F61D6313EB00D3B48B /* Button_删除_line_32px@2x.png */ = {isa = PBXFileReference; lastKnownFileType = image.png; path = "Button_删除_line_32px@2x.png"; sourceTree = "<group>"; };
		3D6895F71D6313EB00D3B48B /* Button_卡_line_32px@2x.png */ = {isa = PBXFileReference; lastKnownFileType = image.png; path = "Button_卡_line_32px@2x.png"; sourceTree = "<group>"; };
		3D6895F81D6313EB00D3B48B /* Button_头像_110px@2x.png */ = {isa = PBXFileReference; lastKnownFileType = image.png; path = "Button_头像_110px@2x.png"; sourceTree = "<group>"; };
		3D6895F91D6313EB00D3B48B /* Button_头像_80px@2x.png */ = {isa = PBXFileReference; lastKnownFileType = image.png; path = "Button_头像_80px@2x.png"; sourceTree = "<group>"; };
		3D6895FA1D6313EB00D3B48B /* Button_实名_Circle@2x.png */ = {isa = PBXFileReference; lastKnownFileType = image.png; path = "Button_实名_Circle@2x.png"; sourceTree = "<group>"; };
		3D6895FB1D6313EB00D3B48B /* Button_密码_line_32px@2x.png */ = {isa = PBXFileReference; lastKnownFileType = image.png; path = "Button_密码_line_32px@2x.png"; sourceTree = "<group>"; };
		3D6895FC1D6313EB00D3B48B /* Button_帮付宝_line@2x.png */ = {isa = PBXFileReference; lastKnownFileType = image.png; path = "Button_帮付宝_line@2x.png"; sourceTree = "<group>"; };
		3D6895FD1D6313EB00D3B48B /* Button_帮付宝_solid@2x.png */ = {isa = PBXFileReference; lastKnownFileType = image.png; path = "Button_帮付宝_solid@2x.png"; sourceTree = "<group>"; };
		3D6895FE1D6313EB00D3B48B /* Button_待办_Circle@2x.png */ = {isa = PBXFileReference; lastKnownFileType = image.png; path = "Button_待办_Circle@2x.png"; sourceTree = "<group>"; };
		3D6895FF1D6313EB00D3B48B /* Button_待办_line@2x.png */ = {isa = PBXFileReference; lastKnownFileType = image.png; path = "Button_待办_line@2x.png"; sourceTree = "<group>"; };
		3D6896001D6313EB00D3B48B /* Button_待办_solid@2x.png */ = {isa = PBXFileReference; lastKnownFileType = image.png; path = "Button_待办_solid@2x.png"; sourceTree = "<group>"; };
		3D6896011D6313EB00D3B48B /* Button_手机_line_32px@2x.png */ = {isa = PBXFileReference; lastKnownFileType = image.png; path = "Button_手机_line_32px@2x.png"; sourceTree = "<group>"; };
		3D6896021D6313EB00D3B48B /* Button_手机充值_Circle@2x.png */ = {isa = PBXFileReference; lastKnownFileType = image.png; path = "Button_手机充值_Circle@2x.png"; sourceTree = "<group>"; };
		3D6896031D6313EB00D3B48B /* Button_手机充值_Circle@3x.png */ = {isa = PBXFileReference; lastKnownFileType = image.png; path = "Button_手机充值_Circle@3x.png"; sourceTree = "<group>"; };
		3D6896041D6313EB00D3B48B /* Button_扫码支付_Circle@2x.png */ = {isa = PBXFileReference; lastKnownFileType = image.png; path = "Button_扫码支付_Circle@2x.png"; sourceTree = "<group>"; };
		3D6896051D6313EB00D3B48B /* Button_扫码支付_Circle@3x.png */ = {isa = PBXFileReference; lastKnownFileType = image.png; path = "Button_扫码支付_Circle@3x.png"; sourceTree = "<group>"; };
		3D6896061D6313EB00D3B48B /* Button_扫码登陆_Circle@2x.png */ = {isa = PBXFileReference; lastKnownFileType = image.png; path = "Button_扫码登陆_Circle@2x.png"; sourceTree = "<group>"; };
		3D6896071D6313EB00D3B48B /* Button_扫码登陆_Circle@3x.png */ = {isa = PBXFileReference; lastKnownFileType = image.png; path = "Button_扫码登陆_Circle@3x.png"; sourceTree = "<group>"; };
		3D6896081D6313EB00D3B48B /* Button_提现_Circle@2x.png */ = {isa = PBXFileReference; lastKnownFileType = image.png; path = "Button_提现_Circle@2x.png"; sourceTree = "<group>"; };
		3D6896091D6313EB00D3B48B /* Button_提现_line@2x.png */ = {isa = PBXFileReference; lastKnownFileType = image.png; path = "Button_提现_line@2x.png"; sourceTree = "<group>"; };
		3D68960A1D6313EB00D3B48B /* Button_提现_line_white@2x.png */ = {isa = PBXFileReference; lastKnownFileType = image.png; path = "Button_提现_line_white@2x.png"; sourceTree = "<group>"; };
		3D68960B1D6313EB00D3B48B /* Button_提现_solid@2x.png */ = {isa = PBXFileReference; lastKnownFileType = image.png; path = "Button_提现_solid@2x.png"; sourceTree = "<group>"; };
		3D68960C1D6313EB00D3B48B /* Button_收付款扫码_Circle@2x.png */ = {isa = PBXFileReference; lastKnownFileType = image.png; path = "Button_收付款扫码_Circle@2x.png"; sourceTree = "<group>"; };
		3D68960D1D6313EB00D3B48B /* Button_收付款扫码_Circle@3x.png */ = {isa = PBXFileReference; lastKnownFileType = image.png; path = "Button_收付款扫码_Circle@3x.png"; sourceTree = "<group>"; };
		3D68960E1D6313EB00D3B48B /* Button_流量充值_Circle@2x.png */ = {isa = PBXFileReference; lastKnownFileType = image.png; path = "Button_流量充值_Circle@2x.png"; sourceTree = "<group>"; };
		3D68960F1D6313EB00D3B48B /* Button_流量充值_Circle@3x.png */ = {isa = PBXFileReference; lastKnownFileType = image.png; path = "Button_流量充值_Circle@3x.png"; sourceTree = "<group>"; };
		3D6896101D6313EB00D3B48B /* Button_消费_line@2x.png */ = {isa = PBXFileReference; lastKnownFileType = image.png; path = "Button_消费_line@2x.png"; sourceTree = "<group>"; };
		3D6896111D6313EB00D3B48B /* Button_消费_solid@2x.png */ = {isa = PBXFileReference; lastKnownFileType = image.png; path = "Button_消费_solid@2x.png"; sourceTree = "<group>"; };
		3D6896121D6313EB00D3B48B /* Button_添加银行卡+.png */ = {isa = PBXFileReference; lastKnownFileType = image.png; path = "Button_添加银行卡+.png"; sourceTree = "<group>"; };
		3D6896131D6313EB00D3B48B /* Button_添加银行卡.png */ = {isa = PBXFileReference; lastKnownFileType = image.png; path = "Button_添加银行卡.png"; sourceTree = "<group>"; };
		3D6896141D6313EB00D3B48B /* Button_理财推荐_Circle@2x.png */ = {isa = PBXFileReference; lastKnownFileType = image.png; path = "Button_理财推荐_Circle@2x.png"; sourceTree = "<group>"; };
		3D6896151D6313EB00D3B48B /* Button_理财推荐_Circle@3x.png */ = {isa = PBXFileReference; lastKnownFileType = image.png; path = "Button_理财推荐_Circle@3x.png"; sourceTree = "<group>"; };
		3D6896161D6313EB00D3B48B /* Button_确认_line@2x.png */ = {isa = PBXFileReference; lastKnownFileType = image.png; path = "Button_确认_line@2x.png"; sourceTree = "<group>"; };
		3D6896171D6313EB00D3B48B /* Button_确认框580px.png */ = {isa = PBXFileReference; lastKnownFileType = image.png; path = "Button_确认框580px.png"; sourceTree = "<group>"; };
		3D6896181D6313EB00D3B48B /* Button_管家_line@2x.png */ = {isa = PBXFileReference; lastKnownFileType = image.png; path = "Button_管家_line@2x.png"; sourceTree = "<group>"; };
		3D6896191D6313EB00D3B48B /* Button_管家_solid@2x.png */ = {isa = PBXFileReference; lastKnownFileType = image.png; path = "Button_管家_solid@2x.png"; sourceTree = "<group>"; };
		3D68961A1D6313EB00D3B48B /* Button_箭头@2x.png */ = {isa = PBXFileReference; lastKnownFileType = image.png; path = "Button_箭头@2x.png"; sourceTree = "<group>"; };
		3D68961B1D6313EB00D3B48B /* Button_设置_line@2x.png */ = {isa = PBXFileReference; lastKnownFileType = image.png; path = "Button_设置_line@2x.png"; sourceTree = "<group>"; };
		3D68961C1D6313EB00D3B48B /* Button_设置_solid@2x.png */ = {isa = PBXFileReference; lastKnownFileType = image.png; path = "Button_设置_solid@2x.png"; sourceTree = "<group>"; };
		3D68961D1D6313EB00D3B48B /* Button_账单_line@2x.png */ = {isa = PBXFileReference; lastKnownFileType = image.png; path = "Button_账单_line@2x.png"; sourceTree = "<group>"; };
		3D68961E1D6313EB00D3B48B /* Button_账单_solid@2x.png */ = {isa = PBXFileReference; lastKnownFileType = image.png; path = "Button_账单_solid@2x.png"; sourceTree = "<group>"; };
		3D68961F1D6313EB00D3B48B /* Button_账户_line_32px@2x.png */ = {isa = PBXFileReference; lastKnownFileType = image.png; path = "Button_账户_line_32px@2x.png"; sourceTree = "<group>"; };
		3D6896201D6313EB00D3B48B /* Button_转账_Circle@2x.png */ = {isa = PBXFileReference; lastKnownFileType = image.png; path = "Button_转账_Circle@2x.png"; sourceTree = "<group>"; };
		3D6896211D6313EB00D3B48B /* Button_转账_line@2x.png */ = {isa = PBXFileReference; lastKnownFileType = image.png; path = "Button_转账_line@2x.png"; sourceTree = "<group>"; };
		3D6896221D6313EB00D3B48B /* Button_转账_line_white@2x.png */ = {isa = PBXFileReference; lastKnownFileType = image.png; path = "Button_转账_line_white@2x.png"; sourceTree = "<group>"; };
		3D6896231D6313EB00D3B48B /* Button_转账_solid@2x.png */ = {isa = PBXFileReference; lastKnownFileType = image.png; path = "Button_转账_solid@2x.png"; sourceTree = "<group>"; };
		3D6896241D6313EB00D3B48B /* Button_输入支付密码_取消@2x.png */ = {isa = PBXFileReference; lastKnownFileType = image.png; path = "Button_输入支付密码_取消@2x.png"; sourceTree = "<group>"; };
		3D6896251D6313EB00D3B48B /* Button_输入支付密码_确认@2x.png */ = {isa = PBXFileReference; lastKnownFileType = image.png; path = "Button_输入支付密码_确认@2x.png"; sourceTree = "<group>"; };
		3D6896261D6313EB00D3B48B /* Button_输入框330px.png */ = {isa = PBXFileReference; lastKnownFileType = image.png; path = "Button_输入框330px.png"; sourceTree = "<group>"; };
		3D6896271D6313EB00D3B48B /* Button_输入框580px.png */ = {isa = PBXFileReference; lastKnownFileType = image.png; path = "Button_输入框580px.png"; sourceTree = "<group>"; };
		3D6896281D6313EB00D3B48B /* Button_输入框三栏580px.png */ = {isa = PBXFileReference; lastKnownFileType = image.png; path = "Button_输入框三栏580px.png"; sourceTree = "<group>"; };
		3D6896291D6313EB00D3B48B /* Button_输入框两栏580px.png */ = {isa = PBXFileReference; lastKnownFileType = image.png; path = "Button_输入框两栏580px.png"; sourceTree = "<group>"; };
		3D68962A1D6313EB00D3B48B /* Button_输入框四栏580px.png */ = {isa = PBXFileReference; lastKnownFileType = image.png; path = "Button_输入框四栏580px.png"; sourceTree = "<group>"; };
		3D68962B1D6313EB00D3B48B /* Button_返回@2x.png */ = {isa = PBXFileReference; lastKnownFileType = image.png; path = "Button_返回@2x.png"; sourceTree = "<group>"; };
		3D68962C1D6313EB00D3B48B /* Button_通讯录_line@2x.png */ = {isa = PBXFileReference; lastKnownFileType = image.png; path = "Button_通讯录_line@2x.png"; sourceTree = "<group>"; };
		3D68962D1D6313EB00D3B48B /* Button_重发按钮_220px.png */ = {isa = PBXFileReference; lastKnownFileType = image.png; path = "Button_重发按钮_220px.png"; sourceTree = "<group>"; };
		3D68962E1D6313EB00D3B48B /* Button_重发按钮_等待220px.png */ = {isa = PBXFileReference; lastKnownFileType = image.png; path = "Button_重发按钮_等待220px.png"; sourceTree = "<group>"; };
		3D68962F1D6313EB00D3B48B /* Button_银行卡_line@2x.png */ = {isa = PBXFileReference; lastKnownFileType = image.png; path = "Button_银行卡_line@2x.png"; sourceTree = "<group>"; };
		3D6896301D6313EB00D3B48B /* Button_银行卡_Solid@2x.png */ = {isa = PBXFileReference; lastKnownFileType = image.png; path = "Button_银行卡_Solid@2x.png"; sourceTree = "<group>"; };
		3D6896311D6313EB00D3B48B /* choice2@2x.png */ = {isa = PBXFileReference; lastKnownFileType = image.png; path = "choice2@2x.png"; sourceTree = "<group>"; };
		3D6896321D6313EB00D3B48B /* choice2@3x.png */ = {isa = PBXFileReference; lastKnownFileType = image.png; path = "choice2@3x.png"; sourceTree = "<group>"; };
		3D6896331D6313EB00D3B48B /* choice_icon@2x.png */ = {isa = PBXFileReference; lastKnownFileType = image.png; path = "choice_icon@2x.png"; sourceTree = "<group>"; };
		3D6896341D6313EB00D3B48B /* choice_icon@3x.png */ = {isa = PBXFileReference; lastKnownFileType = image.png; path = "choice_icon@3x.png"; sourceTree = "<group>"; };
		3D6896351D6313EB00D3B48B /* Cover_iPhone5.png */ = {isa = PBXFileReference; lastKnownFileType = image.png; path = Cover_iPhone5.png; sourceTree = "<group>"; };
		3D6896361D6313EB00D3B48B /* Image_Cover字.png */ = {isa = PBXFileReference; lastKnownFileType = image.png; path = "Image_Cover字.png"; sourceTree = "<group>"; };
		3D6896371D6313EB00D3B48B /* Image_帮付宝首页.png */ = {isa = PBXFileReference; lastKnownFileType = image.png; path = "Image_帮付宝首页.png"; sourceTree = "<group>"; };
		3D6896381D6313EB00D3B48B /* Image_空页面.png */ = {isa = PBXFileReference; lastKnownFileType = image.png; path = "Image_空页面.png"; sourceTree = "<group>"; };
		3D6896391D6313EB00D3B48B /* Image_管家首页.png */ = {isa = PBXFileReference; lastKnownFileType = image.png; path = "Image_管家首页.png"; sourceTree = "<group>"; };
		3D68963A1D6313EB00D3B48B /* Image_账单详情半圆_右.png */ = {isa = PBXFileReference; lastKnownFileType = image.png; path = "Image_账单详情半圆_右.png"; sourceTree = "<group>"; };
		3D68963B1D6313EB00D3B48B /* Image_账单详情半圆_左.png */ = {isa = PBXFileReference; lastKnownFileType = image.png; path = "Image_账单详情半圆_左.png"; sourceTree = "<group>"; };
		3D68963C1D6313EB00D3B48B /* jt_btn@2x.png */ = {isa = PBXFileReference; lastKnownFileType = image.png; path = "jt_btn@2x.png"; sourceTree = "<group>"; };
		3D68963D1D6313EB00D3B48B /* jt_btn@3x.png */ = {isa = PBXFileReference; lastKnownFileType = image.png; path = "jt_btn@3x.png"; sourceTree = "<group>"; };
		3D68963E1D6313EB00D3B48B /* Layer_修改密码成功580px.png */ = {isa = PBXFileReference; lastKnownFileType = image.png; path = "Layer_修改密码成功580px.png"; sourceTree = "<group>"; };
		3D68963F1D6313EB00D3B48B /* Layer_输入支付密码580px@2x.png */ = {isa = PBXFileReference; lastKnownFileType = image.png; path = "Layer_输入支付密码580px@2x.png"; sourceTree = "<group>"; };
		3D6896401D6313EB00D3B48B /* Layer_银行卡类型580px.png */ = {isa = PBXFileReference; lastKnownFileType = image.png; path = "Layer_银行卡类型580px.png"; sourceTree = "<group>"; };
		3D6896411D6313EB00D3B48B /* mrlogo_btn@2x.png */ = {isa = PBXFileReference; lastKnownFileType = image.png; path = "mrlogo_btn@2x.png"; sourceTree = "<group>"; };
		3D6896421D6313EB00D3B48B /* mrlogo_btn@3x.png */ = {isa = PBXFileReference; lastKnownFileType = image.png; path = "mrlogo_btn@3x.png"; sourceTree = "<group>"; };
		3D6896431D6313EB00D3B48B /* nochoice_icon@2x.png */ = {isa = PBXFileReference; lastKnownFileType = image.png; path = "nochoice_icon@2x.png"; sourceTree = "<group>"; };
		3D6896441D6313EB00D3B48B /* nochoice_icon@3x.png */ = {isa = PBXFileReference; lastKnownFileType = image.png; path = "nochoice_icon@3x.png"; sourceTree = "<group>"; };
		3D6896451D6313EB00D3B48B /* qbye_btn@2x.png */ = {isa = PBXFileReference; lastKnownFileType = image.png; path = "qbye_btn@2x.png"; sourceTree = "<group>"; };
		3D6896461D6313EB00D3B48B /* qbye_btn@3x.png */ = {isa = PBXFileReference; lastKnownFileType = image.png; path = "qbye_btn@3x.png"; sourceTree = "<group>"; };
		3D6896471D6313EB00D3B48B /* tc_btn@2x.png */ = {isa = PBXFileReference; lastKnownFileType = image.png; path = "tc_btn@2x.png"; sourceTree = "<group>"; };
		3D6896481D6313EB00D3B48B /* tc_btn@3x.png */ = {isa = PBXFileReference; lastKnownFileType = image.png; path = "tc_btn@3x.png"; sourceTree = "<group>"; };
		3D6896491D6313EB00D3B48B /* tck_qx_icon@2x.png */ = {isa = PBXFileReference; lastKnownFileType = image.png; path = "tck_qx_icon@2x.png"; sourceTree = "<group>"; };
		3D68964A1D6313EB00D3B48B /* tck_qx_icon@3x.png */ = {isa = PBXFileReference; lastKnownFileType = image.png; path = "tck_qx_icon@3x.png"; sourceTree = "<group>"; };
		3D68964B1D6313EB00D3B48B /* tck_yeqb_icon@2x.png */ = {isa = PBXFileReference; lastKnownFileType = image.png; path = "tck_yeqb_icon@2x.png"; sourceTree = "<group>"; };
		3D68964C1D6313EB00D3B48B /* tck_yeqb_icon@3x.png */ = {isa = PBXFileReference; lastKnownFileType = image.png; path = "tck_yeqb_icon@3x.png"; sourceTree = "<group>"; };
		3D68964D1D6313EB00D3B48B /* tjyhk_icon@2x.png */ = {isa = PBXFileReference; lastKnownFileType = image.png; path = "tjyhk_icon@2x.png"; sourceTree = "<group>"; };
		3D68964E1D6313EB00D3B48B /* tjyhk_icon@3x.png */ = {isa = PBXFileReference; lastKnownFileType = image.png; path = "tjyhk_icon@3x.png"; sourceTree = "<group>"; };
		3D68964F1D6313EB00D3B48B /* unchoice@2x.png */ = {isa = PBXFileReference; lastKnownFileType = image.png; path = "unchoice@2x.png"; sourceTree = "<group>"; };
		3D6896501D6313EB00D3B48B /* unchoice@3x.png */ = {isa = PBXFileReference; lastKnownFileType = image.png; path = "unchoice@3x.png"; sourceTree = "<group>"; };
		3D6896511D6313EB00D3B48B /* 叹号@2x.png */ = {isa = PBXFileReference; lastKnownFileType = image.png; path = "叹号@2x.png"; sourceTree = "<group>"; };
		3D6896521D6313EB00D3B48B /* 叹号@3x.png */ = {isa = PBXFileReference; lastKnownFileType = image.png; path = "叹号@3x.png"; sourceTree = "<group>"; };
		3D6896531D6313EB00D3B48B /* 对勾@2x.png */ = {isa = PBXFileReference; lastKnownFileType = image.png; path = "对勾@2x.png"; sourceTree = "<group>"; };
		3D6896541D6313EB00D3B48B /* 对勾@3x.png */ = {isa = PBXFileReference; lastKnownFileType = image.png; path = "对勾@3x.png"; sourceTree = "<group>"; };
		3D6896551D6313EB00D3B48B /* 支付失败@2x.png */ = {isa = PBXFileReference; lastKnownFileType = image.png; path = "支付失败@2x.png"; sourceTree = "<group>"; };
		3D6896561D6313EB00D3B48B /* 支付失败@3x.png */ = {isa = PBXFileReference; lastKnownFileType = image.png; path = "支付失败@3x.png"; sourceTree = "<group>"; };
		3D6896571D6313EB00D3B48B /* 支付成功@2x.png */ = {isa = PBXFileReference; lastKnownFileType = image.png; path = "支付成功@2x.png"; sourceTree = "<group>"; };
		3D6896581D6313EB00D3B48B /* 支付成功@3x.png */ = {isa = PBXFileReference; lastKnownFileType = image.png; path = "支付成功@3x.png"; sourceTree = "<group>"; };
		3D6896591D6313EB00D3B48B /* 未点击@2x.png */ = {isa = PBXFileReference; lastKnownFileType = image.png; path = "未点击@2x.png"; sourceTree = "<group>"; };
		3D68965A1D6313EB00D3B48B /* 未点击@3x.png */ = {isa = PBXFileReference; lastKnownFileType = image.png; path = "未点击@3x.png"; sourceTree = "<group>"; };
		3D68965B1D6313EB00D3B48B /* 未选@2x.png */ = {isa = PBXFileReference; lastKnownFileType = image.png; path = "未选@2x.png"; sourceTree = "<group>"; };
		3D68965C1D6313EB00D3B48B /* 未选@3x.png */ = {isa = PBXFileReference; lastKnownFileType = image.png; path = "未选@3x.png"; sourceTree = "<group>"; };
		3D68965D1D6313EB00D3B48B /* 点击@2x.png */ = {isa = PBXFileReference; lastKnownFileType = image.png; path = "点击@2x.png"; sourceTree = "<group>"; };
		3D68965E1D6313EB00D3B48B /* 点击@3x.png */ = {isa = PBXFileReference; lastKnownFileType = image.png; path = "点击@3x.png"; sourceTree = "<group>"; };
		3D68965F1D6313EB00D3B48B /* 箭头@2x.png */ = {isa = PBXFileReference; lastKnownFileType = image.png; path = "箭头@2x.png"; sourceTree = "<group>"; };
		3D6896601D6313EB00D3B48B /* 箭头@3x.png */ = {isa = PBXFileReference; lastKnownFileType = image.png; path = "箭头@3x.png"; sourceTree = "<group>"; };
		3D6896611D6313EB00D3B48B /* 返回剪头@2x.png */ = {isa = PBXFileReference; lastKnownFileType = image.png; path = "返回剪头@2x.png"; sourceTree = "<group>"; };
		3D6896621D6313EB00D3B48B /* 返回剪头@3x.png */ = {isa = PBXFileReference; lastKnownFileType = image.png; path = "返回剪头@3x.png"; sourceTree = "<group>"; };
		3D798BA31D75308A00AF4D9F /* Crashlytics.framework */ = {isa = PBXFileReference; lastKnownFileType = wrapper.framework; path = Crashlytics.framework; sourceTree = "<group>"; };
		3D798BA61D75308A00AF4D9F /* OliveappOcrStatus.plist */ = {isa = PBXFileReference; fileEncoding = 4; lastKnownFileType = text.plist.xml; path = OliveappOcrStatus.plist; sourceTree = "<group>"; };
		3D798BA81D75308A00AF4D9F /* AnimationConstants.plist */ = {isa = PBXFileReference; fileEncoding = 4; lastKnownFileType = text.plist.xml; path = AnimationConstants.plist; sourceTree = "<group>"; };
		3D798BA91D75308A00AF4D9F /* AudioConstants.plist */ = {isa = PBXFileReference; fileEncoding = 4; lastKnownFileType = text.plist.xml; path = AudioConstants.plist; sourceTree = "<group>"; };
		3D798BAA1D75308A00AF4D9F /* TextConstants.plist */ = {isa = PBXFileReference; fileEncoding = 4; lastKnownFileType = text.plist.xml; path = TextConstants.plist; sourceTree = "<group>"; };
		3D798BAB1D75308A00AF4D9F /* Fabric.framework */ = {isa = PBXFileReference; lastKnownFileType = wrapper.framework; path = Fabric.framework; sourceTree = "<group>"; };
		3D798BAD1D75308A00AF4D9F /* FaceRecoSDK.h */ = {isa = PBXFileReference; fileEncoding = 4; lastKnownFileType = sourcecode.c.h; path = FaceRecoSDK.h; sourceTree = "<group>"; };
		3D798BAE1D75308A00AF4D9F /* libFaceRecoSDK.a */ = {isa = PBXFileReference; lastKnownFileType = archive.ar; path = libFaceRecoSDK.a; sourceTree = "<group>"; };
		3D798BAF1D75308A00AF4D9F /* oliveapp_combine_model.bundle */ = {isa = PBXFileReference; lastKnownFileType = "wrapper.plug-in"; path = oliveapp_combine_model.bundle; sourceTree = "<group>"; };
		3D798BB21D75308A00AF4D9F /* oliveapp_eyeclose.gif */ = {isa = PBXFileReference; lastKnownFileType = image.gif; path = oliveapp_eyeclose.gif; sourceTree = "<group>"; };
		3D798BB31D75308A00AF4D9F /* oliveapp_headleft.gif */ = {isa = PBXFileReference; lastKnownFileType = image.gif; path = oliveapp_headleft.gif; sourceTree = "<group>"; };
		3D798BB41D75308A00AF4D9F /* oliveapp_headright.gif */ = {isa = PBXFileReference; lastKnownFileType = image.gif; path = oliveapp_headright.gif; sourceTree = "<group>"; };
		3D798BB51D75308A00AF4D9F /* oliveapp_headshake.gif */ = {isa = PBXFileReference; lastKnownFileType = image.gif; path = oliveapp_headshake.gif; sourceTree = "<group>"; };
		3D798BB61D75308A00AF4D9F /* oliveapp_headup.gif */ = {isa = PBXFileReference; lastKnownFileType = image.gif; path = oliveapp_headup.gif; sourceTree = "<group>"; };
		3D798BB71D75308A00AF4D9F /* oliveapp_mouthopen.gif */ = {isa = PBXFileReference; lastKnownFileType = image.gif; path = oliveapp_mouthopen.gif; sourceTree = "<group>"; };
		3D798BB81D75308A00AF4D9F /* oliveapp_normal.gif */ = {isa = PBXFileReference; lastKnownFileType = image.gif; path = oliveapp_normal.gif; sourceTree = "<group>"; };
		3D798BBB1D75308A00AF4D9F /* oliveapp_face_skeleton_minimum2.png */ = {isa = PBXFileReference; lastKnownFileType = image.png; path = oliveapp_face_skeleton_minimum2.png; sourceTree = "<group>"; };
		3D798BBC1D75308A00AF4D9F /* oliveapp_face_with_skeleton.png */ = {isa = PBXFileReference; lastKnownFileType = image.png; path = oliveapp_face_with_skeleton.png; sourceTree = "<group>"; };
		3D798BBE1D75308A00AF4D9F /* oliveapp_step_hint_eyeclose.mp3 */ = {isa = PBXFileReference; lastKnownFileType = audio.mp3; path = oliveapp_step_hint_eyeclose.mp3; sourceTree = "<group>"; };
		3D798BBF1D75308A00AF4D9F /* oliveapp_step_hint_getready.mp3 */ = {isa = PBXFileReference; lastKnownFileType = audio.mp3; path = oliveapp_step_hint_getready.mp3; sourceTree = "<group>"; };
		3D798BC01D75308A00AF4D9F /* oliveapp_step_hint_headleft.mp3 */ = {isa = PBXFileReference; lastKnownFileType = audio.mp3; path = oliveapp_step_hint_headleft.mp3; sourceTree = "<group>"; };
		3D798BC11D75308A00AF4D9F /* oliveapp_step_hint_headright.mp3 */ = {isa = PBXFileReference; lastKnownFileType = audio.mp3; path = oliveapp_step_hint_headright.mp3; sourceTree = "<group>"; };
		3D798BC21D75308A00AF4D9F /* oliveapp_step_hint_headshake.mp3 */ = {isa = PBXFileReference; lastKnownFileType = audio.mp3; path = oliveapp_step_hint_headshake.mp3; sourceTree = "<group>"; };
		3D798BC31D75308A00AF4D9F /* oliveapp_step_hint_headup.mp3 */ = {isa = PBXFileReference; lastKnownFileType = audio.mp3; path = oliveapp_step_hint_headup.mp3; sourceTree = "<group>"; };
		3D798BC41D75308A00AF4D9F /* oliveapp_step_hint_mouthopen.mp3 */ = {isa = PBXFileReference; lastKnownFileType = audio.mp3; path = oliveapp_step_hint_mouthopen.mp3; sourceTree = "<group>"; };
		3D798BC51D75308A00AF4D9F /* oliveapp_step_hint_nextaction.mp3 */ = {isa = PBXFileReference; lastKnownFileType = audio.mp3; path = oliveapp_step_hint_nextaction.mp3; sourceTree = "<group>"; };
		3D798BC61D75308A00AF4D9F /* oliveapp_step_hint_timeout.mp3 */ = {isa = PBXFileReference; lastKnownFileType = audio.mp3; path = oliveapp_step_hint_timeout.mp3; sourceTree = "<group>"; };
		3D798BC71D75308A00AF4D9F /* oliveapp_step_hint_verificationfail.mp3 */ = {isa = PBXFileReference; lastKnownFileType = audio.mp3; path = oliveapp_step_hint_verificationfail.mp3; sourceTree = "<group>"; };
		3D798BC81D75308A00AF4D9F /* oliveapp_step_hint_verificationpass.mp3 */ = {isa = PBXFileReference; lastKnownFileType = audio.mp3; path = oliveapp_step_hint_verificationpass.mp3; sourceTree = "<group>"; };
		3DEE5ED51D5D75F50034B75D /* FaceDetectViewController.h */ = {isa = PBXFileReference; fileEncoding = 4; lastKnownFileType = sourcecode.c.h; path = FaceDetectViewController.h; sourceTree = "<group>"; };
		3DEE5F511D5DD6DF0034B75D /* AlipaySDK.bundle */ = {isa = PBXFileReference; lastKnownFileType = "wrapper.plug-in"; path = AlipaySDK.bundle; sourceTree = "<group>"; };
		3DEE5F521D5DD6DF0034B75D /* AlipaySDK.framework */ = {isa = PBXFileReference; lastKnownFileType = wrapper.framework; path = AlipaySDK.framework; sourceTree = "<group>"; };
		3DEE5FD71D5DD6DF0034B75D /* LKLPaySDK.h */ = {isa = PBXFileReference; fileEncoding = 4; lastKnownFileType = sourcecode.c.h; path = LKLPaySDK.h; sourceTree = "<group>"; };
		3DEE5FDB1D5DD6DF0034B75D /* libWeChatSDK.a */ = {isa = PBXFileReference; lastKnownFileType = archive.ar; path = libWeChatSDK.a; sourceTree = "<group>"; };
		3DEE5FDC1D5DD6DF0034B75D /* WXApi.h */ = {isa = PBXFileReference; fileEncoding = 4; lastKnownFileType = sourcecode.c.h; path = WXApi.h; sourceTree = "<group>"; };
		3DEE5FDD1D5DD6DF0034B75D /* WXApiObject.h */ = {isa = PBXFileReference; fileEncoding = 4; lastKnownFileType = sourcecode.c.h; path = WXApiObject.h; sourceTree = "<group>"; };
		3DEE5FDF1D5DD6DF0034B75D /* PaymaxSDK.h */ = {isa = PBXFileReference; fileEncoding = 4; lastKnownFileType = sourcecode.c.h; path = PaymaxSDK.h; sourceTree = "<group>"; };
		3DEE60DB1D5DD9860034B75D /* AssetsLibrary.framework */ = {isa = PBXFileReference; lastKnownFileType = wrapper.framework; name = AssetsLibrary.framework; path = System/Library/Frameworks/AssetsLibrary.framework; sourceTree = SDKROOT; };
		F936AD1F1D616DB500CB9810 /* FaceDetectViewController.m */ = {isa = PBXFileReference; fileEncoding = 4; lastKnownFileType = sourcecode.c.objc; path = FaceDetectViewController.m; sourceTree = "<group>"; };
/* End PBXFileReference section */

/* Begin PBXFrameworksBuildPhase section */
		3D517CE11CEEE5E70084E6AD /* Frameworks */ = {
			isa = PBXFrameworksBuildPhase;
			buildActionMask = 2147483647;
			files = (
				3DEE60DC1D5DD9860034B75D /* AssetsLibrary.framework in Frameworks */,
				3D607BCC1DED248A0010239C /* libLKLPaySDK.a in Frameworks */,
				3DEE60651D5DD6E00034B75D /* libWeChatSDK.a in Frameworks */,
				3D517E281CEEE7890084E6AD /* CoreTelephony.framework in Frameworks */,
				3D06CF8D1DDEAF6100323402 /* libPaymaxAli.a in Frameworks */,
				3D517E261CEEE7750084E6AD /* libsqlite3.tbd in Frameworks */,
				3D06CF8F1DDEAF7D00323402 /* libPaymaxSDK.a in Frameworks */,
				3D517E241CEEE7690084E6AD /* libz.tbd in Frameworks */,
				3D06CF931DDEAFC200323402 /* libPaymaxWx.a in Frameworks */,
				3DEE5FE21D5DD6DF0034B75D /* AlipaySDK.framework in Frameworks */,
				3D798BC91D75308A00AF4D9F /* Crashlytics.framework in Frameworks */,
				3D517E221CEEE75B0084E6AD /* libc++.tbd in Frameworks */,
				3D517E201CEEE7500084E6AD /* Security.framework in Frameworks */,
				3D06CF911DDEAFA200323402 /* libPaymaxLkl.a in Frameworks */,
				3D798BCF1D75308A00AF4D9F /* libFaceRecoSDK.a in Frameworks */,
				3D517E1E1CEEE7460084E6AD /* SystemConfiguration.framework in Frameworks */,
				3D798BCE1D75308A00AF4D9F /* Fabric.framework in Frameworks */,
				3D517E1C1CEEE73A0084E6AD /* CFNetwork.framework in Frameworks */,
			);
			runOnlyForDeploymentPostprocessing = 0;
		};
/* End PBXFrameworksBuildPhase section */

/* Begin PBXGroup section */
		3D517CDB1CEEE5E60084E6AD = {
			isa = PBXGroup;
			children = (
				3D517CE61CEEE5E70084E6AD /* PaymaxDemo */,
				3D517CE51CEEE5E70084E6AD /* Products */,
			);
			sourceTree = "<group>";
		};
		3D517CE51CEEE5E70084E6AD /* Products */ = {
			isa = PBXGroup;
			children = (
				3D517CE41CEEE5E70084E6AD /* PaymaxDemo.app */,
			);
			name = Products;
			sourceTree = "<group>";
		};
		3D517CE61CEEE5E70084E6AD /* PaymaxDemo */ = {
			isa = PBXGroup;
			children = (
				3D6899001D65899500D3B48B /* lib */,
				3D517CEA1CEEE5E70084E6AD /* AppDelegate.h */,
				3D517CEB1CEEE5E70084E6AD /* AppDelegate.m */,
				3D517CFE1CEEE6310084E6AD /* ViewController.h */,
				3D517CFF1CEEE6310084E6AD /* ViewController.m */,
				3DEE5ED51D5D75F50034B75D /* FaceDetectViewController.h */,
				F936AD1F1D616DB500CB9810 /* FaceDetectViewController.m */,
				3D517D001CEEE6310084E6AD /* Main.storyboard */,
				3D517D011CEEE6310084E6AD /* Assets.xcassets */,
				3D517D021CEEE6310084E6AD /* Info.plist */,
				3D517CF51CEEE5E70084E6AD /* LaunchScreen.storyboard */,
				3D517E291CEEE78F0084E6AD /* framework */,
				3D517CE71CEEE5E70084E6AD /* Supporting Files */,
			);
			path = PaymaxDemo;
			sourceTree = "<group>";
		};
		3D517CE71CEEE5E70084E6AD /* Supporting Files */ = {
			isa = PBXGroup;
			children = (
				3D517CE81CEEE5E70084E6AD /* main.m */,
			);
			name = "Supporting Files";
			sourceTree = "<group>";
		};
		3D517E291CEEE78F0084E6AD /* framework */ = {
			isa = PBXGroup;
			children = (
				3DEE60DB1D5DD9860034B75D /* AssetsLibrary.framework */,
				3D517E271CEEE7890084E6AD /* CoreTelephony.framework */,
				3D517E251CEEE7750084E6AD /* libsqlite3.tbd */,
				3D517E231CEEE7690084E6AD /* libz.tbd */,
				3D517E211CEEE75B0084E6AD /* libc++.tbd */,
				3D517E1F1CEEE7500084E6AD /* Security.framework */,
				3D517E1D1CEEE7460084E6AD /* SystemConfiguration.framework */,
				3D517E1B1CEEE73A0084E6AD /* CFNetwork.framework */,
			);
			name = framework;
			sourceTree = "<group>";
		};
		3D6895E41D6313EB00D3B48B /* lklimages */ = {
			isa = PBXGroup;
			children = (
				3D6895E51D6313EB00D3B48B /* Bar_导航条.png */,
				3D6895E61D6313EB00D3B48B /* Bar_导航条@2x.png */,
				3D6895E71D6313EB00D3B48B /* Bar_导航条@3x.png */,
				3D6895E81D6313EB00D3B48B /* Bar_首页底部导航条.png */,
				3D6895E91D6313EB00D3B48B /* Bar_首页顶部导航条.png */,
				3D6895EA1D6313EB00D3B48B /* Bar_首页顶部导航条_选中.png */,
				3D6895EB1D6313EB00D3B48B /* Button_80px.png */,
				3D6895EC1D6313EB00D3B48B /* button_jb_line_s@2x.png */,
				3D6895ED1D6313EB00D3B48B /* button_jb_line_s@3x.png */,
				3D6895EE1D6313EB00D3B48B /* Button_交易状态.png */,
				3D6895EF1D6313EB00D3B48B /* Button_信用卡还款_Circle@2x.png */,
				3D6895F01D6313EB00D3B48B /* Button_信用卡还款_Circle@3x.png */,
				3D6895F11D6313EB00D3B48B /* Button_充值_Circle@2x.png */,
				3D6895F21D6313EB00D3B48B /* Button_充值_line@2x.png */,
				3D6895F31D6313EB00D3B48B /* Button_充值_line_white@2x.png */,
				3D6895F41D6313EB00D3B48B /* Button_充值_solid@2x.png */,
				3D6895F51D6313EB00D3B48B /* Button_关于_line_32px@2x.png */,
				3D6895F61D6313EB00D3B48B /* Button_删除_line_32px@2x.png */,
				3D6895F71D6313EB00D3B48B /* Button_卡_line_32px@2x.png */,
				3D6895F81D6313EB00D3B48B /* Button_头像_110px@2x.png */,
				3D6895F91D6313EB00D3B48B /* Button_头像_80px@2x.png */,
				3D6895FA1D6313EB00D3B48B /* Button_实名_Circle@2x.png */,
				3D6895FB1D6313EB00D3B48B /* Button_密码_line_32px@2x.png */,
				3D6895FC1D6313EB00D3B48B /* Button_帮付宝_line@2x.png */,
				3D6895FD1D6313EB00D3B48B /* Button_帮付宝_solid@2x.png */,
				3D6895FE1D6313EB00D3B48B /* Button_待办_Circle@2x.png */,
				3D6895FF1D6313EB00D3B48B /* Button_待办_line@2x.png */,
				3D6896001D6313EB00D3B48B /* Button_待办_solid@2x.png */,
				3D6896011D6313EB00D3B48B /* Button_手机_line_32px@2x.png */,
				3D6896021D6313EB00D3B48B /* Button_手机充值_Circle@2x.png */,
				3D6896031D6313EB00D3B48B /* Button_手机充值_Circle@3x.png */,
				3D6896041D6313EB00D3B48B /* Button_扫码支付_Circle@2x.png */,
				3D6896051D6313EB00D3B48B /* Button_扫码支付_Circle@3x.png */,
				3D6896061D6313EB00D3B48B /* Button_扫码登陆_Circle@2x.png */,
				3D6896071D6313EB00D3B48B /* Button_扫码登陆_Circle@3x.png */,
				3D6896081D6313EB00D3B48B /* Button_提现_Circle@2x.png */,
				3D6896091D6313EB00D3B48B /* Button_提现_line@2x.png */,
				3D68960A1D6313EB00D3B48B /* Button_提现_line_white@2x.png */,
				3D68960B1D6313EB00D3B48B /* Button_提现_solid@2x.png */,
				3D68960C1D6313EB00D3B48B /* Button_收付款扫码_Circle@2x.png */,
				3D68960D1D6313EB00D3B48B /* Button_收付款扫码_Circle@3x.png */,
				3D68960E1D6313EB00D3B48B /* Button_流量充值_Circle@2x.png */,
				3D68960F1D6313EB00D3B48B /* Button_流量充值_Circle@3x.png */,
				3D6896101D6313EB00D3B48B /* Button_消费_line@2x.png */,
				3D6896111D6313EB00D3B48B /* Button_消费_solid@2x.png */,
				3D6896121D6313EB00D3B48B /* Button_添加银行卡+.png */,
				3D6896131D6313EB00D3B48B /* Button_添加银行卡.png */,
				3D6896141D6313EB00D3B48B /* Button_理财推荐_Circle@2x.png */,
				3D6896151D6313EB00D3B48B /* Button_理财推荐_Circle@3x.png */,
				3D6896161D6313EB00D3B48B /* Button_确认_line@2x.png */,
				3D6896171D6313EB00D3B48B /* Button_确认框580px.png */,
				3D6896181D6313EB00D3B48B /* Button_管家_line@2x.png */,
				3D6896191D6313EB00D3B48B /* Button_管家_solid@2x.png */,
				3D68961A1D6313EB00D3B48B /* Button_箭头@2x.png */,
				3D68961B1D6313EB00D3B48B /* Button_设置_line@2x.png */,
				3D68961C1D6313EB00D3B48B /* Button_设置_solid@2x.png */,
				3D68961D1D6313EB00D3B48B /* Button_账单_line@2x.png */,
				3D68961E1D6313EB00D3B48B /* Button_账单_solid@2x.png */,
				3D68961F1D6313EB00D3B48B /* Button_账户_line_32px@2x.png */,
				3D6896201D6313EB00D3B48B /* Button_转账_Circle@2x.png */,
				3D6896211D6313EB00D3B48B /* Button_转账_line@2x.png */,
				3D6896221D6313EB00D3B48B /* Button_转账_line_white@2x.png */,
				3D6896231D6313EB00D3B48B /* Button_转账_solid@2x.png */,
				3D6896241D6313EB00D3B48B /* Button_输入支付密码_取消@2x.png */,
				3D6896251D6313EB00D3B48B /* Button_输入支付密码_确认@2x.png */,
				3D6896261D6313EB00D3B48B /* Button_输入框330px.png */,
				3D6896271D6313EB00D3B48B /* Button_输入框580px.png */,
				3D6896281D6313EB00D3B48B /* Button_输入框三栏580px.png */,
				3D6896291D6313EB00D3B48B /* Button_输入框两栏580px.png */,
				3D68962A1D6313EB00D3B48B /* Button_输入框四栏580px.png */,
				3D68962B1D6313EB00D3B48B /* Button_返回@2x.png */,
				3D68962C1D6313EB00D3B48B /* Button_通讯录_line@2x.png */,
				3D68962D1D6313EB00D3B48B /* Button_重发按钮_220px.png */,
				3D68962E1D6313EB00D3B48B /* Button_重发按钮_等待220px.png */,
				3D68962F1D6313EB00D3B48B /* Button_银行卡_line@2x.png */,
				3D6896301D6313EB00D3B48B /* Button_银行卡_Solid@2x.png */,
				3D6896311D6313EB00D3B48B /* choice2@2x.png */,
				3D6896321D6313EB00D3B48B /* choice2@3x.png */,
				3D6896331D6313EB00D3B48B /* choice_icon@2x.png */,
				3D6896341D6313EB00D3B48B /* choice_icon@3x.png */,
				3D6896351D6313EB00D3B48B /* Cover_iPhone5.png */,
				3D6896361D6313EB00D3B48B /* Image_Cover字.png */,
				3D6896371D6313EB00D3B48B /* Image_帮付宝首页.png */,
				3D6896381D6313EB00D3B48B /* Image_空页面.png */,
				3D6896391D6313EB00D3B48B /* Image_管家首页.png */,
				3D68963A1D6313EB00D3B48B /* Image_账单详情半圆_右.png */,
				3D68963B1D6313EB00D3B48B /* Image_账单详情半圆_左.png */,
				3D68963C1D6313EB00D3B48B /* jt_btn@2x.png */,
				3D68963D1D6313EB00D3B48B /* jt_btn@3x.png */,
				3D68963E1D6313EB00D3B48B /* Layer_修改密码成功580px.png */,
				3D68963F1D6313EB00D3B48B /* Layer_输入支付密码580px@2x.png */,
				3D6896401D6313EB00D3B48B /* Layer_银行卡类型580px.png */,
				3D6896411D6313EB00D3B48B /* mrlogo_btn@2x.png */,
				3D6896421D6313EB00D3B48B /* mrlogo_btn@3x.png */,
				3D6896431D6313EB00D3B48B /* nochoice_icon@2x.png */,
				3D6896441D6313EB00D3B48B /* nochoice_icon@3x.png */,
				3D6896451D6313EB00D3B48B /* qbye_btn@2x.png */,
				3D6896461D6313EB00D3B48B /* qbye_btn@3x.png */,
				3D6896471D6313EB00D3B48B /* tc_btn@2x.png */,
				3D6896481D6313EB00D3B48B /* tc_btn@3x.png */,
				3D6896491D6313EB00D3B48B /* tck_qx_icon@2x.png */,
				3D68964A1D6313EB00D3B48B /* tck_qx_icon@3x.png */,
				3D68964B1D6313EB00D3B48B /* tck_yeqb_icon@2x.png */,
				3D68964C1D6313EB00D3B48B /* tck_yeqb_icon@3x.png */,
				3D68964D1D6313EB00D3B48B /* tjyhk_icon@2x.png */,
				3D68964E1D6313EB00D3B48B /* tjyhk_icon@3x.png */,
				3D68964F1D6313EB00D3B48B /* unchoice@2x.png */,
				3D6896501D6313EB00D3B48B /* unchoice@3x.png */,
				3D6896511D6313EB00D3B48B /* 叹号@2x.png */,
				3D6896521D6313EB00D3B48B /* 叹号@3x.png */,
				3D6896531D6313EB00D3B48B /* 对勾@2x.png */,
				3D6896541D6313EB00D3B48B /* 对勾@3x.png */,
				3D6896551D6313EB00D3B48B /* 支付失败@2x.png */,
				3D6896561D6313EB00D3B48B /* 支付失败@3x.png */,
				3D6896571D6313EB00D3B48B /* 支付成功@2x.png */,
				3D6896581D6313EB00D3B48B /* 支付成功@3x.png */,
				3D6896591D6313EB00D3B48B /* 未点击@2x.png */,
				3D68965A1D6313EB00D3B48B /* 未点击@3x.png */,
				3D68965B1D6313EB00D3B48B /* 未选@2x.png */,
				3D68965C1D6313EB00D3B48B /* 未选@3x.png */,
				3D68965D1D6313EB00D3B48B /* 点击@2x.png */,
				3D68965E1D6313EB00D3B48B /* 点击@3x.png */,
				3D68965F1D6313EB00D3B48B /* 箭头@2x.png */,
				3D6896601D6313EB00D3B48B /* 箭头@3x.png */,
				3D6896611D6313EB00D3B48B /* 返回剪头@2x.png */,
				3D6896621D6313EB00D3B48B /* 返回剪头@3x.png */,
			);
			path = lklimages;
			sourceTree = "<group>";
		};
		3D6899001D65899500D3B48B /* lib */ = {
			isa = PBXGroup;
			children = (
				3DEE5F4D1D5DD6DF0034B75D /* paymaxlib */,
			);
			name = lib;
			sourceTree = "<group>";
		};
		3D798BA21D75308A00AF4D9F /* FaceRecoSDK */ = {
			isa = PBXGroup;
			children = (
				3D798BA31D75308A00AF4D9F /* Crashlytics.framework */,
				3D798BA41D75308A00AF4D9F /* DataPlist */,
				3D798BAB1D75308A00AF4D9F /* Fabric.framework */,
				3D798BAC1D75308A00AF4D9F /* FaceRecoSDK */,
				3D798BB01D75308A00AF4D9F /* Resources */,
			);
			path = FaceRecoSDK;
			sourceTree = "<group>";
		};
		3D798BA41D75308A00AF4D9F /* DataPlist */ = {
			isa = PBXGroup;
			children = (
				3D798BA51D75308A00AF4D9F /* IdcardCaptor */,
				3D798BA71D75308A00AF4D9F /* LivenessDetection */,
			);
			path = DataPlist;
			sourceTree = "<group>";
		};
		3D798BA51D75308A00AF4D9F /* IdcardCaptor */ = {
			isa = PBXGroup;
			children = (
				3D798BA61D75308A00AF4D9F /* OliveappOcrStatus.plist */,
			);
			path = IdcardCaptor;
			sourceTree = "<group>";
		};
		3D798BA71D75308A00AF4D9F /* LivenessDetection */ = {
			isa = PBXGroup;
			children = (
				3D798BA81D75308A00AF4D9F /* AnimationConstants.plist */,
				3D798BA91D75308A00AF4D9F /* AudioConstants.plist */,
				3D798BAA1D75308A00AF4D9F /* TextConstants.plist */,
			);
			path = LivenessDetection;
			sourceTree = "<group>";
		};
		3D798BAC1D75308A00AF4D9F /* FaceRecoSDK */ = {
			isa = PBXGroup;
			children = (
				3D798BAD1D75308A00AF4D9F /* FaceRecoSDK.h */,
				3D798BAE1D75308A00AF4D9F /* libFaceRecoSDK.a */,
				3D798BAF1D75308A00AF4D9F /* oliveapp_combine_model.bundle */,
			);
			path = FaceRecoSDK;
			sourceTree = "<group>";
		};
		3D798BB01D75308A00AF4D9F /* Resources */ = {
			isa = PBXGroup;
			children = (
				3D798BB11D75308A00AF4D9F /* Gif */,
				3D798BB91D75308A00AF4D9F /* Image */,
				3D798BBD1D75308A00AF4D9F /* Sound */,
			);
			path = Resources;
			sourceTree = "<group>";
		};
		3D798BB11D75308A00AF4D9F /* Gif */ = {
			isa = PBXGroup;
			children = (
				3D798BB21D75308A00AF4D9F /* oliveapp_eyeclose.gif */,
				3D798BB31D75308A00AF4D9F /* oliveapp_headleft.gif */,
				3D798BB41D75308A00AF4D9F /* oliveapp_headright.gif */,
				3D798BB51D75308A00AF4D9F /* oliveapp_headshake.gif */,
				3D798BB61D75308A00AF4D9F /* oliveapp_headup.gif */,
				3D798BB71D75308A00AF4D9F /* oliveapp_mouthopen.gif */,
				3D798BB81D75308A00AF4D9F /* oliveapp_normal.gif */,
			);
			path = Gif;
			sourceTree = "<group>";
		};
		3D798BB91D75308A00AF4D9F /* Image */ = {
			isa = PBXGroup;
			children = (
				3D798BBA1D75308A00AF4D9F /* LivenessDetection */,
			);
			path = Image;
			sourceTree = "<group>";
		};
		3D798BBA1D75308A00AF4D9F /* LivenessDetection */ = {
			isa = PBXGroup;
			children = (
				3D798BBB1D75308A00AF4D9F /* oliveapp_face_skeleton_minimum2.png */,
				3D798BBC1D75308A00AF4D9F /* oliveapp_face_with_skeleton.png */,
			);
			path = LivenessDetection;
			sourceTree = "<group>";
		};
		3D798BBD1D75308A00AF4D9F /* Sound */ = {
			isa = PBXGroup;
			children = (
				3D798BBE1D75308A00AF4D9F /* oliveapp_step_hint_eyeclose.mp3 */,
				3D798BBF1D75308A00AF4D9F /* oliveapp_step_hint_getready.mp3 */,
				3D798BC01D75308A00AF4D9F /* oliveapp_step_hint_headleft.mp3 */,
				3D798BC11D75308A00AF4D9F /* oliveapp_step_hint_headright.mp3 */,
				3D798BC21D75308A00AF4D9F /* oliveapp_step_hint_headshake.mp3 */,
				3D798BC31D75308A00AF4D9F /* oliveapp_step_hint_headup.mp3 */,
				3D798BC41D75308A00AF4D9F /* oliveapp_step_hint_mouthopen.mp3 */,
				3D798BC51D75308A00AF4D9F /* oliveapp_step_hint_nextaction.mp3 */,
				3D798BC61D75308A00AF4D9F /* oliveapp_step_hint_timeout.mp3 */,
				3D798BC71D75308A00AF4D9F /* oliveapp_step_hint_verificationfail.mp3 */,
				3D798BC81D75308A00AF4D9F /* oliveapp_step_hint_verificationpass.mp3 */,
			);
			path = Sound;
			sourceTree = "<group>";
		};
		3DEE5F4D1D5DD6DF0034B75D /* paymaxlib */ = {
			isa = PBXGroup;
			children = (
				3D798BA21D75308A00AF4D9F /* FaceRecoSDK */,
				3DEE5F4F1D5DD6DF0034B75D /* Paymax+alipay */,
				3DEE5F541D5DD6DF0034B75D /* Paymax+lkl */,
				3DEE5FD81D5DD6DF0034B75D /* Paymax+wx */,
				3D06CF941DDEB45400323402 /* PaymaxResult.h */,
				3DEE5FDF1D5DD6DF0034B75D /* PaymaxSDK.h */,
				3D06CF8E1DDEAF7D00323402 /* libPaymaxSDK.a */,
			);
			path = paymaxlib;
			sourceTree = "<group>";
		};
		3DEE5F4F1D5DD6DF0034B75D /* Paymax+alipay */ = {
			isa = PBXGroup;
			children = (
				3D06CF8C1DDEAF6100323402 /* libPaymaxAli.a */,
				3DEE5F501D5DD6DF0034B75D /* Alipay */,
			);
			path = "Paymax+alipay";
			sourceTree = "<group>";
		};
		3DEE5F501D5DD6DF0034B75D /* Alipay */ = {
			isa = PBXGroup;
			children = (
				3DEE5F511D5DD6DF0034B75D /* AlipaySDK.bundle */,
				3DEE5F521D5DD6DF0034B75D /* AlipaySDK.framework */,
			);
			path = Alipay;
			sourceTree = "<group>";
		};
		3DEE5F541D5DD6DF0034B75D /* Paymax+lkl */ = {
			isa = PBXGroup;
			children = (
				3D06CF901DDEAFA200323402 /* libPaymaxLkl.a */,
				3DEE5F561D5DD6DF0034B75D /* lkl */,
			);
			path = "Paymax+lkl";
			sourceTree = "<group>";
		};
		3DEE5F561D5DD6DF0034B75D /* lkl */ = {
			isa = PBXGroup;
			children = (
				3D6895E41D6313EB00D3B48B /* lklimages */,
				3DEE5FD71D5DD6DF0034B75D /* LKLPaySDK.h */,
				3D607BCB1DED248A0010239C /* libLKLPaySDK.a */,
			);
			path = lkl;
			sourceTree = "<group>";
		};
		3DEE5FD81D5DD6DF0034B75D /* Paymax+wx */ = {
			isa = PBXGroup;
			children = (
				3D06CF921DDEAFC200323402 /* libPaymaxWx.a */,
				3DEE5FDA1D5DD6DF0034B75D /* WX */,
			);
			path = "Paymax+wx";
			sourceTree = "<group>";
		};
		3DEE5FDA1D5DD6DF0034B75D /* WX */ = {
			isa = PBXGroup;
			children = (
				3DEE5FDB1D5DD6DF0034B75D /* libWeChatSDK.a */,
				3DEE5FDC1D5DD6DF0034B75D /* WXApi.h */,
				3DEE5FDD1D5DD6DF0034B75D /* WXApiObject.h */,
			);
			path = WX;
			sourceTree = "<group>";
		};
/* End PBXGroup section */

/* Begin PBXNativeTarget section */
		3D517CE31CEEE5E70084E6AD /* PaymaxDemo */ = {
			isa = PBXNativeTarget;
			buildConfigurationList = 3D517CFB1CEEE5E70084E6AD /* Build configuration list for PBXNativeTarget "PaymaxDemo" */;
			buildPhases = (
				3D517CE01CEEE5E70084E6AD /* Sources */,
				3D517CE11CEEE5E70084E6AD /* Frameworks */,
				3D517CE21CEEE5E70084E6AD /* Resources */,
			);
			buildRules = (
			);
			dependencies = (
			);
			name = PaymaxDemo;
			productName = PaymaxDemo;
			productReference = 3D517CE41CEEE5E70084E6AD /* PaymaxDemo.app */;
			productType = "com.apple.product-type.application";
		};
/* End PBXNativeTarget section */

/* Begin PBXProject section */
		3D517CDC1CEEE5E60084E6AD /* Project object */ = {
			isa = PBXProject;
			attributes = {
				LastUpgradeCheck = 0730;
				ORGANIZATIONNAME = "顺维无限";
				TargetAttributes = {
					3D517CE31CEEE5E70084E6AD = {
						CreatedOnToolsVersion = 7.3;
						DevelopmentTeam = ARU35NS94J;
						SystemCapabilities = {
							com.apple.OMC = {
								enabled = 0;
							};
						};
					};
				};
			};
			buildConfigurationList = 3D517CDF1CEEE5E60084E6AD /* Build configuration list for PBXProject "PaymaxDemo" */;
			compatibilityVersion = "Xcode 3.2";
			developmentRegion = English;
			hasScannedForEncodings = 0;
			knownRegions = (
				en,
				Base,
			);
			mainGroup = 3D517CDB1CEEE5E60084E6AD;
			productRefGroup = 3D517CE51CEEE5E70084E6AD /* Products */;
			projectDirPath = "";
			projectRoot = "";
			targets = (
				3D517CE31CEEE5E70084E6AD /* PaymaxDemo */,
			);
		};
/* End PBXProject section */

/* Begin PBXResourcesBuildPhase section */
		3D517CE21CEEE5E70084E6AD /* Resources */ = {
			isa = PBXResourcesBuildPhase;
			buildActionMask = 2147483647;
			files = (
				3D6896BC1D6313EB00D3B48B /* Layer_修改密码成功580px.png in Resources */,
				3D798BD61D75308A00AF4D9F /* oliveapp_mouthopen.gif in Resources */,
				3D6896BD1D6313EB00D3B48B /* Layer_输入支付密码580px@2x.png in Resources */,
				3D6896651D6313EB00D3B48B /* Bar_导航条@3x.png in Resources */,
				3D68969D1D6313EB00D3B48B /* Button_账户_line_32px@2x.png in Resources */,
				3D6896D71D6313EB00D3B48B /* 未点击@2x.png in Resources */,
				3D6896911D6313EB00D3B48B /* Button_添加银行卡.png in Resources */,
				3D6896851D6313EB00D3B48B /* Button_扫码登陆_Circle@3x.png in Resources */,
				3D6896DA1D6313EB00D3B48B /* 未选@3x.png in Resources */,
				3D6896A61D6313EB00D3B48B /* Button_输入框三栏580px.png in Resources */,
				3D6896C51D6313EB00D3B48B /* tc_btn@2x.png in Resources */,
				3D6896C21D6313EB00D3B48B /* nochoice_icon@3x.png in Resources */,
				3D6896A31D6313EB00D3B48B /* Button_输入支付密码_确认@2x.png in Resources */,
				3D6896AE1D6313EB00D3B48B /* Button_银行卡_Solid@2x.png in Resources */,
				3D6896B71D6313EB00D3B48B /* Image_管家首页.png in Resources */,
				3D517D061CEEE6310084E6AD /* Info.plist in Resources */,
				3D6896B31D6313EB00D3B48B /* Cover_iPhone5.png in Resources */,
				3D68968F1D6313EB00D3B48B /* Button_消费_solid@2x.png in Resources */,
				3D798BCA1D75308A00AF4D9F /* OliveappOcrStatus.plist in Resources */,
				3D68969B1D6313EB00D3B48B /* Button_账单_line@2x.png in Resources */,
				3D68967A1D6313EB00D3B48B /* Button_帮付宝_line@2x.png in Resources */,
				3D6896B81D6313EB00D3B48B /* Image_账单详情半圆_右.png in Resources */,
				3D798BE11D75308A00AF4D9F /* oliveapp_step_hint_nextaction.mp3 in Resources */,
				3D6896731D6313EB00D3B48B /* Button_关于_line_32px@2x.png in Resources */,
				3D6896A21D6313EB00D3B48B /* Button_输入支付密码_取消@2x.png in Resources */,
				3D6896CB1D6313EB00D3B48B /* tjyhk_icon@2x.png in Resources */,
				3D6896DC1D6313EB00D3B48B /* 点击@3x.png in Resources */,
				3D6896D81D6313EB00D3B48B /* 未点击@3x.png in Resources */,
				3D6896DD1D6313EB00D3B48B /* 箭头@2x.png in Resources */,
				3D6896751D6313EB00D3B48B /* Button_卡_line_32px@2x.png in Resources */,
				3D6896D01D6313EB00D3B48B /* 叹号@3x.png in Resources */,
				3D6896921D6313EB00D3B48B /* Button_理财推荐_Circle@2x.png in Resources */,
				3D517CF71CEEE5E70084E6AD /* LaunchScreen.storyboard in Resources */,
				3D6896DB1D6313EB00D3B48B /* 点击@2x.png in Resources */,
				3D6896771D6313EB00D3B48B /* Button_头像_80px@2x.png in Resources */,
				3D6896891D6313EB00D3B48B /* Button_提现_solid@2x.png in Resources */,
				3D68967C1D6313EB00D3B48B /* Button_待办_Circle@2x.png in Resources */,
				3D68969C1D6313EB00D3B48B /* Button_账单_solid@2x.png in Resources */,
				3D798BD11D75308A00AF4D9F /* oliveapp_eyeclose.gif in Resources */,
				3D6896A91D6313EB00D3B48B /* Button_返回@2x.png in Resources */,
				3D798BD51D75308A00AF4D9F /* oliveapp_headup.gif in Resources */,
				3D6896871D6313EB00D3B48B /* Button_提现_line@2x.png in Resources */,
				3D6896A41D6313EB00D3B48B /* Button_输入框330px.png in Resources */,
				3D6896761D6313EB00D3B48B /* Button_头像_110px@2x.png in Resources */,
				3D68966E1D6313EB00D3B48B /* Button_信用卡还款_Circle@3x.png in Resources */,
				3D6896A11D6313EB00D3B48B /* Button_转账_solid@2x.png in Resources */,
				3D68968B1D6313EB00D3B48B /* Button_收付款扫码_Circle@3x.png in Resources */,
				3D798BE21D75308A00AF4D9F /* oliveapp_step_hint_timeout.mp3 in Resources */,
				3D798BCD1D75308A00AF4D9F /* TextConstants.plist in Resources */,
				3D517D051CEEE6310084E6AD /* Assets.xcassets in Resources */,
				3D6896B51D6313EB00D3B48B /* Image_帮付宝首页.png in Resources */,
				3D68967F1D6313EB00D3B48B /* Button_手机_line_32px@2x.png in Resources */,
				3D6896C71D6313EB00D3B48B /* tck_qx_icon@2x.png in Resources */,
				3D6896BE1D6313EB00D3B48B /* Layer_银行卡类型580px.png in Resources */,
				3D68966F1D6313EB00D3B48B /* Button_充值_Circle@2x.png in Resources */,
				3D798BCB1D75308A00AF4D9F /* AnimationConstants.plist in Resources */,
				3D6896861D6313EB00D3B48B /* Button_提现_Circle@2x.png in Resources */,
				3D6896971D6313EB00D3B48B /* Button_管家_solid@2x.png in Resources */,
				3D6896D61D6313EB00D3B48B /* 支付成功@3x.png in Resources */,
				3D6896661D6313EB00D3B48B /* Bar_首页底部导航条.png in Resources */,
				3D798BDC1D75308A00AF4D9F /* oliveapp_step_hint_headleft.mp3 in Resources */,
				3D6896B21D6313EB00D3B48B /* choice_icon@3x.png in Resources */,
				3D6896AB1D6313EB00D3B48B /* Button_重发按钮_220px.png in Resources */,
				3D6896B11D6313EB00D3B48B /* choice_icon@2x.png in Resources */,
				3D6896941D6313EB00D3B48B /* Button_确认_line@2x.png in Resources */,
				3D6896961D6313EB00D3B48B /* Button_管家_line@2x.png in Resources */,
				3D798BD31D75308A00AF4D9F /* oliveapp_headright.gif in Resources */,
				3D6896901D6313EB00D3B48B /* Button_添加银行卡+.png in Resources */,
				3D798BE01D75308A00AF4D9F /* oliveapp_step_hint_mouthopen.mp3 in Resources */,
				3D6896B01D6313EB00D3B48B /* choice2@3x.png in Resources */,
				3D6896691D6313EB00D3B48B /* Button_80px.png in Resources */,
				3D6896741D6313EB00D3B48B /* Button_删除_line_32px@2x.png in Resources */,
				3D517D041CEEE6310084E6AD /* Main.storyboard in Resources */,
				3D6896C31D6313EB00D3B48B /* qbye_btn@2x.png in Resources */,
				3D6896BA1D6313EB00D3B48B /* jt_btn@2x.png in Resources */,
				3D6896D21D6313EB00D3B48B /* 对勾@3x.png in Resources */,
				3D798BCC1D75308A00AF4D9F /* AudioConstants.plist in Resources */,
				3D6896AD1D6313EB00D3B48B /* Button_银行卡_line@2x.png in Resources */,
				3D798BDA1D75308A00AF4D9F /* oliveapp_step_hint_eyeclose.mp3 in Resources */,
				3D68968A1D6313EB00D3B48B /* Button_收付款扫码_Circle@2x.png in Resources */,
				3D6896701D6313EB00D3B48B /* Button_充值_line@2x.png in Resources */,
				3D6896E01D6313EB00D3B48B /* 返回剪头@3x.png in Resources */,
				3D6896DE1D6313EB00D3B48B /* 箭头@3x.png in Resources */,
				3D6896AF1D6313EB00D3B48B /* choice2@2x.png in Resources */,
				3D6896951D6313EB00D3B48B /* Button_确认框580px.png in Resources */,
				3D798BD71D75308A00AF4D9F /* oliveapp_normal.gif in Resources */,
				3D6896BF1D6313EB00D3B48B /* mrlogo_btn@2x.png in Resources */,
				3D798BD41D75308A00AF4D9F /* oliveapp_headshake.gif in Resources */,
				3D6896711D6313EB00D3B48B /* Button_充值_line_white@2x.png in Resources */,
				3D68966B1D6313EB00D3B48B /* button_jb_line_s@3x.png in Resources */,
				3D6896DF1D6313EB00D3B48B /* 返回剪头@2x.png in Resources */,
				3D6896B41D6313EB00D3B48B /* Image_Cover字.png in Resources */,
				3D6896C91D6313EB00D3B48B /* tck_yeqb_icon@2x.png in Resources */,
				3D6896C11D6313EB00D3B48B /* nochoice_icon@2x.png in Resources */,
				3D6896CE1D6313EB00D3B48B /* unchoice@3x.png in Resources */,
				3D6896B61D6313EB00D3B48B /* Image_空页面.png in Resources */,
				3D798BD91D75308A00AF4D9F /* oliveapp_face_with_skeleton.png in Resources */,
				3D798BDF1D75308A00AF4D9F /* oliveapp_step_hint_headup.mp3 in Resources */,
				3D6896A81D6313EB00D3B48B /* Button_输入框四栏580px.png in Resources */,
				3D68969F1D6313EB00D3B48B /* Button_转账_line@2x.png in Resources */,
				3D68969E1D6313EB00D3B48B /* Button_转账_Circle@2x.png in Resources */,
				3D68966C1D6313EB00D3B48B /* Button_交易状态.png in Resources */,
				3D6896D11D6313EB00D3B48B /* 对勾@2x.png in Resources */,
				3DEE5FE11D5DD6DF0034B75D /* AlipaySDK.bundle in Resources */,
				3D68968C1D6313EB00D3B48B /* Button_流量充值_Circle@2x.png in Resources */,
				3D6896A51D6313EB00D3B48B /* Button_输入框580px.png in Resources */,
				3D6896981D6313EB00D3B48B /* Button_箭头@2x.png in Resources */,
				3D6896931D6313EB00D3B48B /* Button_理财推荐_Circle@3x.png in Resources */,
				3D6896641D6313EB00D3B48B /* Bar_导航条@2x.png in Resources */,
				3D6896AC1D6313EB00D3B48B /* Button_重发按钮_等待220px.png in Resources */,
				3D6896881D6313EB00D3B48B /* Button_提现_line_white@2x.png in Resources */,
				3D6896CA1D6313EB00D3B48B /* tck_yeqb_icon@3x.png in Resources */,
				3D6896681D6313EB00D3B48B /* Bar_首页顶部导航条_选中.png in Resources */,
				3D798BD21D75308A00AF4D9F /* oliveapp_headleft.gif in Resources */,
				3D68968E1D6313EB00D3B48B /* Button_消费_line@2x.png in Resources */,
				3D798BE41D75308A00AF4D9F /* oliveapp_step_hint_verificationpass.mp3 in Resources */,
				3D6896CC1D6313EB00D3B48B /* tjyhk_icon@3x.png in Resources */,
				3D798BDE1D75308A00AF4D9F /* oliveapp_step_hint_headshake.mp3 in Resources */,
				3D798BD81D75308A00AF4D9F /* oliveapp_face_skeleton_minimum2.png in Resources */,
				3D6896C81D6313EB00D3B48B /* tck_qx_icon@3x.png in Resources */,
				3D6896AA1D6313EB00D3B48B /* Button_通讯录_line@2x.png in Resources */,
				3D6896D41D6313EB00D3B48B /* 支付失败@3x.png in Resources */,
				3D68966D1D6313EB00D3B48B /* Button_信用卡还款_Circle@2x.png in Resources */,
				3D6896CD1D6313EB00D3B48B /* unchoice@2x.png in Resources */,
				3D6896C01D6313EB00D3B48B /* mrlogo_btn@3x.png in Resources */,
				3D68968D1D6313EB00D3B48B /* Button_流量充值_Circle@3x.png in Resources */,
				3D6896791D6313EB00D3B48B /* Button_密码_line_32px@2x.png in Resources */,
				3D6896631D6313EB00D3B48B /* Bar_导航条.png in Resources */,
				3D6896A01D6313EB00D3B48B /* Button_转账_line_white@2x.png in Resources */,
				3D6896D31D6313EB00D3B48B /* 支付失败@2x.png in Resources */,
				3D798BDB1D75308A00AF4D9F /* oliveapp_step_hint_getready.mp3 in Resources */,
				3D798BD01D75308A00AF4D9F /* oliveapp_combine_model.bundle in Resources */,
				3D6896B91D6313EB00D3B48B /* Image_账单详情半圆_左.png in Resources */,
				3D6896C61D6313EB00D3B48B /* tc_btn@3x.png in Resources */,
				3D6896811D6313EB00D3B48B /* Button_手机充值_Circle@3x.png in Resources */,
				3D6896671D6313EB00D3B48B /* Bar_首页顶部导航条.png in Resources */,
				3D6896D51D6313EB00D3B48B /* 支付成功@2x.png in Resources */,
				3D6896821D6313EB00D3B48B /* Button_扫码支付_Circle@2x.png in Resources */,
				3D6896781D6313EB00D3B48B /* Button_实名_Circle@2x.png in Resources */,
				3D6896A71D6313EB00D3B48B /* Button_输入框两栏580px.png in Resources */,
				3D798BDD1D75308A00AF4D9F /* oliveapp_step_hint_headright.mp3 in Resources */,
				3D798BE31D75308A00AF4D9F /* oliveapp_step_hint_verificationfail.mp3 in Resources */,
				3D6896991D6313EB00D3B48B /* Button_设置_line@2x.png in Resources */,
				3D6896831D6313EB00D3B48B /* Button_扫码支付_Circle@3x.png in Resources */,
				3D68969A1D6313EB00D3B48B /* Button_设置_solid@2x.png in Resources */,
				3D68967D1D6313EB00D3B48B /* Button_待办_line@2x.png in Resources */,
				3D6896C41D6313EB00D3B48B /* qbye_btn@3x.png in Resources */,
				3D6896841D6313EB00D3B48B /* Button_扫码登陆_Circle@2x.png in Resources */,
				3D68967B1D6313EB00D3B48B /* Button_帮付宝_solid@2x.png in Resources */,
				3D68966A1D6313EB00D3B48B /* button_jb_line_s@2x.png in Resources */,
				3D6896CF1D6313EB00D3B48B /* 叹号@2x.png in Resources */,
				3D68967E1D6313EB00D3B48B /* Button_待办_solid@2x.png in Resources */,
				3D6896BB1D6313EB00D3B48B /* jt_btn@3x.png in Resources */,
				3D6896D91D6313EB00D3B48B /* 未选@2x.png in Resources */,
				3D6896721D6313EB00D3B48B /* Button_充值_solid@2x.png in Resources */,
				3D6896801D6313EB00D3B48B /* Button_手机充值_Circle@2x.png in Resources */,
			);
			runOnlyForDeploymentPostprocessing = 0;
		};
/* End PBXResourcesBuildPhase section */

/* Begin PBXSourcesBuildPhase section */
		3D517CE01CEEE5E70084E6AD /* Sources */ = {
			isa = PBXSourcesBuildPhase;
			buildActionMask = 2147483647;
			files = (
				3D517D031CEEE6310084E6AD /* ViewController.m in Sources */,
				3D517CEC1CEEE5E70084E6AD /* AppDelegate.m in Sources */,
				3D517CE91CEEE5E70084E6AD /* main.m in Sources */,
				F936AD201D616DB500CB9810 /* FaceDetectViewController.m in Sources */,
			);
			runOnlyForDeploymentPostprocessing = 0;
		};
/* End PBXSourcesBuildPhase section */

/* Begin PBXVariantGroup section */
		3D517CF51CEEE5E70084E6AD /* LaunchScreen.storyboard */ = {
			isa = PBXVariantGroup;
			children = (
				3D517CF61CEEE5E70084E6AD /* Base */,
			);
			name = LaunchScreen.storyboard;
			sourceTree = "<group>";
		};
/* End PBXVariantGroup section */

/* Begin XCBuildConfiguration section */
		3D517CF91CEEE5E70084E6AD /* Debug */ = {
			isa = XCBuildConfiguration;
			buildSettings = {
				ALWAYS_SEARCH_USER_PATHS = NO;
				CLANG_ANALYZER_NONNULL = YES;
				CLANG_CXX_LANGUAGE_STANDARD = "gnu++0x";
				CLANG_CXX_LIBRARY = "libc++";
				CLANG_ENABLE_MODULES = YES;
				CLANG_ENABLE_OBJC_ARC = YES;
				CLANG_WARN_BOOL_CONVERSION = YES;
				CLANG_WARN_CONSTANT_CONVERSION = YES;
				CLANG_WARN_DIRECT_OBJC_ISA_USAGE = YES_ERROR;
				CLANG_WARN_EMPTY_BODY = YES;
				CLANG_WARN_ENUM_CONVERSION = YES;
				CLANG_WARN_INT_CONVERSION = YES;
				CLANG_WARN_OBJC_ROOT_CLASS = YES_ERROR;
				CLANG_WARN_UNREACHABLE_CODE = YES;
				CLANG_WARN__DUPLICATE_METHOD_MATCH = YES;
				"CODE_SIGN_IDENTITY[sdk=iphoneos*]" = "iPhone Developer";
				COPY_PHASE_STRIP = NO;
				DEBUG_INFORMATION_FORMAT = dwarf;
				ENABLE_STRICT_OBJC_MSGSEND = YES;
				ENABLE_TESTABILITY = YES;
				FRAMEWORK_SEARCH_PATHS = "";
				GCC_C_LANGUAGE_STANDARD = gnu99;
				GCC_DYNAMIC_NO_PIC = NO;
				GCC_NO_COMMON_BLOCKS = YES;
				GCC_OPTIMIZATION_LEVEL = 0;
				GCC_PREPROCESSOR_DEFINITIONS = (
					"DEBUG=1",
					"$(inherited)",
				);
				GCC_WARN_64_TO_32_BIT_CONVERSION = YES;
				GCC_WARN_ABOUT_RETURN_TYPE = YES_ERROR;
				GCC_WARN_UNDECLARED_SELECTOR = YES;
				GCC_WARN_UNINITIALIZED_AUTOS = YES_AGGRESSIVE;
				GCC_WARN_UNUSED_FUNCTION = YES;
				GCC_WARN_UNUSED_VARIABLE = YES;
				IPHONEOS_DEPLOYMENT_TARGET = 8.1;
				LIBRARY_SEARCH_PATHS = "";
				MTL_ENABLE_DEBUG_INFO = YES;
				ONLY_ACTIVE_ARCH = YES;
				SDKROOT = iphoneos;
			};
			name = Debug;
		};
		3D517CFA1CEEE5E70084E6AD /* Release */ = {
			isa = XCBuildConfiguration;
			buildSettings = {
				ALWAYS_SEARCH_USER_PATHS = NO;
				CLANG_ANALYZER_NONNULL = YES;
				CLANG_CXX_LANGUAGE_STANDARD = "gnu++0x";
				CLANG_CXX_LIBRARY = "libc++";
				CLANG_ENABLE_MODULES = YES;
				CLANG_ENABLE_OBJC_ARC = YES;
				CLANG_WARN_BOOL_CONVERSION = YES;
				CLANG_WARN_CONSTANT_CONVERSION = YES;
				CLANG_WARN_DIRECT_OBJC_ISA_USAGE = YES_ERROR;
				CLANG_WARN_EMPTY_BODY = YES;
				CLANG_WARN_ENUM_CONVERSION = YES;
				CLANG_WARN_INT_CONVERSION = YES;
				CLANG_WARN_OBJC_ROOT_CLASS = YES_ERROR;
				CLANG_WARN_UNREACHABLE_CODE = YES;
				CLANG_WARN__DUPLICATE_METHOD_MATCH = YES;
				"CODE_SIGN_IDENTITY[sdk=iphoneos*]" = "iPhone Developer";
				COPY_PHASE_STRIP = NO;
				DEBUG_INFORMATION_FORMAT = "dwarf-with-dsym";
				ENABLE_NS_ASSERTIONS = NO;
				ENABLE_STRICT_OBJC_MSGSEND = YES;
				FRAMEWORK_SEARCH_PATHS = "";
				GCC_C_LANGUAGE_STANDARD = gnu99;
				GCC_NO_COMMON_BLOCKS = YES;
				GCC_WARN_64_TO_32_BIT_CONVERSION = YES;
				GCC_WARN_ABOUT_RETURN_TYPE = YES_ERROR;
				GCC_WARN_UNDECLARED_SELECTOR = YES;
				GCC_WARN_UNINITIALIZED_AUTOS = YES_AGGRESSIVE;
				GCC_WARN_UNUSED_FUNCTION = YES;
				GCC_WARN_UNUSED_VARIABLE = YES;
				IPHONEOS_DEPLOYMENT_TARGET = 8.1;
				LIBRARY_SEARCH_PATHS = "";
				MTL_ENABLE_DEBUG_INFO = NO;
				SDKROOT = iphoneos;
				VALIDATE_PRODUCT = YES;
			};
			name = Release;
		};
		3D517CFC1CEEE5E70084E6AD /* Debug */ = {
			isa = XCBuildConfiguration;
			buildSettings = {
				ALWAYS_SEARCH_USER_PATHS = NO;
				ASSETCATALOG_COMPILER_APPICON_NAME = AppIcon;
				CODE_SIGN_IDENTITY = "iPhone Developer";
				"CODE_SIGN_IDENTITY[sdk=iphoneos*]" = "iPhone Developer";
				ENABLE_BITCODE = NO;
				FRAMEWORK_SEARCH_PATHS = (
					"$(inherited)",
					"$(PROJECT_DIR)/PaymaxDemo/paymaxlib/Paymax+alipay/Alipay",
					"$(PROJECT_DIR)/PaymaxDemo/FaceRecoSDK",
					"$(PROJECT_DIR)/PaymaxDemo/paymaxlib/FaceRecoSDK",
				);
				INFOPLIST_FILE = PaymaxDemo/Info.plist;
				IPHONEOS_DEPLOYMENT_TARGET = 8.1;
				LD_RUNPATH_SEARCH_PATHS = "$(inherited) @executable_path/Frameworks";
				LIBRARY_SEARCH_PATHS = (
					"$(inherited)",
					"$(PROJECT_DIR)/PaymaxDemo/paymaxlib",
					"$(PROJECT_DIR)/PaymaxDemo/paymaxlib/Paymax+alipay",
					"$(PROJECT_DIR)/PaymaxDemo/paymaxlib/Paymax+lkl",
					"$(PROJECT_DIR)/PaymaxDemo/paymaxlib/Paymax+lkl/lkl",
					"$(PROJECT_DIR)/PaymaxDemo/paymaxlib/Paymax+wx",
					"$(PROJECT_DIR)/PaymaxDemo/paymaxlib/Paymax+wx/WX",
					"$(PROJECT_DIR)/PaymaxDemo/FaceRecoSDK",
					"$(PROJECT_DIR)/PaymaxDemo/FaceRecoSDK/FaceRecoSDK",
					"$(PROJECT_DIR)/PaymaxDemo/paymaxlib/FaceRecoSDK/FaceRecoSDK",
					"$(PROJECT_DIR)/PaymaxDemo/paymaxlib/Paymax+lkl/lkl/lklimages",
				);
				OTHER_LDFLAGS = "-ObjC";
				PRODUCT_BUNDLE_IDENTIFIER = "-05817633.PaymaxDemo";
				PRODUCT_NAME = "$(TARGET_NAME)";
				PROVISIONING_PROFILE = "";
			};
			name = Debug;
		};
		3D517CFD1CEEE5E70084E6AD /* Release */ = {
			isa = XCBuildConfiguration;
			buildSettings = {
				ALWAYS_SEARCH_USER_PATHS = NO;
				ASSETCATALOG_COMPILER_APPICON_NAME = AppIcon;
				CODE_SIGN_IDENTITY = "iPhone Developer";
				"CODE_SIGN_IDENTITY[sdk=iphoneos*]" = "iPhone Developer";
				ENABLE_BITCODE = NO;
				FRAMEWORK_SEARCH_PATHS = (
					"$(inherited)",
					"$(PROJECT_DIR)/PaymaxDemo/paymaxlib/Paymax+alipay/Alipay",
					"$(PROJECT_DIR)/PaymaxDemo/FaceRecoSDK",
					"$(PROJECT_DIR)/PaymaxDemo/paymaxlib/FaceRecoSDK",
				);
				INFOPLIST_FILE = PaymaxDemo/Info.plist;
				IPHONEOS_DEPLOYMENT_TARGET = 8.1;
				LD_RUNPATH_SEARCH_PATHS = "$(inherited) @executable_path/Frameworks";
				LIBRARY_SEARCH_PATHS = (
					"$(inherited)",
					"$(PROJECT_DIR)/PaymaxDemo/paymaxlib",
					"$(PROJECT_DIR)/PaymaxDemo/paymaxlib/Paymax+alipay",
					"$(PROJECT_DIR)/PaymaxDemo/paymaxlib/Paymax+lkl",
					"$(PROJECT_DIR)/PaymaxDemo/paymaxlib/Paymax+lkl/lkl",
					"$(PROJECT_DIR)/PaymaxDemo/paymaxlib/Paymax+wx",
					"$(PROJECT_DIR)/PaymaxDemo/paymaxlib/Paymax+wx/WX",
					"$(PROJECT_DIR)/PaymaxDemo/FaceRecoSDK",
					"$(PROJECT_DIR)/PaymaxDemo/FaceRecoSDK/FaceRecoSDK",
					"$(PROJECT_DIR)/PaymaxDemo/paymaxlib/FaceRecoSDK/FaceRecoSDK",
					"$(PROJECT_DIR)/PaymaxDemo/paymaxlib/Paymax+lkl/lkl/lklimages",
				);
				OTHER_LDFLAGS = "-ObjC";
				PRODUCT_BUNDLE_IDENTIFIER = "-05817633.PaymaxDemo";
				PRODUCT_NAME = "$(TARGET_NAME)";
				PROVISIONING_PROFILE = "";
			};
			name = Release;
		};
/* End XCBuildConfiguration section */

/* Begin XCConfigurationList section */
		3D517CDF1CEEE5E60084E6AD /* Build configuration list for PBXProject "PaymaxDemo" */ = {
			isa = XCConfigurationList;
			buildConfigurations = (
				3D517CF91CEEE5E70084E6AD /* Debug */,
				3D517CFA1CEEE5E70084E6AD /* Release */,
			);
			defaultConfigurationIsVisible = 0;
			defaultConfigurationName = Release;
		};
		3D517CFB1CEEE5E70084E6AD /* Build configuration list for PBXNativeTarget "PaymaxDemo" */ = {
			isa = XCConfigurationList;
			buildConfigurations = (
				3D517CFC1CEEE5E70084E6AD /* Debug */,
				3D517CFD1CEEE5E70084E6AD /* Release */,
			);
			defaultConfigurationIsVisible = 0;
			defaultConfigurationName = Release;
		};
/* End XCConfigurationList section */
	};
	rootObject = 3D517CDC1CEEE5E60084E6AD /* Project object */;
}
