// !$*UTF8*$!
{
	archiveVersion = 1;
	classes = {
	};
	objectVersion = 46;
	objects = {

/* Begin PBXBuildFile section */
		3D517CE91CEEE5E70084E6AD /* main.m in Sources */ = {isa = PBXBuildFile; fileRef = 3D517CE81CEEE5E70084E6AD /* main.m */; };
		3D517CEC1CEEE5E70084E6AD /* AppDelegate.m in Sources */ = {isa = PBXBuildFile; fileRef = 3D517CEB1CEEE5E70084E6AD /* AppDelegate.m */; };
		3D517CF71CEEE5E70084E6AD /* LaunchScreen.storyboard in Resources */ = {isa = PBXBuildFile; fileRef = 3D517CF51CEEE5E70084E6AD /* LaunchScreen.storyboard */; };
		3D517D031CEEE6310084E6AD /* ViewController.m in Sources */ = {isa = PBXBuildFile; fileRef = 3D517CFF1CEEE6310084E6AD /* ViewController.m */; };
		3D517D041CEEE6310084E6AD /* Main.storyboard in Resources */ = {isa = PBXBuildFile; fileRef = 3D517D001CEEE6310084E6AD /* Main.storyboard */; };
		3D517D051CEEE6310084E6AD /* Assets.xcassets in Resources */ = {isa = PBXBuildFile; fileRef = 3D517D011CEEE6310084E6AD /* Assets.xcassets */; };
		3D517D061CEEE6310084E6AD /* Info.plist in Resources */ = {isa = PBXBuildFile; fileRef = 3D517D021CEEE6310084E6AD /* Info.plist */; };
		3D517D971CEEE7110084E6AD /* libPaymaxSDK.a in Frameworks */ = {isa = PBXBuildFile; fileRef = 3D517D081CEEE7110084E6AD /* libPaymaxSDK.a */; };
		3D517D981CEEE7110084E6AD /* AlipaySDK.bundle in Resources */ = {isa = PBXBuildFile; fileRef = 3D517D0B1CEEE7110084E6AD /* AlipaySDK.bundle */; };
		3D517D991CEEE7110084E6AD /* AlipaySDK.framework in Frameworks */ = {isa = PBXBuildFile; fileRef = 3D517D0C1CEEE7110084E6AD /* AlipaySDK.framework */; };
		3D517D9A1CEEE7110084E6AD /* libPaymax+alipay.a in Frameworks */ = {isa = PBXBuildFile; fileRef = 3D517D0D1CEEE7110084E6AD /* libPaymax+alipay.a */; };
		3D517E191CEEE7110084E6AD /* libPaymax+wx.a in Frameworks */ = {isa = PBXBuildFile; fileRef = 3D517D911CEEE7110084E6AD /* libPaymax+wx.a */; };
		3D517E1A1CEEE7120084E6AD /* libWeChatSDK.a in Frameworks */ = {isa = PBXBuildFile; fileRef = 3D517D931CEEE7110084E6AD /* libWeChatSDK.a */; };
		3D517E1C1CEEE73A0084E6AD /* CFNetwork.framework in Frameworks */ = {isa = PBXBuildFile; fileRef = 3D517E1B1CEEE73A0084E6AD /* CFNetwork.framework */; };
		3D517E1E1CEEE7460084E6AD /* SystemConfiguration.framework in Frameworks */ = {isa = PBXBuildFile; fileRef = 3D517E1D1CEEE7460084E6AD /* SystemConfiguration.framework */; };
		3D517E201CEEE7500084E6AD /* Security.framework in Frameworks */ = {isa = PBXBuildFile; fileRef = 3D517E1F1CEEE7500084E6AD /* Security.framework */; };
		3D517E221CEEE75B0084E6AD /* libc++.tbd in Frameworks */ = {isa = PBXBuildFile; fileRef = 3D517E211CEEE75B0084E6AD /* libc++.tbd */; };
		3D517E241CEEE7690084E6AD /* libz.tbd in Frameworks */ = {isa = PBXBuildFile; fileRef = 3D517E231CEEE7690084E6AD /* libz.tbd */; };
		3D517E261CEEE7750084E6AD /* libsqlite3.tbd in Frameworks */ = {isa = PBXBuildFile; fileRef = 3D517E251CEEE7750084E6AD /* libsqlite3.tbd */; };
		3D517E281CEEE7890084E6AD /* CoreTelephony.framework in Frameworks */ = {isa = PBXBuildFile; fileRef = 3D517E271CEEE7890084E6AD /* CoreTelephony.framework */; };
		3D6D47E01CF596A900C3AF93 /* libPaymax+lkl.a in Frameworks */ = {isa = PBXBuildFile; fileRef = 3D6D47DF1CF596A900C3AF93 /* libPaymax+lkl.a */; };
		3D6D48621CF596B600C3AF93 /* Bar_导航条.png in Resources */ = {isa = PBXBuildFile; fileRef = 3D6D47E21CF596B600C3AF93 /* Bar_导航条.png */; };
		3D6D48631CF596B600C3AF93 /* Bar_导航条@2x.png in Resources */ = {isa = PBXBuildFile; fileRef = 3D6D47E31CF596B600C3AF93 /* Bar_导航条@2x.png */; };
		3D6D48641CF596B600C3AF93 /* Bar_导航条@3x.png in Resources */ = {isa = PBXBuildFile; fileRef = 3D6D47E41CF596B600C3AF93 /* Bar_导航条@3x.png */; };
		3D6D48651CF596B600C3AF93 /* Bar_首页底部导航条.png in Resources */ = {isa = PBXBuildFile; fileRef = 3D6D47E51CF596B600C3AF93 /* Bar_首页底部导航条.png */; };
		3D6D48661CF596B600C3AF93 /* Bar_首页顶部导航条.png in Resources */ = {isa = PBXBuildFile; fileRef = 3D6D47E61CF596B600C3AF93 /* Bar_首页顶部导航条.png */; };
		3D6D48671CF596B600C3AF93 /* Bar_首页顶部导航条_选中.png in Resources */ = {isa = PBXBuildFile; fileRef = 3D6D47E71CF596B600C3AF93 /* Bar_首页顶部导航条_选中.png */; };
		3D6D48681CF596B600C3AF93 /* Button_80px.png in Resources */ = {isa = PBXBuildFile; fileRef = 3D6D47E81CF596B600C3AF93 /* Button_80px.png */; };
		3D6D48691CF596B600C3AF93 /* button_jb_line_s@2x.png in Resources */ = {isa = PBXBuildFile; fileRef = 3D6D47E91CF596B600C3AF93 /* button_jb_line_s@2x.png */; };
		3D6D486A1CF596B600C3AF93 /* button_jb_line_s@3x.png in Resources */ = {isa = PBXBuildFile; fileRef = 3D6D47EA1CF596B600C3AF93 /* button_jb_line_s@3x.png */; };
		3D6D486B1CF596B600C3AF93 /* Button_交易状态.png in Resources */ = {isa = PBXBuildFile; fileRef = 3D6D47EB1CF596B600C3AF93 /* Button_交易状态.png */; };
		3D6D486C1CF596B600C3AF93 /* Button_信用卡还款_Circle@2x.png in Resources */ = {isa = PBXBuildFile; fileRef = 3D6D47EC1CF596B600C3AF93 /* Button_信用卡还款_Circle@2x.png */; };
		3D6D486D1CF596B600C3AF93 /* Button_信用卡还款_Circle@3x.png in Resources */ = {isa = PBXBuildFile; fileRef = 3D6D47ED1CF596B600C3AF93 /* Button_信用卡还款_Circle@3x.png */; };
		3D6D486E1CF596B600C3AF93 /* Button_充值_Circle@2x.png in Resources */ = {isa = PBXBuildFile; fileRef = 3D6D47EE1CF596B600C3AF93 /* Button_充值_Circle@2x.png */; };
		3D6D486F1CF596B600C3AF93 /* Button_充值_line@2x.png in Resources */ = {isa = PBXBuildFile; fileRef = 3D6D47EF1CF596B600C3AF93 /* Button_充值_line@2x.png */; };
		3D6D48701CF596B600C3AF93 /* Button_充值_line_white@2x.png in Resources */ = {isa = PBXBuildFile; fileRef = 3D6D47F01CF596B600C3AF93 /* Button_充值_line_white@2x.png */; };
		3D6D48711CF596B600C3AF93 /* Button_充值_solid@2x.png in Resources */ = {isa = PBXBuildFile; fileRef = 3D6D47F11CF596B600C3AF93 /* Button_充值_solid@2x.png */; };
		3D6D48721CF596B600C3AF93 /* Button_关于_line_32px@2x.png in Resources */ = {isa = PBXBuildFile; fileRef = 3D6D47F21CF596B600C3AF93 /* Button_关于_line_32px@2x.png */; };
		3D6D48731CF596B600C3AF93 /* Button_删除_line_32px@2x.png in Resources */ = {isa = PBXBuildFile; fileRef = 3D6D47F31CF596B600C3AF93 /* Button_删除_line_32px@2x.png */; };
		3D6D48741CF596B600C3AF93 /* Button_卡_line_32px@2x.png in Resources */ = {isa = PBXBuildFile; fileRef = 3D6D47F41CF596B600C3AF93 /* Button_卡_line_32px@2x.png */; };
		3D6D48751CF596B600C3AF93 /* Button_头像_110px@2x.png in Resources */ = {isa = PBXBuildFile; fileRef = 3D6D47F51CF596B600C3AF93 /* Button_头像_110px@2x.png */; };
		3D6D48761CF596B600C3AF93 /* Button_头像_80px@2x.png in Resources */ = {isa = PBXBuildFile; fileRef = 3D6D47F61CF596B600C3AF93 /* Button_头像_80px@2x.png */; };
		3D6D48771CF596B600C3AF93 /* Button_实名_Circle@2x.png in Resources */ = {isa = PBXBuildFile; fileRef = 3D6D47F71CF596B600C3AF93 /* Button_实名_Circle@2x.png */; };
		3D6D48781CF596B600C3AF93 /* Button_密码_line_32px@2x.png in Resources */ = {isa = PBXBuildFile; fileRef = 3D6D47F81CF596B600C3AF93 /* Button_密码_line_32px@2x.png */; };
		3D6D48791CF596B600C3AF93 /* Button_帮付宝_line@2x.png in Resources */ = {isa = PBXBuildFile; fileRef = 3D6D47F91CF596B600C3AF93 /* Button_帮付宝_line@2x.png */; };
		3D6D487A1CF596B600C3AF93 /* Button_帮付宝_solid@2x.png in Resources */ = {isa = PBXBuildFile; fileRef = 3D6D47FA1CF596B600C3AF93 /* Button_帮付宝_solid@2x.png */; };
		3D6D487B1CF596B600C3AF93 /* Button_待办_Circle@2x.png in Resources */ = {isa = PBXBuildFile; fileRef = 3D6D47FB1CF596B600C3AF93 /* Button_待办_Circle@2x.png */; };
		3D6D487C1CF596B600C3AF93 /* Button_待办_line@2x.png in Resources */ = {isa = PBXBuildFile; fileRef = 3D6D47FC1CF596B600C3AF93 /* Button_待办_line@2x.png */; };
		3D6D487D1CF596B600C3AF93 /* Button_待办_solid@2x.png in Resources */ = {isa = PBXBuildFile; fileRef = 3D6D47FD1CF596B600C3AF93 /* Button_待办_solid@2x.png */; };
		3D6D487E1CF596B600C3AF93 /* Button_手机_line_32px@2x.png in Resources */ = {isa = PBXBuildFile; fileRef = 3D6D47FE1CF596B600C3AF93 /* Button_手机_line_32px@2x.png */; };
		3D6D487F1CF596B600C3AF93 /* Button_手机充值_Circle@2x.png in Resources */ = {isa = PBXBuildFile; fileRef = 3D6D47FF1CF596B600C3AF93 /* Button_手机充值_Circle@2x.png */; };
		3D6D48801CF596B600C3AF93 /* Button_手机充值_Circle@3x.png in Resources */ = {isa = PBXBuildFile; fileRef = 3D6D48001CF596B600C3AF93 /* Button_手机充值_Circle@3x.png */; };
		3D6D48811CF596B600C3AF93 /* Button_扫码支付_Circle@2x.png in Resources */ = {isa = PBXBuildFile; fileRef = 3D6D48011CF596B600C3AF93 /* Button_扫码支付_Circle@2x.png */; };
		3D6D48821CF596B600C3AF93 /* Button_扫码支付_Circle@3x.png in Resources */ = {isa = PBXBuildFile; fileRef = 3D6D48021CF596B600C3AF93 /* Button_扫码支付_Circle@3x.png */; };
		3D6D48831CF596B600C3AF93 /* Button_扫码登陆_Circle@2x.png in Resources */ = {isa = PBXBuildFile; fileRef = 3D6D48031CF596B600C3AF93 /* Button_扫码登陆_Circle@2x.png */; };
		3D6D48841CF596B600C3AF93 /* Button_扫码登陆_Circle@3x.png in Resources */ = {isa = PBXBuildFile; fileRef = 3D6D48041CF596B600C3AF93 /* Button_扫码登陆_Circle@3x.png */; };
		3D6D48851CF596B600C3AF93 /* Button_提现_Circle@2x.png in Resources */ = {isa = PBXBuildFile; fileRef = 3D6D48051CF596B600C3AF93 /* Button_提现_Circle@2x.png */; };
		3D6D48861CF596B600C3AF93 /* Button_提现_line@2x.png in Resources */ = {isa = PBXBuildFile; fileRef = 3D6D48061CF596B600C3AF93 /* Button_提现_line@2x.png */; };
		3D6D48871CF596B600C3AF93 /* Button_提现_line_white@2x.png in Resources */ = {isa = PBXBuildFile; fileRef = 3D6D48071CF596B600C3AF93 /* Button_提现_line_white@2x.png */; };
		3D6D48881CF596B600C3AF93 /* Button_提现_solid@2x.png in Resources */ = {isa = PBXBuildFile; fileRef = 3D6D48081CF596B600C3AF93 /* Button_提现_solid@2x.png */; };
		3D6D48891CF596B600C3AF93 /* Button_收付款扫码_Circle@2x.png in Resources */ = {isa = PBXBuildFile; fileRef = 3D6D48091CF596B600C3AF93 /* Button_收付款扫码_Circle@2x.png */; };
		3D6D488A1CF596B600C3AF93 /* Button_收付款扫码_Circle@3x.png in Resources */ = {isa = PBXBuildFile; fileRef = 3D6D480A1CF596B600C3AF93 /* Button_收付款扫码_Circle@3x.png */; };
		3D6D488B1CF596B600C3AF93 /* Button_流量充值_Circle@2x.png in Resources */ = {isa = PBXBuildFile; fileRef = 3D6D480B1CF596B600C3AF93 /* Button_流量充值_Circle@2x.png */; };
		3D6D488C1CF596B600C3AF93 /* Button_流量充值_Circle@3x.png in Resources */ = {isa = PBXBuildFile; fileRef = 3D6D480C1CF596B600C3AF93 /* Button_流量充值_Circle@3x.png */; };
		3D6D488D1CF596B600C3AF93 /* Button_消费_line@2x.png in Resources */ = {isa = PBXBuildFile; fileRef = 3D6D480D1CF596B600C3AF93 /* Button_消费_line@2x.png */; };
		3D6D488E1CF596B600C3AF93 /* Button_消费_solid@2x.png in Resources */ = {isa = PBXBuildFile; fileRef = 3D6D480E1CF596B600C3AF93 /* Button_消费_solid@2x.png */; };
		3D6D488F1CF596B600C3AF93 /* Button_添加银行卡+.png in Resources */ = {isa = PBXBuildFile; fileRef = 3D6D480F1CF596B600C3AF93 /* Button_添加银行卡+.png */; };
		3D6D48901CF596B600C3AF93 /* Button_添加银行卡.png in Resources */ = {isa = PBXBuildFile; fileRef = 3D6D48101CF596B600C3AF93 /* Button_添加银行卡.png */; };
		3D6D48911CF596B600C3AF93 /* Button_理财推荐_Circle@2x.png in Resources */ = {isa = PBXBuildFile; fileRef = 3D6D48111CF596B600C3AF93 /* Button_理财推荐_Circle@2x.png */; };
		3D6D48921CF596B600C3AF93 /* Button_理财推荐_Circle@3x.png in Resources */ = {isa = PBXBuildFile; fileRef = 3D6D48121CF596B600C3AF93 /* Button_理财推荐_Circle@3x.png */; };
		3D6D48931CF596B600C3AF93 /* Button_确认_line@2x.png in Resources */ = {isa = PBXBuildFile; fileRef = 3D6D48131CF596B600C3AF93 /* Button_确认_line@2x.png */; };
		3D6D48941CF596B600C3AF93 /* Button_确认框580px.png in Resources */ = {isa = PBXBuildFile; fileRef = 3D6D48141CF596B600C3AF93 /* Button_确认框580px.png */; };
		3D6D48951CF596B600C3AF93 /* Button_管家_line@2x.png in Resources */ = {isa = PBXBuildFile; fileRef = 3D6D48151CF596B600C3AF93 /* Button_管家_line@2x.png */; };
		3D6D48961CF596B600C3AF93 /* Button_管家_solid@2x.png in Resources */ = {isa = PBXBuildFile; fileRef = 3D6D48161CF596B600C3AF93 /* Button_管家_solid@2x.png */; };
		3D6D48971CF596B600C3AF93 /* Button_箭头@2x.png in Resources */ = {isa = PBXBuildFile; fileRef = 3D6D48171CF596B600C3AF93 /* Button_箭头@2x.png */; };
		3D6D48981CF596B600C3AF93 /* Button_设置_line@2x.png in Resources */ = {isa = PBXBuildFile; fileRef = 3D6D48181CF596B600C3AF93 /* Button_设置_line@2x.png */; };
		3D6D48991CF596B600C3AF93 /* Button_设置_solid@2x.png in Resources */ = {isa = PBXBuildFile; fileRef = 3D6D48191CF596B600C3AF93 /* Button_设置_solid@2x.png */; };
		3D6D489A1CF596B600C3AF93 /* Button_账单_line@2x.png in Resources */ = {isa = PBXBuildFile; fileRef = 3D6D481A1CF596B600C3AF93 /* Button_账单_line@2x.png */; };
		3D6D489B1CF596B600C3AF93 /* Button_账单_solid@2x.png in Resources */ = {isa = PBXBuildFile; fileRef = 3D6D481B1CF596B600C3AF93 /* Button_账单_solid@2x.png */; };
		3D6D489C1CF596B600C3AF93 /* Button_账户_line_32px@2x.png in Resources */ = {isa = PBXBuildFile; fileRef = 3D6D481C1CF596B600C3AF93 /* Button_账户_line_32px@2x.png */; };
		3D6D489D1CF596B600C3AF93 /* Button_转账_Circle@2x.png in Resources */ = {isa = PBXBuildFile; fileRef = 3D6D481D1CF596B600C3AF93 /* Button_转账_Circle@2x.png */; };
		3D6D489E1CF596B600C3AF93 /* Button_转账_line@2x.png in Resources */ = {isa = PBXBuildFile; fileRef = 3D6D481E1CF596B600C3AF93 /* Button_转账_line@2x.png */; };
		3D6D489F1CF596B600C3AF93 /* Button_转账_line_white@2x.png in Resources */ = {isa = PBXBuildFile; fileRef = 3D6D481F1CF596B600C3AF93 /* Button_转账_line_white@2x.png */; };
		3D6D48A01CF596B600C3AF93 /* Button_转账_solid@2x.png in Resources */ = {isa = PBXBuildFile; fileRef = 3D6D48201CF596B600C3AF93 /* Button_转账_solid@2x.png */; };
		3D6D48A11CF596B600C3AF93 /* Button_输入支付密码_取消@2x.png in Resources */ = {isa = PBXBuildFile; fileRef = 3D6D48211CF596B600C3AF93 /* Button_输入支付密码_取消@2x.png */; };
		3D6D48A21CF596B600C3AF93 /* Button_输入支付密码_确认@2x.png in Resources */ = {isa = PBXBuildFile; fileRef = 3D6D48221CF596B600C3AF93 /* Button_输入支付密码_确认@2x.png */; };
		3D6D48A31CF596B600C3AF93 /* Button_输入框330px.png in Resources */ = {isa = PBXBuildFile; fileRef = 3D6D48231CF596B600C3AF93 /* Button_输入框330px.png */; };
		3D6D48A41CF596B600C3AF93 /* Button_输入框580px.png in Resources */ = {isa = PBXBuildFile; fileRef = 3D6D48241CF596B600C3AF93 /* Button_输入框580px.png */; };
		3D6D48A51CF596B600C3AF93 /* Button_输入框三栏580px.png in Resources */ = {isa = PBXBuildFile; fileRef = 3D6D48251CF596B600C3AF93 /* Button_输入框三栏580px.png */; };
		3D6D48A61CF596B600C3AF93 /* Button_输入框两栏580px.png in Resources */ = {isa = PBXBuildFile; fileRef = 3D6D48261CF596B600C3AF93 /* Button_输入框两栏580px.png */; };
		3D6D48A71CF596B600C3AF93 /* Button_输入框四栏580px.png in Resources */ = {isa = PBXBuildFile; fileRef = 3D6D48271CF596B600C3AF93 /* Button_输入框四栏580px.png */; };
		3D6D48A81CF596B600C3AF93 /* Button_返回@2x.png in Resources */ = {isa = PBXBuildFile; fileRef = 3D6D48281CF596B600C3AF93 /* Button_返回@2x.png */; };
		3D6D48A91CF596B600C3AF93 /* Button_通讯录_line@2x.png in Resources */ = {isa = PBXBuildFile; fileRef = 3D6D48291CF596B600C3AF93 /* Button_通讯录_line@2x.png */; };
		3D6D48AA1CF596B600C3AF93 /* Button_重发按钮_220px.png in Resources */ = {isa = PBXBuildFile; fileRef = 3D6D482A1CF596B600C3AF93 /* Button_重发按钮_220px.png */; };
		3D6D48AB1CF596B600C3AF93 /* Button_重发按钮_等待220px.png in Resources */ = {isa = PBXBuildFile; fileRef = 3D6D482B1CF596B600C3AF93 /* Button_重发按钮_等待220px.png */; };
		3D6D48AC1CF596B600C3AF93 /* Button_银行卡_line@2x.png in Resources */ = {isa = PBXBuildFile; fileRef = 3D6D482C1CF596B600C3AF93 /* Button_银行卡_line@2x.png */; };
		3D6D48AD1CF596B600C3AF93 /* Button_银行卡_Solid@2x.png in Resources */ = {isa = PBXBuildFile; fileRef = 3D6D482D1CF596B600C3AF93 /* Button_银行卡_Solid@2x.png */; };
		3D6D48AE1CF596B600C3AF93 /* choice2@2x.png in Resources */ = {isa = PBXBuildFile; fileRef = 3D6D482E1CF596B600C3AF93 /* choice2@2x.png */; };
		3D6D48AF1CF596B600C3AF93 /* choice2@3x.png in Resources */ = {isa = PBXBuildFile; fileRef = 3D6D482F1CF596B600C3AF93 /* choice2@3x.png */; };
		3D6D48B01CF596B600C3AF93 /* choice_icon@2x.png in Resources */ = {isa = PBXBuildFile; fileRef = 3D6D48301CF596B600C3AF93 /* choice_icon@2x.png */; };
		3D6D48B11CF596B600C3AF93 /* choice_icon@3x.png in Resources */ = {isa = PBXBuildFile; fileRef = 3D6D48311CF596B600C3AF93 /* choice_icon@3x.png */; };
		3D6D48B21CF596B600C3AF93 /* Cover_iPhone5.png in Resources */ = {isa = PBXBuildFile; fileRef = 3D6D48321CF596B600C3AF93 /* Cover_iPhone5.png */; };
		3D6D48B31CF596B600C3AF93 /* Image_Cover字.png in Resources */ = {isa = PBXBuildFile; fileRef = 3D6D48331CF596B600C3AF93 /* Image_Cover字.png */; };
		3D6D48B41CF596B600C3AF93 /* Image_帮付宝首页.png in Resources */ = {isa = PBXBuildFile; fileRef = 3D6D48341CF596B600C3AF93 /* Image_帮付宝首页.png */; };
		3D6D48B51CF596B600C3AF93 /* Image_空页面.png in Resources */ = {isa = PBXBuildFile; fileRef = 3D6D48351CF596B600C3AF93 /* Image_空页面.png */; };
		3D6D48B61CF596B600C3AF93 /* Image_管家首页.png in Resources */ = {isa = PBXBuildFile; fileRef = 3D6D48361CF596B600C3AF93 /* Image_管家首页.png */; };
		3D6D48B71CF596B600C3AF93 /* Image_账单详情半圆_右.png in Resources */ = {isa = PBXBuildFile; fileRef = 3D6D48371CF596B600C3AF93 /* Image_账单详情半圆_右.png */; };
		3D6D48B81CF596B600C3AF93 /* Image_账单详情半圆_左.png in Resources */ = {isa = PBXBuildFile; fileRef = 3D6D48381CF596B600C3AF93 /* Image_账单详情半圆_左.png */; };
		3D6D48B91CF596B600C3AF93 /* jt_btn@2x.png in Resources */ = {isa = PBXBuildFile; fileRef = 3D6D48391CF596B600C3AF93 /* jt_btn@2x.png */; };
		3D6D48BA1CF596B600C3AF93 /* jt_btn@3x.png in Resources */ = {isa = PBXBuildFile; fileRef = 3D6D483A1CF596B600C3AF93 /* jt_btn@3x.png */; };
		3D6D48BB1CF596B600C3AF93 /* Layer_修改密码成功580px.png in Resources */ = {isa = PBXBuildFile; fileRef = 3D6D483B1CF596B600C3AF93 /* Layer_修改密码成功580px.png */; };
		3D6D48BC1CF596B600C3AF93 /* Layer_输入支付密码580px@2x.png in Resources */ = {isa = PBXBuildFile; fileRef = 3D6D483C1CF596B600C3AF93 /* Layer_输入支付密码580px@2x.png */; };
		3D6D48BD1CF596B600C3AF93 /* Layer_银行卡类型580px.png in Resources */ = {isa = PBXBuildFile; fileRef = 3D6D483D1CF596B600C3AF93 /* Layer_银行卡类型580px.png */; };
		3D6D48BE1CF596B600C3AF93 /* mrlogo_btn@2x.png in Resources */ = {isa = PBXBuildFile; fileRef = 3D6D483E1CF596B600C3AF93 /* mrlogo_btn@2x.png */; };
		3D6D48BF1CF596B600C3AF93 /* mrlogo_btn@3x.png in Resources */ = {isa = PBXBuildFile; fileRef = 3D6D483F1CF596B600C3AF93 /* mrlogo_btn@3x.png */; };
		3D6D48C01CF596B600C3AF93 /* nochoice_icon@2x.png in Resources */ = {isa = PBXBuildFile; fileRef = 3D6D48401CF596B600C3AF93 /* nochoice_icon@2x.png */; };
		3D6D48C11CF596B600C3AF93 /* nochoice_icon@3x.png in Resources */ = {isa = PBXBuildFile; fileRef = 3D6D48411CF596B600C3AF93 /* nochoice_icon@3x.png */; };
		3D6D48C21CF596B600C3AF93 /* qbye_btn@2x.png in Resources */ = {isa = PBXBuildFile; fileRef = 3D6D48421CF596B600C3AF93 /* qbye_btn@2x.png */; };
		3D6D48C31CF596B600C3AF93 /* qbye_btn@3x.png in Resources */ = {isa = PBXBuildFile; fileRef = 3D6D48431CF596B600C3AF93 /* qbye_btn@3x.png */; };
		3D6D48C41CF596B600C3AF93 /* tc_btn@2x.png in Resources */ = {isa = PBXBuildFile; fileRef = 3D6D48441CF596B600C3AF93 /* tc_btn@2x.png */; };
		3D6D48C51CF596B600C3AF93 /* tc_btn@3x.png in Resources */ = {isa = PBXBuildFile; fileRef = 3D6D48451CF596B600C3AF93 /* tc_btn@3x.png */; };
		3D6D48C61CF596B600C3AF93 /* tck_qx_icon@2x.png in Resources */ = {isa = PBXBuildFile; fileRef = 3D6D48461CF596B600C3AF93 /* tck_qx_icon@2x.png */; };
		3D6D48C71CF596B600C3AF93 /* tck_qx_icon@3x.png in Resources */ = {isa = PBXBuildFile; fileRef = 3D6D48471CF596B600C3AF93 /* tck_qx_icon@3x.png */; };
		3D6D48C81CF596B600C3AF93 /* tck_yeqb_icon@2x.png in Resources */ = {isa = PBXBuildFile; fileRef = 3D6D48481CF596B600C3AF93 /* tck_yeqb_icon@2x.png */; };
		3D6D48C91CF596B600C3AF93 /* tck_yeqb_icon@3x.png in Resources */ = {isa = PBXBuildFile; fileRef = 3D6D48491CF596B600C3AF93 /* tck_yeqb_icon@3x.png */; };
		3D6D48CA1CF596B600C3AF93 /* tjyhk_icon@2x.png in Resources */ = {isa = PBXBuildFile; fileRef = 3D6D484A1CF596B600C3AF93 /* tjyhk_icon@2x.png */; };
		3D6D48CB1CF596B600C3AF93 /* tjyhk_icon@3x.png in Resources */ = {isa = PBXBuildFile; fileRef = 3D6D484B1CF596B600C3AF93 /* tjyhk_icon@3x.png */; };
		3D6D48CC1CF596B600C3AF93 /* unchoice@2x.png in Resources */ = {isa = PBXBuildFile; fileRef = 3D6D484C1CF596B600C3AF93 /* unchoice@2x.png */; };
		3D6D48CD1CF596B600C3AF93 /* unchoice@3x.png in Resources */ = {isa = PBXBuildFile; fileRef = 3D6D484D1CF596B600C3AF93 /* unchoice@3x.png */; };
		3D6D48CE1CF596B600C3AF93 /* 叹号@2x.png in Resources */ = {isa = PBXBuildFile; fileRef = 3D6D484E1CF596B600C3AF93 /* 叹号@2x.png */; };
		3D6D48CF1CF596B600C3AF93 /* 叹号@3x.png in Resources */ = {isa = PBXBuildFile; fileRef = 3D6D484F1CF596B600C3AF93 /* 叹号@3x.png */; };
		3D6D48D01CF596B600C3AF93 /* 对勾@2x.png in Resources */ = {isa = PBXBuildFile; fileRef = 3D6D48501CF596B600C3AF93 /* 对勾@2x.png */; };
		3D6D48D11CF596B600C3AF93 /* 对勾@3x.png in Resources */ = {isa = PBXBuildFile; fileRef = 3D6D48511CF596B600C3AF93 /* 对勾@3x.png */; };
		3D6D48D21CF596B600C3AF93 /* 支付失败@2x.png in Resources */ = {isa = PBXBuildFile; fileRef = 3D6D48521CF596B600C3AF93 /* 支付失败@2x.png */; };
		3D6D48D31CF596B600C3AF93 /* 支付失败@3x.png in Resources */ = {isa = PBXBuildFile; fileRef = 3D6D48531CF596B600C3AF93 /* 支付失败@3x.png */; };
		3D6D48D41CF596B600C3AF93 /* 支付成功@2x.png in Resources */ = {isa = PBXBuildFile; fileRef = 3D6D48541CF596B600C3AF93 /* 支付成功@2x.png */; };
		3D6D48D51CF596B600C3AF93 /* 支付成功@3x.png in Resources */ = {isa = PBXBuildFile; fileRef = 3D6D48551CF596B600C3AF93 /* 支付成功@3x.png */; };
		3D6D48D61CF596B600C3AF93 /* 未点击@2x.png in Resources */ = {isa = PBXBuildFile; fileRef = 3D6D48561CF596B600C3AF93 /* 未点击@2x.png */; };
		3D6D48D71CF596B600C3AF93 /* 未点击@3x.png in Resources */ = {isa = PBXBuildFile; fileRef = 3D6D48571CF596B600C3AF93 /* 未点击@3x.png */; };
		3D6D48D81CF596B600C3AF93 /* 未选@2x.png in Resources */ = {isa = PBXBuildFile; fileRef = 3D6D48581CF596B600C3AF93 /* 未选@2x.png */; };
		3D6D48D91CF596B600C3AF93 /* 未选@3x.png in Resources */ = {isa = PBXBuildFile; fileRef = 3D6D48591CF596B600C3AF93 /* 未选@3x.png */; };
		3D6D48DA1CF596B600C3AF93 /* 点击@2x.png in Resources */ = {isa = PBXBuildFile; fileRef = 3D6D485A1CF596B600C3AF93 /* 点击@2x.png */; };
		3D6D48DB1CF596B600C3AF93 /* 点击@3x.png in Resources */ = {isa = PBXBuildFile; fileRef = 3D6D485B1CF596B600C3AF93 /* 点击@3x.png */; };
		3D6D48DC1CF596B600C3AF93 /* 箭头@2x.png in Resources */ = {isa = PBXBuildFile; fileRef = 3D6D485C1CF596B600C3AF93 /* 箭头@2x.png */; };
		3D6D48DD1CF596B600C3AF93 /* 箭头@3x.png in Resources */ = {isa = PBXBuildFile; fileRef = 3D6D485D1CF596B600C3AF93 /* 箭头@3x.png */; };
		3D6D48DE1CF596B600C3AF93 /* 返回剪头@2x.png in Resources */ = {isa = PBXBuildFile; fileRef = 3D6D485E1CF596B600C3AF93 /* 返回剪头@2x.png */; };
		3D6D48DF1CF596B600C3AF93 /* 返回剪头@3x.png in Resources */ = {isa = PBXBuildFile; fileRef = 3D6D485F1CF596B600C3AF93 /* 返回剪头@3x.png */; };
		3D6D48E01CF596B600C3AF93 /* libLKLPaySDK.a in Frameworks */ = {isa = PBXBuildFile; fileRef = 3D6D48601CF596B600C3AF93 /* libLKLPaySDK.a */; };
/* End PBXBuildFile section */

/* Begin PBXFileReference section */
		3D517CE41CEEE5E70084E6AD /* PaymaxDemo.app */ = {isa = PBXFileReference; explicitFileType = wrapper.application; includeInIndex = 0; path = PaymaxDemo.app; sourceTree = BUILT_PRODUCTS_DIR; };
		3D517CE81CEEE5E70084E6AD /* main.m */ = {isa = PBXFileReference; lastKnownFileType = sourcecode.c.objc; path = main.m; sourceTree = "<group>"; };
		3D517CEA1CEEE5E70084E6AD /* AppDelegate.h */ = {isa = PBXFileReference; lastKnownFileType = sourcecode.c.h; path = AppDelegate.h; sourceTree = "<group>"; };
		3D517CEB1CEEE5E70084E6AD /* AppDelegate.m */ = {isa = PBXFileReference; lastKnownFileType = sourcecode.c.objc; path = AppDelegate.m; sourceTree = "<group>"; };
		3D517CF61CEEE5E70084E6AD /* Base */ = {isa = PBXFileReference; lastKnownFileType = file.storyboard; name = Base; path = Base.lproj/LaunchScreen.storyboard; sourceTree = "<group>"; };
		3D517CFE1CEEE6310084E6AD /* ViewController.h */ = {isa = PBXFileReference; fileEncoding = 4; lastKnownFileType = sourcecode.c.h; path = ViewController.h; sourceTree = "<group>"; };
		3D517CFF1CEEE6310084E6AD /* ViewController.m */ = {isa = PBXFileReference; fileEncoding = 4; lastKnownFileType = sourcecode.c.objc; path = ViewController.m; sourceTree = "<group>"; };
		3D517D001CEEE6310084E6AD /* Main.storyboard */ = {isa = PBXFileReference; fileEncoding = 4; lastKnownFileType = file.storyboard; path = Main.storyboard; sourceTree = "<group>"; };
		3D517D011CEEE6310084E6AD /* Assets.xcassets */ = {isa = PBXFileReference; lastKnownFileType = folder.assetcatalog; path = Assets.xcassets; sourceTree = "<group>"; };
		3D517D021CEEE6310084E6AD /* Info.plist */ = {isa = PBXFileReference; fileEncoding = 4; lastKnownFileType = text.plist.xml; path = Info.plist; sourceTree = "<group>"; };
		3D517D081CEEE7110084E6AD /* libPaymaxSDK.a */ = {isa = PBXFileReference; lastKnownFileType = archive.ar; path = libPaymaxSDK.a; sourceTree = "<group>"; };
		3D517D0B1CEEE7110084E6AD /* AlipaySDK.bundle */ = {isa = PBXFileReference; lastKnownFileType = "wrapper.plug-in"; path = AlipaySDK.bundle; sourceTree = "<group>"; };
		3D517D0C1CEEE7110084E6AD /* AlipaySDK.framework */ = {isa = PBXFileReference; lastKnownFileType = wrapper.framework; path = AlipaySDK.framework; sourceTree = "<group>"; };
		3D517D0D1CEEE7110084E6AD /* libPaymax+alipay.a */ = {isa = PBXFileReference; lastKnownFileType = archive.ar; path = "libPaymax+alipay.a"; sourceTree = "<group>"; };
		3D517D911CEEE7110084E6AD /* libPaymax+wx.a */ = {isa = PBXFileReference; lastKnownFileType = archive.ar; path = "libPaymax+wx.a"; sourceTree = "<group>"; };
		3D517D931CEEE7110084E6AD /* libWeChatSDK.a */ = {isa = PBXFileReference; lastKnownFileType = archive.ar; path = libWeChatSDK.a; sourceTree = "<group>"; };
		3D517D941CEEE7110084E6AD /* WXApi.h */ = {isa = PBXFileReference; fileEncoding = 4; lastKnownFileType = sourcecode.c.h; path = WXApi.h; sourceTree = "<group>"; };
		3D517D951CEEE7110084E6AD /* WXApiObject.h */ = {isa = PBXFileReference; fileEncoding = 4; lastKnownFileType = sourcecode.c.h; path = WXApiObject.h; sourceTree = "<group>"; };
		3D517D961CEEE7110084E6AD /* PaymaxSDK.h */ = {isa = PBXFileReference; fileEncoding = 4; lastKnownFileType = sourcecode.c.h; path = PaymaxSDK.h; sourceTree = "<group>"; };
		3D517E1B1CEEE73A0084E6AD /* CFNetwork.framework */ = {isa = PBXFileReference; lastKnownFileType = wrapper.framework; name = CFNetwork.framework; path = System/Library/Frameworks/CFNetwork.framework; sourceTree = SDKROOT; };
		3D517E1D1CEEE7460084E6AD /* SystemConfiguration.framework */ = {isa = PBXFileReference; lastKnownFileType = wrapper.framework; name = SystemConfiguration.framework; path = System/Library/Frameworks/SystemConfiguration.framework; sourceTree = SDKROOT; };
		3D517E1F1CEEE7500084E6AD /* Security.framework */ = {isa = PBXFileReference; lastKnownFileType = wrapper.framework; name = Security.framework; path = System/Library/Frameworks/Security.framework; sourceTree = SDKROOT; };
		3D517E211CEEE75B0084E6AD /* libc++.tbd */ = {isa = PBXFileReference; lastKnownFileType = "sourcecode.text-based-dylib-definition"; name = "libc++.tbd"; path = "usr/lib/libc++.tbd"; sourceTree = SDKROOT; };
		3D517E231CEEE7690084E6AD /* libz.tbd */ = {isa = PBXFileReference; lastKnownFileType = "sourcecode.text-based-dylib-definition"; name = libz.tbd; path = usr/lib/libz.tbd; sourceTree = SDKROOT; };
		3D517E251CEEE7750084E6AD /* libsqlite3.tbd */ = {isa = PBXFileReference; lastKnownFileType = "sourcecode.text-based-dylib-definition"; name = libsqlite3.tbd; path = usr/lib/libsqlite3.tbd; sourceTree = SDKROOT; };
		3D517E271CEEE7890084E6AD /* CoreTelephony.framework */ = {isa = PBXFileReference; lastKnownFileType = wrapper.framework; name = CoreTelephony.framework; path = System/Library/Frameworks/CoreTelephony.framework; sourceTree = SDKROOT; };
		3D6D47DF1CF596A900C3AF93 /* libPaymax+lkl.a */ = {isa = PBXFileReference; lastKnownFileType = archive.ar; path = "libPaymax+lkl.a"; sourceTree = "<group>"; };
		3D6D47E21CF596B600C3AF93 /* Bar_导航条.png */ = {isa = PBXFileReference; lastKnownFileType = image.png; path = "Bar_导航条.png"; sourceTree = "<group>"; };
		3D6D47E31CF596B600C3AF93 /* Bar_导航条@2x.png */ = {isa = PBXFileReference; lastKnownFileType = image.png; path = "Bar_导航条@2x.png"; sourceTree = "<group>"; };
		3D6D47E41CF596B600C3AF93 /* Bar_导航条@3x.png */ = {isa = PBXFileReference; lastKnownFileType = image.png; path = "Bar_导航条@3x.png"; sourceTree = "<group>"; };
		3D6D47E51CF596B600C3AF93 /* Bar_首页底部导航条.png */ = {isa = PBXFileReference; lastKnownFileType = image.png; path = "Bar_首页底部导航条.png"; sourceTree = "<group>"; };
		3D6D47E61CF596B600C3AF93 /* Bar_首页顶部导航条.png */ = {isa = PBXFileReference; lastKnownFileType = image.png; path = "Bar_首页顶部导航条.png"; sourceTree = "<group>"; };
		3D6D47E71CF596B600C3AF93 /* Bar_首页顶部导航条_选中.png */ = {isa = PBXFileReference; lastKnownFileType = image.png; path = "Bar_首页顶部导航条_选中.png"; sourceTree = "<group>"; };
		3D6D47E81CF596B600C3AF93 /* Button_80px.png */ = {isa = PBXFileReference; lastKnownFileType = image.png; path = Button_80px.png; sourceTree = "<group>"; };
		3D6D47E91CF596B600C3AF93 /* button_jb_line_s@2x.png */ = {isa = PBXFileReference; lastKnownFileType = image.png; path = "button_jb_line_s@2x.png"; sourceTree = "<group>"; };
		3D6D47EA1CF596B600C3AF93 /* button_jb_line_s@3x.png */ = {isa = PBXFileReference; lastKnownFileType = image.png; path = "button_jb_line_s@3x.png"; sourceTree = "<group>"; };
		3D6D47EB1CF596B600C3AF93 /* Button_交易状态.png */ = {isa = PBXFileReference; lastKnownFileType = image.png; path = "Button_交易状态.png"; sourceTree = "<group>"; };
		3D6D47EC1CF596B600C3AF93 /* Button_信用卡还款_Circle@2x.png */ = {isa = PBXFileReference; lastKnownFileType = image.png; path = "Button_信用卡还款_Circle@2x.png"; sourceTree = "<group>"; };
		3D6D47ED1CF596B600C3AF93 /* Button_信用卡还款_Circle@3x.png */ = {isa = PBXFileReference; lastKnownFileType = image.png; path = "Button_信用卡还款_Circle@3x.png"; sourceTree = "<group>"; };
		3D6D47EE1CF596B600C3AF93 /* Button_充值_Circle@2x.png */ = {isa = PBXFileReference; lastKnownFileType = image.png; path = "Button_充值_Circle@2x.png"; sourceTree = "<group>"; };
		3D6D47EF1CF596B600C3AF93 /* Button_充值_line@2x.png */ = {isa = PBXFileReference; lastKnownFileType = image.png; path = "Button_充值_line@2x.png"; sourceTree = "<group>"; };
		3D6D47F01CF596B600C3AF93 /* Button_充值_line_white@2x.png */ = {isa = PBXFileReference; lastKnownFileType = image.png; path = "Button_充值_line_white@2x.png"; sourceTree = "<group>"; };
		3D6D47F11CF596B600C3AF93 /* Button_充值_solid@2x.png */ = {isa = PBXFileReference; lastKnownFileType = image.png; path = "Button_充值_solid@2x.png"; sourceTree = "<group>"; };
		3D6D47F21CF596B600C3AF93 /* Button_关于_line_32px@2x.png */ = {isa = PBXFileReference; lastKnownFileType = image.png; path = "Button_关于_line_32px@2x.png"; sourceTree = "<group>"; };
		3D6D47F31CF596B600C3AF93 /* Button_删除_line_32px@2x.png */ = {isa = PBXFileReference; lastKnownFileType = image.png; path = "Button_删除_line_32px@2x.png"; sourceTree = "<group>"; };
		3D6D47F41CF596B600C3AF93 /* Button_卡_line_32px@2x.png */ = {isa = PBXFileReference; lastKnownFileType = image.png; path = "Button_卡_line_32px@2x.png"; sourceTree = "<group>"; };
		3D6D47F51CF596B600C3AF93 /* Button_头像_110px@2x.png */ = {isa = PBXFileReference; lastKnownFileType = image.png; path = "Button_头像_110px@2x.png"; sourceTree = "<group>"; };
		3D6D47F61CF596B600C3AF93 /* Button_头像_80px@2x.png */ = {isa = PBXFileReference; lastKnownFileType = image.png; path = "Button_头像_80px@2x.png"; sourceTree = "<group>"; };
		3D6D47F71CF596B600C3AF93 /* Button_实名_Circle@2x.png */ = {isa = PBXFileReference; lastKnownFileType = image.png; path = "Button_实名_Circle@2x.png"; sourceTree = "<group>"; };
		3D6D47F81CF596B600C3AF93 /* Button_密码_line_32px@2x.png */ = {isa = PBXFileReference; lastKnownFileType = image.png; path = "Button_密码_line_32px@2x.png"; sourceTree = "<group>"; };
		3D6D47F91CF596B600C3AF93 /* Button_帮付宝_line@2x.png */ = {isa = PBXFileReference; lastKnownFileType = image.png; path = "Button_帮付宝_line@2x.png"; sourceTree = "<group>"; };
		3D6D47FA1CF596B600C3AF93 /* Button_帮付宝_solid@2x.png */ = {isa = PBXFileReference; lastKnownFileType = image.png; path = "Button_帮付宝_solid@2x.png"; sourceTree = "<group>"; };
		3D6D47FB1CF596B600C3AF93 /* Button_待办_Circle@2x.png */ = {isa = PBXFileReference; lastKnownFileType = image.png; path = "Button_待办_Circle@2x.png"; sourceTree = "<group>"; };
		3D6D47FC1CF596B600C3AF93 /* Button_待办_line@2x.png */ = {isa = PBXFileReference; lastKnownFileType = image.png; path = "Button_待办_line@2x.png"; sourceTree = "<group>"; };
		3D6D47FD1CF596B600C3AF93 /* Button_待办_solid@2x.png */ = {isa = PBXFileReference; lastKnownFileType = image.png; path = "Button_待办_solid@2x.png"; sourceTree = "<group>"; };
		3D6D47FE1CF596B600C3AF93 /* Button_手机_line_32px@2x.png */ = {isa = PBXFileReference; lastKnownFileType = image.png; path = "Button_手机_line_32px@2x.png"; sourceTree = "<group>"; };
		3D6D47FF1CF596B600C3AF93 /* Button_手机充值_Circle@2x.png */ = {isa = PBXFileReference; lastKnownFileType = image.png; path = "Button_手机充值_Circle@2x.png"; sourceTree = "<group>"; };
		3D6D48001CF596B600C3AF93 /* Button_手机充值_Circle@3x.png */ = {isa = PBXFileReference; lastKnownFileType = image.png; path = "Button_手机充值_Circle@3x.png"; sourceTree = "<group>"; };
		3D6D48011CF596B600C3AF93 /* Button_扫码支付_Circle@2x.png */ = {isa = PBXFileReference; lastKnownFileType = image.png; path = "Button_扫码支付_Circle@2x.png"; sourceTree = "<group>"; };
		3D6D48021CF596B600C3AF93 /* Button_扫码支付_Circle@3x.png */ = {isa = PBXFileReference; lastKnownFileType = image.png; path = "Button_扫码支付_Circle@3x.png"; sourceTree = "<group>"; };
		3D6D48031CF596B600C3AF93 /* Button_扫码登陆_Circle@2x.png */ = {isa = PBXFileReference; lastKnownFileType = image.png; path = "Button_扫码登陆_Circle@2x.png"; sourceTree = "<group>"; };
		3D6D48041CF596B600C3AF93 /* Button_扫码登陆_Circle@3x.png */ = {isa = PBXFileReference; lastKnownFileType = image.png; path = "Button_扫码登陆_Circle@3x.png"; sourceTree = "<group>"; };
		3D6D48051CF596B600C3AF93 /* Button_提现_Circle@2x.png */ = {isa = PBXFileReference; lastKnownFileType = image.png; path = "Button_提现_Circle@2x.png"; sourceTree = "<group>"; };
		3D6D48061CF596B600C3AF93 /* Button_提现_line@2x.png */ = {isa = PBXFileReference; lastKnownFileType = image.png; path = "Button_提现_line@2x.png"; sourceTree = "<group>"; };
		3D6D48071CF596B600C3AF93 /* Button_提现_line_white@2x.png */ = {isa = PBXFileReference; lastKnownFileType = image.png; path = "Button_提现_line_white@2x.png"; sourceTree = "<group>"; };
		3D6D48081CF596B600C3AF93 /* Button_提现_solid@2x.png */ = {isa = PBXFileReference; lastKnownFileType = image.png; path = "Button_提现_solid@2x.png"; sourceTree = "<group>"; };
		3D6D48091CF596B600C3AF93 /* Button_收付款扫码_Circle@2x.png */ = {isa = PBXFileReference; lastKnownFileType = image.png; path = "Button_收付款扫码_Circle@2x.png"; sourceTree = "<group>"; };
		3D6D480A1CF596B600C3AF93 /* Button_收付款扫码_Circle@3x.png */ = {isa = PBXFileReference; lastKnownFileType = image.png; path = "Button_收付款扫码_Circle@3x.png"; sourceTree = "<group>"; };
		3D6D480B1CF596B600C3AF93 /* Button_流量充值_Circle@2x.png */ = {isa = PBXFileReference; lastKnownFileType = image.png; path = "Button_流量充值_Circle@2x.png"; sourceTree = "<group>"; };
		3D6D480C1CF596B600C3AF93 /* Button_流量充值_Circle@3x.png */ = {isa = PBXFileReference; lastKnownFileType = image.png; path = "Button_流量充值_Circle@3x.png"; sourceTree = "<group>"; };
		3D6D480D1CF596B600C3AF93 /* Button_消费_line@2x.png */ = {isa = PBXFileReference; lastKnownFileType = image.png; path = "Button_消费_line@2x.png"; sourceTree = "<group>"; };
		3D6D480E1CF596B600C3AF93 /* Button_消费_solid@2x.png */ = {isa = PBXFileReference; lastKnownFileType = image.png; path = "Button_消费_solid@2x.png"; sourceTree = "<group>"; };
		3D6D480F1CF596B600C3AF93 /* Button_添加银行卡+.png */ = {isa = PBXFileReference; lastKnownFileType = image.png; path = "Button_添加银行卡+.png"; sourceTree = "<group>"; };
		3D6D48101CF596B600C3AF93 /* Button_添加银行卡.png */ = {isa = PBXFileReference; lastKnownFileType = image.png; path = "Button_添加银行卡.png"; sourceTree = "<group>"; };
		3D6D48111CF596B600C3AF93 /* Button_理财推荐_Circle@2x.png */ = {isa = PBXFileReference; lastKnownFileType = image.png; path = "Button_理财推荐_Circle@2x.png"; sourceTree = "<group>"; };
		3D6D48121CF596B600C3AF93 /* Button_理财推荐_Circle@3x.png */ = {isa = PBXFileReference; lastKnownFileType = image.png; path = "Button_理财推荐_Circle@3x.png"; sourceTree = "<group>"; };
		3D6D48131CF596B600C3AF93 /* Button_确认_line@2x.png */ = {isa = PBXFileReference; lastKnownFileType = image.png; path = "Button_确认_line@2x.png"; sourceTree = "<group>"; };
		3D6D48141CF596B600C3AF93 /* Button_确认框580px.png */ = {isa = PBXFileReference; lastKnownFileType = image.png; path = "Button_确认框580px.png"; sourceTree = "<group>"; };
		3D6D48151CF596B600C3AF93 /* Button_管家_line@2x.png */ = {isa = PBXFileReference; lastKnownFileType = image.png; path = "Button_管家_line@2x.png"; sourceTree = "<group>"; };
		3D6D48161CF596B600C3AF93 /* Button_管家_solid@2x.png */ = {isa = PBXFileReference; lastKnownFileType = image.png; path = "Button_管家_solid@2x.png"; sourceTree = "<group>"; };
		3D6D48171CF596B600C3AF93 /* Button_箭头@2x.png */ = {isa = PBXFileReference; lastKnownFileType = image.png; path = "Button_箭头@2x.png"; sourceTree = "<group>"; };
		3D6D48181CF596B600C3AF93 /* Button_设置_line@2x.png */ = {isa = PBXFileReference; lastKnownFileType = image.png; path = "Button_设置_line@2x.png"; sourceTree = "<group>"; };
		3D6D48191CF596B600C3AF93 /* Button_设置_solid@2x.png */ = {isa = PBXFileReference; lastKnownFileType = image.png; path = "Button_设置_solid@2x.png"; sourceTree = "<group>"; };
		3D6D481A1CF596B600C3AF93 /* Button_账单_line@2x.png */ = {isa = PBXFileReference; lastKnownFileType = image.png; path = "Button_账单_line@2x.png"; sourceTree = "<group>"; };
		3D6D481B1CF596B600C3AF93 /* Button_账单_solid@2x.png */ = {isa = PBXFileReference; lastKnownFileType = image.png; path = "Button_账单_solid@2x.png"; sourceTree = "<group>"; };
		3D6D481C1CF596B600C3AF93 /* Button_账户_line_32px@2x.png */ = {isa = PBXFileReference; lastKnownFileType = image.png; path = "Button_账户_line_32px@2x.png"; sourceTree = "<group>"; };
		3D6D481D1CF596B600C3AF93 /* Button_转账_Circle@2x.png */ = {isa = PBXFileReference; lastKnownFileType = image.png; path = "Button_转账_Circle@2x.png"; sourceTree = "<group>"; };
		3D6D481E1CF596B600C3AF93 /* Button_转账_line@2x.png */ = {isa = PBXFileReference; lastKnownFileType = image.png; path = "Button_转账_line@2x.png"; sourceTree = "<group>"; };
		3D6D481F1CF596B600C3AF93 /* Button_转账_line_white@2x.png */ = {isa = PBXFileReference; lastKnownFileType = image.png; path = "Button_转账_line_white@2x.png"; sourceTree = "<group>"; };
		3D6D48201CF596B600C3AF93 /* Button_转账_solid@2x.png */ = {isa = PBXFileReference; lastKnownFileType = image.png; path = "Button_转账_solid@2x.png"; sourceTree = "<group>"; };
		3D6D48211CF596B600C3AF93 /* Button_输入支付密码_取消@2x.png */ = {isa = PBXFileReference; lastKnownFileType = image.png; path = "Button_输入支付密码_取消@2x.png"; sourceTree = "<group>"; };
		3D6D48221CF596B600C3AF93 /* Button_输入支付密码_确认@2x.png */ = {isa = PBXFileReference; lastKnownFileType = image.png; path = "Button_输入支付密码_确认@2x.png"; sourceTree = "<group>"; };
		3D6D48231CF596B600C3AF93 /* Button_输入框330px.png */ = {isa = PBXFileReference; lastKnownFileType = image.png; path = "Button_输入框330px.png"; sourceTree = "<group>"; };
		3D6D48241CF596B600C3AF93 /* Button_输入框580px.png */ = {isa = PBXFileReference; lastKnownFileType = image.png; path = "Button_输入框580px.png"; sourceTree = "<group>"; };
		3D6D48251CF596B600C3AF93 /* Button_输入框三栏580px.png */ = {isa = PBXFileReference; lastKnownFileType = image.png; path = "Button_输入框三栏580px.png"; sourceTree = "<group>"; };
		3D6D48261CF596B600C3AF93 /* Button_输入框两栏580px.png */ = {isa = PBXFileReference; lastKnownFileType = image.png; path = "Button_输入框两栏580px.png"; sourceTree = "<group>"; };
		3D6D48271CF596B600C3AF93 /* Button_输入框四栏580px.png */ = {isa = PBXFileReference; lastKnownFileType = image.png; path = "Button_输入框四栏580px.png"; sourceTree = "<group>"; };
		3D6D48281CF596B600C3AF93 /* Button_返回@2x.png */ = {isa = PBXFileReference; lastKnownFileType = image.png; path = "Button_返回@2x.png"; sourceTree = "<group>"; };
		3D6D48291CF596B600C3AF93 /* Button_通讯录_line@2x.png */ = {isa = PBXFileReference; lastKnownFileType = image.png; path = "Button_通讯录_line@2x.png"; sourceTree = "<group>"; };
		3D6D482A1CF596B600C3AF93 /* Button_重发按钮_220px.png */ = {isa = PBXFileReference; lastKnownFileType = image.png; path = "Button_重发按钮_220px.png"; sourceTree = "<group>"; };
		3D6D482B1CF596B600C3AF93 /* Button_重发按钮_等待220px.png */ = {isa = PBXFileReference; lastKnownFileType = image.png; path = "Button_重发按钮_等待220px.png"; sourceTree = "<group>"; };
		3D6D482C1CF596B600C3AF93 /* Button_银行卡_line@2x.png */ = {isa = PBXFileReference; lastKnownFileType = image.png; path = "Button_银行卡_line@2x.png"; sourceTree = "<group>"; };
		3D6D482D1CF596B600C3AF93 /* Button_银行卡_Solid@2x.png */ = {isa = PBXFileReference; lastKnownFileType = image.png; path = "Button_银行卡_Solid@2x.png"; sourceTree = "<group>"; };
		3D6D482E1CF596B600C3AF93 /* choice2@2x.png */ = {isa = PBXFileReference; lastKnownFileType = image.png; path = "choice2@2x.png"; sourceTree = "<group>"; };
		3D6D482F1CF596B600C3AF93 /* choice2@3x.png */ = {isa = PBXFileReference; lastKnownFileType = image.png; path = "choice2@3x.png"; sourceTree = "<group>"; };
		3D6D48301CF596B600C3AF93 /* choice_icon@2x.png */ = {isa = PBXFileReference; lastKnownFileType = image.png; path = "choice_icon@2x.png"; sourceTree = "<group>"; };
		3D6D48311CF596B600C3AF93 /* choice_icon@3x.png */ = {isa = PBXFileReference; lastKnownFileType = image.png; path = "choice_icon@3x.png"; sourceTree = "<group>"; };
		3D6D48321CF596B600C3AF93 /* Cover_iPhone5.png */ = {isa = PBXFileReference; lastKnownFileType = image.png; path = Cover_iPhone5.png; sourceTree = "<group>"; };
		3D6D48331CF596B600C3AF93 /* Image_Cover字.png */ = {isa = PBXFileReference; lastKnownFileType = image.png; path = "Image_Cover字.png"; sourceTree = "<group>"; };
		3D6D48341CF596B600C3AF93 /* Image_帮付宝首页.png */ = {isa = PBXFileReference; lastKnownFileType = image.png; path = "Image_帮付宝首页.png"; sourceTree = "<group>"; };
		3D6D48351CF596B600C3AF93 /* Image_空页面.png */ = {isa = PBXFileReference; lastKnownFileType = image.png; path = "Image_空页面.png"; sourceTree = "<group>"; };
		3D6D48361CF596B600C3AF93 /* Image_管家首页.png */ = {isa = PBXFileReference; lastKnownFileType = image.png; path = "Image_管家首页.png"; sourceTree = "<group>"; };
		3D6D48371CF596B600C3AF93 /* Image_账单详情半圆_右.png */ = {isa = PBXFileReference; lastKnownFileType = image.png; path = "Image_账单详情半圆_右.png"; sourceTree = "<group>"; };
		3D6D48381CF596B600C3AF93 /* Image_账单详情半圆_左.png */ = {isa = PBXFileReference; lastKnownFileType = image.png; path = "Image_账单详情半圆_左.png"; sourceTree = "<group>"; };
		3D6D48391CF596B600C3AF93 /* jt_btn@2x.png */ = {isa = PBXFileReference; lastKnownFileType = image.png; path = "jt_btn@2x.png"; sourceTree = "<group>"; };
		3D6D483A1CF596B600C3AF93 /* jt_btn@3x.png */ = {isa = PBXFileReference; lastKnownFileType = image.png; path = "jt_btn@3x.png"; sourceTree = "<group>"; };
		3D6D483B1CF596B600C3AF93 /* Layer_修改密码成功580px.png */ = {isa = PBXFileReference; lastKnownFileType = image.png; path = "Layer_修改密码成功580px.png"; sourceTree = "<group>"; };
		3D6D483C1CF596B600C3AF93 /* Layer_输入支付密码580px@2x.png */ = {isa = PBXFileReference; lastKnownFileType = image.png; path = "Layer_输入支付密码580px@2x.png"; sourceTree = "<group>"; };
		3D6D483D1CF596B600C3AF93 /* Layer_银行卡类型580px.png */ = {isa = PBXFileReference; lastKnownFileType = image.png; path = "Layer_银行卡类型580px.png"; sourceTree = "<group>"; };
		3D6D483E1CF596B600C3AF93 /* mrlogo_btn@2x.png */ = {isa = PBXFileReference; lastKnownFileType = image.png; path = "mrlogo_btn@2x.png"; sourceTree = "<group>"; };
		3D6D483F1CF596B600C3AF93 /* mrlogo_btn@3x.png */ = {isa = PBXFileReference; lastKnownFileType = image.png; path = "mrlogo_btn@3x.png"; sourceTree = "<group>"; };
		3D6D48401CF596B600C3AF93 /* nochoice_icon@2x.png */ = {isa = PBXFileReference; lastKnownFileType = image.png; path = "nochoice_icon@2x.png"; sourceTree = "<group>"; };
		3D6D48411CF596B600C3AF93 /* nochoice_icon@3x.png */ = {isa = PBXFileReference; lastKnownFileType = image.png; path = "nochoice_icon@3x.png"; sourceTree = "<group>"; };
		3D6D48421CF596B600C3AF93 /* qbye_btn@2x.png */ = {isa = PBXFileReference; lastKnownFileType = image.png; path = "qbye_btn@2x.png"; sourceTree = "<group>"; };
		3D6D48431CF596B600C3AF93 /* qbye_btn@3x.png */ = {isa = PBXFileReference; lastKnownFileType = image.png; path = "qbye_btn@3x.png"; sourceTree = "<group>"; };
		3D6D48441CF596B600C3AF93 /* tc_btn@2x.png */ = {isa = PBXFileReference; lastKnownFileType = image.png; path = "tc_btn@2x.png"; sourceTree = "<group>"; };
		3D6D48451CF596B600C3AF93 /* tc_btn@3x.png */ = {isa = PBXFileReference; lastKnownFileType = image.png; path = "tc_btn@3x.png"; sourceTree = "<group>"; };
		3D6D48461CF596B600C3AF93 /* tck_qx_icon@2x.png */ = {isa = PBXFileReference; lastKnownFileType = image.png; path = "tck_qx_icon@2x.png"; sourceTree = "<group>"; };
		3D6D48471CF596B600C3AF93 /* tck_qx_icon@3x.png */ = {isa = PBXFileReference; lastKnownFileType = image.png; path = "tck_qx_icon@3x.png"; sourceTree = "<group>"; };
		3D6D48481CF596B600C3AF93 /* tck_yeqb_icon@2x.png */ = {isa = PBXFileReference; lastKnownFileType = image.png; path = "tck_yeqb_icon@2x.png"; sourceTree = "<group>"; };
		3D6D48491CF596B600C3AF93 /* tck_yeqb_icon@3x.png */ = {isa = PBXFileReference; lastKnownFileType = image.png; path = "tck_yeqb_icon@3x.png"; sourceTree = "<group>"; };
		3D6D484A1CF596B600C3AF93 /* tjyhk_icon@2x.png */ = {isa = PBXFileReference; lastKnownFileType = image.png; path = "tjyhk_icon@2x.png"; sourceTree = "<group>"; };
		3D6D484B1CF596B600C3AF93 /* tjyhk_icon@3x.png */ = {isa = PBXFileReference; lastKnownFileType = image.png; path = "tjyhk_icon@3x.png"; sourceTree = "<group>"; };
		3D6D484C1CF596B600C3AF93 /* unchoice@2x.png */ = {isa = PBXFileReference; lastKnownFileType = image.png; path = "unchoice@2x.png"; sourceTree = "<group>"; };
		3D6D484D1CF596B600C3AF93 /* unchoice@3x.png */ = {isa = PBXFileReference; lastKnownFileType = image.png; path = "unchoice@3x.png"; sourceTree = "<group>"; };
		3D6D484E1CF596B600C3AF93 /* 叹号@2x.png */ = {isa = PBXFileReference; lastKnownFileType = image.png; path = "叹号@2x.png"; sourceTree = "<group>"; };
		3D6D484F1CF596B600C3AF93 /* 叹号@3x.png */ = {isa = PBXFileReference; lastKnownFileType = image.png; path = "叹号@3x.png"; sourceTree = "<group>"; };
		3D6D48501CF596B600C3AF93 /* 对勾@2x.png */ = {isa = PBXFileReference; lastKnownFileType = image.png; path = "对勾@2x.png"; sourceTree = "<group>"; };
		3D6D48511CF596B600C3AF93 /* 对勾@3x.png */ = {isa = PBXFileReference; lastKnownFileType = image.png; path = "对勾@3x.png"; sourceTree = "<group>"; };
		3D6D48521CF596B600C3AF93 /* 支付失败@2x.png */ = {isa = PBXFileReference; lastKnownFileType = image.png; path = "支付失败@2x.png"; sourceTree = "<group>"; };
		3D6D48531CF596B600C3AF93 /* 支付失败@3x.png */ = {isa = PBXFileReference; lastKnownFileType = image.png; path = "支付失败@3x.png"; sourceTree = "<group>"; };
		3D6D48541CF596B600C3AF93 /* 支付成功@2x.png */ = {isa = PBXFileReference; lastKnownFileType = image.png; path = "支付成功@2x.png"; sourceTree = "<group>"; };
		3D6D48551CF596B600C3AF93 /* 支付成功@3x.png */ = {isa = PBXFileReference; lastKnownFileType = image.png; path = "支付成功@3x.png"; sourceTree = "<group>"; };
		3D6D48561CF596B600C3AF93 /* 未点击@2x.png */ = {isa = PBXFileReference; lastKnownFileType = image.png; path = "未点击@2x.png"; sourceTree = "<group>"; };
		3D6D48571CF596B600C3AF93 /* 未点击@3x.png */ = {isa = PBXFileReference; lastKnownFileType = image.png; path = "未点击@3x.png"; sourceTree = "<group>"; };
		3D6D48581CF596B600C3AF93 /* 未选@2x.png */ = {isa = PBXFileReference; lastKnownFileType = image.png; path = "未选@2x.png"; sourceTree = "<group>"; };
		3D6D48591CF596B600C3AF93 /* 未选@3x.png */ = {isa = PBXFileReference; lastKnownFileType = image.png; path = "未选@3x.png"; sourceTree = "<group>"; };
		3D6D485A1CF596B600C3AF93 /* 点击@2x.png */ = {isa = PBXFileReference; lastKnownFileType = image.png; path = "点击@2x.png"; sourceTree = "<group>"; };
		3D6D485B1CF596B600C3AF93 /* 点击@3x.png */ = {isa = PBXFileReference; lastKnownFileType = image.png; path = "点击@3x.png"; sourceTree = "<group>"; };
		3D6D485C1CF596B600C3AF93 /* 箭头@2x.png */ = {isa = PBXFileReference; lastKnownFileType = image.png; path = "箭头@2x.png"; sourceTree = "<group>"; };
		3D6D485D1CF596B600C3AF93 /* 箭头@3x.png */ = {isa = PBXFileReference; lastKnownFileType = image.png; path = "箭头@3x.png"; sourceTree = "<group>"; };
		3D6D485E1CF596B600C3AF93 /* 返回剪头@2x.png */ = {isa = PBXFileReference; lastKnownFileType = image.png; path = "返回剪头@2x.png"; sourceTree = "<group>"; };
		3D6D485F1CF596B600C3AF93 /* 返回剪头@3x.png */ = {isa = PBXFileReference; lastKnownFileType = image.png; path = "返回剪头@3x.png"; sourceTree = "<group>"; };
		3D6D48601CF596B600C3AF93 /* libLKLPaySDK.a */ = {isa = PBXFileReference; lastKnownFileType = archive.ar; path = libLKLPaySDK.a; sourceTree = "<group>"; };
		3D6D48611CF596B600C3AF93 /* LKLPaySDK.h */ = {isa = PBXFileReference; fileEncoding = 4; lastKnownFileType = sourcecode.c.h; path = LKLPaySDK.h; sourceTree = "<group>"; };
/* End PBXFileReference section */

/* Begin PBXFrameworksBuildPhase section */
		3D517CE11CEEE5E70084E6AD /* Frameworks */ = {
			isa = PBXFrameworksBuildPhase;
			buildActionMask = 2147483647;
			files = (
				3D517E281CEEE7890084E6AD /* CoreTelephony.framework in Frameworks */,
				3D517E261CEEE7750084E6AD /* libsqlite3.tbd in Frameworks */,
				3D6D47E01CF596A900C3AF93 /* libPaymax+lkl.a in Frameworks */,
				3D517E241CEEE7690084E6AD /* libz.tbd in Frameworks */,
				3D517E221CEEE75B0084E6AD /* libc++.tbd in Frameworks */,
				3D517E201CEEE7500084E6AD /* Security.framework in Frameworks */,
				3D517E1E1CEEE7460084E6AD /* SystemConfiguration.framework in Frameworks */,
				3D517E1C1CEEE73A0084E6AD /* CFNetwork.framework in Frameworks */,
				3D517E1A1CEEE7120084E6AD /* libWeChatSDK.a in Frameworks */,
				3D517D971CEEE7110084E6AD /* libPaymaxSDK.a in Frameworks */,
				3D517D9A1CEEE7110084E6AD /* libPaymax+alipay.a in Frameworks */,
				3D6D48E01CF596B600C3AF93 /* libLKLPaySDK.a in Frameworks */,
				3D517D991CEEE7110084E6AD /* AlipaySDK.framework in Frameworks */,
				3D517E191CEEE7110084E6AD /* libPaymax+wx.a in Frameworks */,
			);
			runOnlyForDeploymentPostprocessing = 0;
		};
/* End PBXFrameworksBuildPhase section */

/* Begin PBXGroup section */
		3D517CDB1CEEE5E60084E6AD = {
			isa = PBXGroup;
			children = (
				3D517CE61CEEE5E70084E6AD /* PaymaxDemo */,
				3D517CE51CEEE5E70084E6AD /* Products */,
			);
			sourceTree = "<group>";
		};
		3D517CE51CEEE5E70084E6AD /* Products */ = {
			isa = PBXGroup;
			children = (
				3D517CE41CEEE5E70084E6AD /* PaymaxDemo.app */,
			);
			name = Products;
			sourceTree = "<group>";
		};
		3D517CE61CEEE5E70084E6AD /* PaymaxDemo */ = {
			isa = PBXGroup;
			children = (
				3D517D071CEEE7110084E6AD /* lib */,
				3D517CEA1CEEE5E70084E6AD /* AppDelegate.h */,
				3D517CEB1CEEE5E70084E6AD /* AppDelegate.m */,
				3D517CFE1CEEE6310084E6AD /* ViewController.h */,
				3D517CFF1CEEE6310084E6AD /* ViewController.m */,
				3D517D001CEEE6310084E6AD /* Main.storyboard */,
				3D517D011CEEE6310084E6AD /* Assets.xcassets */,
				3D517D021CEEE6310084E6AD /* Info.plist */,
				3D517CF51CEEE5E70084E6AD /* LaunchScreen.storyboard */,
				3D517E291CEEE78F0084E6AD /* framework */,
				3D517CE71CEEE5E70084E6AD /* Supporting Files */,
			);
			path = PaymaxDemo;
			sourceTree = "<group>";
		};
		3D517CE71CEEE5E70084E6AD /* Supporting Files */ = {
			isa = PBXGroup;
			children = (
				3D517CE81CEEE5E70084E6AD /* main.m */,
			);
			name = "Supporting Files";
			sourceTree = "<group>";
		};
		3D517D071CEEE7110084E6AD /* lib */ = {
			isa = PBXGroup;
			children = (
				3D517D081CEEE7110084E6AD /* libPaymaxSDK.a */,
				3D517D091CEEE7110084E6AD /* Paymax+alipay */,
				3D517D0E1CEEE7110084E6AD /* Paymax+lkl */,
				3D517D901CEEE7110084E6AD /* Paymax+wx */,
				3D517D961CEEE7110084E6AD /* PaymaxSDK.h */,
			);
			path = lib;
			sourceTree = "<group>";
		};
		3D517D091CEEE7110084E6AD /* Paymax+alipay */ = {
			isa = PBXGroup;
			children = (
				3D517D0A1CEEE7110084E6AD /* Alipay */,
				3D517D0D1CEEE7110084E6AD /* libPaymax+alipay.a */,
			);
			path = "Paymax+alipay";
			sourceTree = "<group>";
		};
		3D517D0A1CEEE7110084E6AD /* Alipay */ = {
			isa = PBXGroup;
			children = (
				3D517D0B1CEEE7110084E6AD /* AlipaySDK.bundle */,
				3D517D0C1CEEE7110084E6AD /* AlipaySDK.framework */,
			);
			path = Alipay;
			sourceTree = "<group>";
		};
		3D517D0E1CEEE7110084E6AD /* Paymax+lkl */ = {
			isa = PBXGroup;
			children = (
				3D6D47DF1CF596A900C3AF93 /* libPaymax+lkl.a */,
				3D517D101CEEE7110084E6AD /* lkl */,
			);
			path = "Paymax+lkl";
			sourceTree = "<group>";
		};
		3D517D101CEEE7110084E6AD /* lkl */ = {
			isa = PBXGroup;
			children = (
				3D6D47E11CF596B600C3AF93 /* AnBangImgs */,
				3D6D48601CF596B600C3AF93 /* libLKLPaySDK.a */,
				3D6D48611CF596B600C3AF93 /* LKLPaySDK.h */,
			);
			path = lkl;
			sourceTree = "<group>";
		};
		3D517D901CEEE7110084E6AD /* Paymax+wx */ = {
			isa = PBXGroup;
			children = (
				3D517D911CEEE7110084E6AD /* libPaymax+wx.a */,
				3D517D921CEEE7110084E6AD /* WX */,
			);
			path = "Paymax+wx";
			sourceTree = "<group>";
		};
		3D517D921CEEE7110084E6AD /* WX */ = {
			isa = PBXGroup;
			children = (
				3D517D931CEEE7110084E6AD /* libWeChatSDK.a */,
				3D517D941CEEE7110084E6AD /* WXApi.h */,
				3D517D951CEEE7110084E6AD /* WXApiObject.h */,
			);
			path = WX;
			sourceTree = "<group>";
		};
		3D517E291CEEE78F0084E6AD /* framework */ = {
			isa = PBXGroup;
			children = (
				3D517E271CEEE7890084E6AD /* CoreTelephony.framework */,
				3D517E251CEEE7750084E6AD /* libsqlite3.tbd */,
				3D517E231CEEE7690084E6AD /* libz.tbd */,
				3D517E211CEEE75B0084E6AD /* libc++.tbd */,
				3D517E1F1CEEE7500084E6AD /* Security.framework */,
				3D517E1D1CEEE7460084E6AD /* SystemConfiguration.framework */,
				3D517E1B1CEEE73A0084E6AD /* CFNetwork.framework */,
			);
			name = framework;
			sourceTree = "<group>";
		};
		3D6D47E11CF596B600C3AF93 /* AnBangImgs */ = {
			isa = PBXGroup;
			children = (
				3D6D47E21CF596B600C3AF93 /* Bar_导航条.png */,
				3D6D47E31CF596B600C3AF93 /* Bar_导航条@2x.png */,
				3D6D47E41CF596B600C3AF93 /* Bar_导航条@3x.png */,
				3D6D47E51CF596B600C3AF93 /* Bar_首页底部导航条.png */,
				3D6D47E61CF596B600C3AF93 /* Bar_首页顶部导航条.png */,
				3D6D47E71CF596B600C3AF93 /* Bar_首页顶部导航条_选中.png */,
				3D6D47E81CF596B600C3AF93 /* Button_80px.png */,
				3D6D47E91CF596B600C3AF93 /* button_jb_line_s@2x.png */,
				3D6D47EA1CF596B600C3AF93 /* button_jb_line_s@3x.png */,
				3D6D47EB1CF596B600C3AF93 /* Button_交易状态.png */,
				3D6D47EC1CF596B600C3AF93 /* Button_信用卡还款_Circle@2x.png */,
				3D6D47ED1CF596B600C3AF93 /* Button_信用卡还款_Circle@3x.png */,
				3D6D47EE1CF596B600C3AF93 /* Button_充值_Circle@2x.png */,
				3D6D47EF1CF596B600C3AF93 /* Button_充值_line@2x.png */,
				3D6D47F01CF596B600C3AF93 /* Button_充值_line_white@2x.png */,
				3D6D47F11CF596B600C3AF93 /* Button_充值_solid@2x.png */,
				3D6D47F21CF596B600C3AF93 /* Button_关于_line_32px@2x.png */,
				3D6D47F31CF596B600C3AF93 /* Button_删除_line_32px@2x.png */,
				3D6D47F41CF596B600C3AF93 /* Button_卡_line_32px@2x.png */,
				3D6D47F51CF596B600C3AF93 /* Button_头像_110px@2x.png */,
				3D6D47F61CF596B600C3AF93 /* Button_头像_80px@2x.png */,
				3D6D47F71CF596B600C3AF93 /* Button_实名_Circle@2x.png */,
				3D6D47F81CF596B600C3AF93 /* Button_密码_line_32px@2x.png */,
				3D6D47F91CF596B600C3AF93 /* Button_帮付宝_line@2x.png */,
				3D6D47FA1CF596B600C3AF93 /* Button_帮付宝_solid@2x.png */,
				3D6D47FB1CF596B600C3AF93 /* Button_待办_Circle@2x.png */,
				3D6D47FC1CF596B600C3AF93 /* Button_待办_line@2x.png */,
				3D6D47FD1CF596B600C3AF93 /* Button_待办_solid@2x.png */,
				3D6D47FE1CF596B600C3AF93 /* Button_手机_line_32px@2x.png */,
				3D6D47FF1CF596B600C3AF93 /* Button_手机充值_Circle@2x.png */,
				3D6D48001CF596B600C3AF93 /* Button_手机充值_Circle@3x.png */,
				3D6D48011CF596B600C3AF93 /* Button_扫码支付_Circle@2x.png */,
				3D6D48021CF596B600C3AF93 /* Button_扫码支付_Circle@3x.png */,
				3D6D48031CF596B600C3AF93 /* Button_扫码登陆_Circle@2x.png */,
				3D6D48041CF596B600C3AF93 /* Button_扫码登陆_Circle@3x.png */,
				3D6D48051CF596B600C3AF93 /* Button_提现_Circle@2x.png */,
				3D6D48061CF596B600C3AF93 /* Button_提现_line@2x.png */,
				3D6D48071CF596B600C3AF93 /* Button_提现_line_white@2x.png */,
				3D6D48081CF596B600C3AF93 /* Button_提现_solid@2x.png */,
				3D6D48091CF596B600C3AF93 /* Button_收付款扫码_Circle@2x.png */,
				3D6D480A1CF596B600C3AF93 /* Button_收付款扫码_Circle@3x.png */,
				3D6D480B1CF596B600C3AF93 /* Button_流量充值_Circle@2x.png */,
				3D6D480C1CF596B600C3AF93 /* Button_流量充值_Circle@3x.png */,
				3D6D480D1CF596B600C3AF93 /* Button_消费_line@2x.png */,
				3D6D480E1CF596B600C3AF93 /* Button_消费_solid@2x.png */,
				3D6D480F1CF596B600C3AF93 /* Button_添加银行卡+.png */,
				3D6D48101CF596B600C3AF93 /* Button_添加银行卡.png */,
				3D6D48111CF596B600C3AF93 /* Button_理财推荐_Circle@2x.png */,
				3D6D48121CF596B600C3AF93 /* Button_理财推荐_Circle@3x.png */,
				3D6D48131CF596B600C3AF93 /* Button_确认_line@2x.png */,
				3D6D48141CF596B600C3AF93 /* Button_确认框580px.png */,
				3D6D48151CF596B600C3AF93 /* Button_管家_line@2x.png */,
				3D6D48161CF596B600C3AF93 /* Button_管家_solid@2x.png */,
				3D6D48171CF596B600C3AF93 /* Button_箭头@2x.png */,
				3D6D48181CF596B600C3AF93 /* Button_设置_line@2x.png */,
				3D6D48191CF596B600C3AF93 /* Button_设置_solid@2x.png */,
				3D6D481A1CF596B600C3AF93 /* Button_账单_line@2x.png */,
				3D6D481B1CF596B600C3AF93 /* Button_账单_solid@2x.png */,
				3D6D481C1CF596B600C3AF93 /* Button_账户_line_32px@2x.png */,
				3D6D481D1CF596B600C3AF93 /* Button_转账_Circle@2x.png */,
				3D6D481E1CF596B600C3AF93 /* Button_转账_line@2x.png */,
				3D6D481F1CF596B600C3AF93 /* Button_转账_line_white@2x.png */,
				3D6D48201CF596B600C3AF93 /* Button_转账_solid@2x.png */,
				3D6D48211CF596B600C3AF93 /* Button_输入支付密码_取消@2x.png */,
				3D6D48221CF596B600C3AF93 /* Button_输入支付密码_确认@2x.png */,
				3D6D48231CF596B600C3AF93 /* Button_输入框330px.png */,
				3D6D48241CF596B600C3AF93 /* Button_输入框580px.png */,
				3D6D48251CF596B600C3AF93 /* Button_输入框三栏580px.png */,
				3D6D48261CF596B600C3AF93 /* Button_输入框两栏580px.png */,
				3D6D48271CF596B600C3AF93 /* Button_输入框四栏580px.png */,
				3D6D48281CF596B600C3AF93 /* Button_返回@2x.png */,
				3D6D48291CF596B600C3AF93 /* Button_通讯录_line@2x.png */,
				3D6D482A1CF596B600C3AF93 /* Button_重发按钮_220px.png */,
				3D6D482B1CF596B600C3AF93 /* Button_重发按钮_等待220px.png */,
				3D6D482C1CF596B600C3AF93 /* Button_银行卡_line@2x.png */,
				3D6D482D1CF596B600C3AF93 /* Button_银行卡_Solid@2x.png */,
				3D6D482E1CF596B600C3AF93 /* choice2@2x.png */,
				3D6D482F1CF596B600C3AF93 /* choice2@3x.png */,
				3D6D48301CF596B600C3AF93 /* choice_icon@2x.png */,
				3D6D48311CF596B600C3AF93 /* choice_icon@3x.png */,
				3D6D48321CF596B600C3AF93 /* Cover_iPhone5.png */,
				3D6D48331CF596B600C3AF93 /* Image_Cover字.png */,
				3D6D48341CF596B600C3AF93 /* Image_帮付宝首页.png */,
				3D6D48351CF596B600C3AF93 /* Image_空页面.png */,
				3D6D48361CF596B600C3AF93 /* Image_管家首页.png */,
				3D6D48371CF596B600C3AF93 /* Image_账单详情半圆_右.png */,
				3D6D48381CF596B600C3AF93 /* Image_账单详情半圆_左.png */,
				3D6D48391CF596B600C3AF93 /* jt_btn@2x.png */,
				3D6D483A1CF596B600C3AF93 /* jt_btn@3x.png */,
				3D6D483B1CF596B600C3AF93 /* Layer_修改密码成功580px.png */,
				3D6D483C1CF596B600C3AF93 /* Layer_输入支付密码580px@2x.png */,
				3D6D483D1CF596B600C3AF93 /* Layer_银行卡类型580px.png */,
				3D6D483E1CF596B600C3AF93 /* mrlogo_btn@2x.png */,
				3D6D483F1CF596B600C3AF93 /* mrlogo_btn@3x.png */,
				3D6D48401CF596B600C3AF93 /* nochoice_icon@2x.png */,
				3D6D48411CF596B600C3AF93 /* nochoice_icon@3x.png */,
				3D6D48421CF596B600C3AF93 /* qbye_btn@2x.png */,
				3D6D48431CF596B600C3AF93 /* qbye_btn@3x.png */,
				3D6D48441CF596B600C3AF93 /* tc_btn@2x.png */,
				3D6D48451CF596B600C3AF93 /* tc_btn@3x.png */,
				3D6D48461CF596B600C3AF93 /* tck_qx_icon@2x.png */,
				3D6D48471CF596B600C3AF93 /* tck_qx_icon@3x.png */,
				3D6D48481CF596B600C3AF93 /* tck_yeqb_icon@2x.png */,
				3D6D48491CF596B600C3AF93 /* tck_yeqb_icon@3x.png */,
				3D6D484A1CF596B600C3AF93 /* tjyhk_icon@2x.png */,
				3D6D484B1CF596B600C3AF93 /* tjyhk_icon@3x.png */,
				3D6D484C1CF596B600C3AF93 /* unchoice@2x.png */,
				3D6D484D1CF596B600C3AF93 /* unchoice@3x.png */,
				3D6D484E1CF596B600C3AF93 /* 叹号@2x.png */,
				3D6D484F1CF596B600C3AF93 /* 叹号@3x.png */,
				3D6D48501CF596B600C3AF93 /* 对勾@2x.png */,
				3D6D48511CF596B600C3AF93 /* 对勾@3x.png */,
				3D6D48521CF596B600C3AF93 /* 支付失败@2x.png */,
				3D6D48531CF596B600C3AF93 /* 支付失败@3x.png */,
				3D6D48541CF596B600C3AF93 /* 支付成功@2x.png */,
				3D6D48551CF596B600C3AF93 /* 支付成功@3x.png */,
				3D6D48561CF596B600C3AF93 /* 未点击@2x.png */,
				3D6D48571CF596B600C3AF93 /* 未点击@3x.png */,
				3D6D48581CF596B600C3AF93 /* 未选@2x.png */,
				3D6D48591CF596B600C3AF93 /* 未选@3x.png */,
				3D6D485A1CF596B600C3AF93 /* 点击@2x.png */,
				3D6D485B1CF596B600C3AF93 /* 点击@3x.png */,
				3D6D485C1CF596B600C3AF93 /* 箭头@2x.png */,
				3D6D485D1CF596B600C3AF93 /* 箭头@3x.png */,
				3D6D485E1CF596B600C3AF93 /* 返回剪头@2x.png */,
				3D6D485F1CF596B600C3AF93 /* 返回剪头@3x.png */,
			);
			path = AnBangImgs;
			sourceTree = "<group>";
		};
/* End PBXGroup section */

/* Begin PBXNativeTarget section */
		3D517CE31CEEE5E70084E6AD /* PaymaxDemo */ = {
			isa = PBXNativeTarget;
			buildConfigurationList = 3D517CFB1CEEE5E70084E6AD /* Build configuration list for PBXNativeTarget "PaymaxDemo" */;
			buildPhases = (
				3D517CE01CEEE5E70084E6AD /* Sources */,
				3D517CE11CEEE5E70084E6AD /* Frameworks */,
				3D517CE21CEEE5E70084E6AD /* Resources */,
			);
			buildRules = (
			);
			dependencies = (
			);
			name = PaymaxDemo;
			productName = PaymaxDemo;
			productReference = 3D517CE41CEEE5E70084E6AD /* PaymaxDemo.app */;
			productType = "com.apple.product-type.application";
		};
/* End PBXNativeTarget section */

/* Begin PBXProject section */
		3D517CDC1CEEE5E60084E6AD /* Project object */ = {
			isa = PBXProject;
			attributes = {
				LastUpgradeCheck = 0730;
				ORGANIZATIONNAME = "顺维无限";
				TargetAttributes = {
					3D517CE31CEEE5E70084E6AD = {
						CreatedOnToolsVersion = 7.3;
						DevelopmentTeam = ARU35NS94J;
					};
				};
			};
			buildConfigurationList = 3D517CDF1CEEE5E60084E6AD /* Build configuration list for PBXProject "PaymaxDemo" */;
			compatibilityVersion = "Xcode 3.2";
			developmentRegion = English;
			hasScannedForEncodings = 0;
			knownRegions = (
				en,
				Base,
			);
			mainGroup = 3D517CDB1CEEE5E60084E6AD;
			productRefGroup = 3D517CE51CEEE5E70084E6AD /* Products */;
			projectDirPath = "";
			projectRoot = "";
			targets = (
				3D517CE31CEEE5E70084E6AD /* PaymaxDemo */,
			);
		};
/* End PBXProject section */

/* Begin PBXResourcesBuildPhase section */
		3D517CE21CEEE5E70084E6AD /* Resources */ = {
			isa = PBXResourcesBuildPhase;
			buildActionMask = 2147483647;
			files = (
				3D6D48901CF596B600C3AF93 /* Button_添加银行卡.png in Resources */,
				3D6D48A61CF596B600C3AF93 /* Button_输入框两栏580px.png in Resources */,
				3D6D48B41CF596B600C3AF93 /* Image_帮付宝首页.png in Resources */,
				3D6D489F1CF596B600C3AF93 /* Button_转账_line_white@2x.png in Resources */,
				3D6D48881CF596B600C3AF93 /* Button_提现_solid@2x.png in Resources */,
				3D6D48A31CF596B600C3AF93 /* Button_输入框330px.png in Resources */,
				3D6D48C11CF596B600C3AF93 /* nochoice_icon@3x.png in Resources */,
				3D6D48731CF596B600C3AF93 /* Button_删除_line_32px@2x.png in Resources */,
				3D6D48CE1CF596B600C3AF93 /* 叹号@2x.png in Resources */,
				3D6D48951CF596B600C3AF93 /* Button_管家_line@2x.png in Resources */,
				3D6D48DE1CF596B600C3AF93 /* 返回剪头@2x.png in Resources */,
				3D6D48661CF596B600C3AF93 /* Bar_首页顶部导航条.png in Resources */,
				3D6D48DB1CF596B600C3AF93 /* 点击@3x.png in Resources */,
				3D6D487E1CF596B600C3AF93 /* Button_手机_line_32px@2x.png in Resources */,
				3D6D48B81CF596B600C3AF93 /* Image_账单详情半圆_左.png in Resources */,
				3D6D489B1CF596B600C3AF93 /* Button_账单_solid@2x.png in Resources */,
				3D6D486A1CF596B600C3AF93 /* button_jb_line_s@3x.png in Resources */,
				3D6D48CD1CF596B600C3AF93 /* unchoice@3x.png in Resources */,
				3D6D48AF1CF596B600C3AF93 /* choice2@3x.png in Resources */,
				3D6D48B51CF596B600C3AF93 /* Image_空页面.png in Resources */,
				3D6D48851CF596B600C3AF93 /* Button_提现_Circle@2x.png in Resources */,
				3D6D48AD1CF596B600C3AF93 /* Button_银行卡_Solid@2x.png in Resources */,
				3D6D48A51CF596B600C3AF93 /* Button_输入框三栏580px.png in Resources */,
				3D6D48651CF596B600C3AF93 /* Bar_首页底部导航条.png in Resources */,
				3D6D48771CF596B600C3AF93 /* Button_实名_Circle@2x.png in Resources */,
				3D6D48831CF596B600C3AF93 /* Button_扫码登陆_Circle@2x.png in Resources */,
				3D6D48971CF596B600C3AF93 /* Button_箭头@2x.png in Resources */,
				3D6D48AA1CF596B600C3AF93 /* Button_重发按钮_220px.png in Resources */,
				3D6D487D1CF596B600C3AF93 /* Button_待办_solid@2x.png in Resources */,
				3D6D488A1CF596B600C3AF93 /* Button_收付款扫码_Circle@3x.png in Resources */,
				3D6D48C51CF596B600C3AF93 /* tc_btn@3x.png in Resources */,
				3D6D48DF1CF596B600C3AF93 /* 返回剪头@3x.png in Resources */,
				3D6D48841CF596B600C3AF93 /* Button_扫码登陆_Circle@3x.png in Resources */,
				3D6D48861CF596B600C3AF93 /* Button_提现_line@2x.png in Resources */,
				3D6D486C1CF596B600C3AF93 /* Button_信用卡还款_Circle@2x.png in Resources */,
				3D6D48811CF596B600C3AF93 /* Button_扫码支付_Circle@2x.png in Resources */,
				3D6D48AC1CF596B600C3AF93 /* Button_银行卡_line@2x.png in Resources */,
				3D6D48721CF596B600C3AF93 /* Button_关于_line_32px@2x.png in Resources */,
				3D6D48CB1CF596B600C3AF93 /* tjyhk_icon@3x.png in Resources */,
				3D6D488B1CF596B600C3AF93 /* Button_流量充值_Circle@2x.png in Resources */,
				3D6D48821CF596B600C3AF93 /* Button_扫码支付_Circle@3x.png in Resources */,
				3D6D48C01CF596B600C3AF93 /* nochoice_icon@2x.png in Resources */,
				3D517D981CEEE7110084E6AD /* AlipaySDK.bundle in Resources */,
				3D6D48B61CF596B600C3AF93 /* Image_管家首页.png in Resources */,
				3D517D061CEEE6310084E6AD /* Info.plist in Resources */,
				3D6D489E1CF596B600C3AF93 /* Button_转账_line@2x.png in Resources */,
				3D6D488C1CF596B600C3AF93 /* Button_流量充值_Circle@3x.png in Resources */,
				3D6D48981CF596B600C3AF93 /* Button_设置_line@2x.png in Resources */,
				3D6D48941CF596B600C3AF93 /* Button_确认框580px.png in Resources */,
				3D6D48C81CF596B600C3AF93 /* tck_yeqb_icon@2x.png in Resources */,
				3D6D48BF1CF596B600C3AF93 /* mrlogo_btn@3x.png in Resources */,
				3D6D48791CF596B600C3AF93 /* Button_帮付宝_line@2x.png in Resources */,
				3D6D489A1CF596B600C3AF93 /* Button_账单_line@2x.png in Resources */,
				3D6D488F1CF596B600C3AF93 /* Button_添加银行卡+.png in Resources */,
				3D6D48CA1CF596B600C3AF93 /* tjyhk_icon@2x.png in Resources */,
				3D6D48D91CF596B600C3AF93 /* 未选@3x.png in Resources */,
				3D517CF71CEEE5E70084E6AD /* LaunchScreen.storyboard in Resources */,
				3D6D487F1CF596B600C3AF93 /* Button_手机充值_Circle@2x.png in Resources */,
				3D6D48711CF596B600C3AF93 /* Button_充值_solid@2x.png in Resources */,
				3D6D488E1CF596B600C3AF93 /* Button_消费_solid@2x.png in Resources */,
				3D6D48B91CF596B600C3AF93 /* jt_btn@2x.png in Resources */,
				3D6D48D81CF596B600C3AF93 /* 未选@2x.png in Resources */,
				3D6D48D51CF596B600C3AF93 /* 支付成功@3x.png in Resources */,
				3D6D489C1CF596B600C3AF93 /* Button_账户_line_32px@2x.png in Resources */,
				3D6D486E1CF596B600C3AF93 /* Button_充值_Circle@2x.png in Resources */,
				3D6D48761CF596B600C3AF93 /* Button_头像_80px@2x.png in Resources */,
				3D6D48CC1CF596B600C3AF93 /* unchoice@2x.png in Resources */,
				3D6D487B1CF596B600C3AF93 /* Button_待办_Circle@2x.png in Resources */,
				3D6D486D1CF596B600C3AF93 /* Button_信用卡还款_Circle@3x.png in Resources */,
				3D6D48BB1CF596B600C3AF93 /* Layer_修改密码成功580px.png in Resources */,
				3D517D051CEEE6310084E6AD /* Assets.xcassets in Resources */,
				3D6D48741CF596B600C3AF93 /* Button_卡_line_32px@2x.png in Resources */,
				3D6D48A81CF596B600C3AF93 /* Button_返回@2x.png in Resources */,
				3D6D48DC1CF596B600C3AF93 /* 箭头@2x.png in Resources */,
				3D6D48801CF596B600C3AF93 /* Button_手机充值_Circle@3x.png in Resources */,
				3D6D48921CF596B600C3AF93 /* Button_理财推荐_Circle@3x.png in Resources */,
				3D6D48C61CF596B600C3AF93 /* tck_qx_icon@2x.png in Resources */,
				3D6D48D61CF596B600C3AF93 /* 未点击@2x.png in Resources */,
				3D6D48911CF596B600C3AF93 /* Button_理财推荐_Circle@2x.png in Resources */,
				3D6D48891CF596B600C3AF93 /* Button_收付款扫码_Circle@2x.png in Resources */,
				3D6D48931CF596B600C3AF93 /* Button_确认_line@2x.png in Resources */,
				3D6D48BD1CF596B600C3AF93 /* Layer_银行卡类型580px.png in Resources */,
				3D6D48A21CF596B600C3AF93 /* Button_输入支付密码_确认@2x.png in Resources */,
				3D6D48751CF596B600C3AF93 /* Button_头像_110px@2x.png in Resources */,
				3D517D041CEEE6310084E6AD /* Main.storyboard in Resources */,
				3D6D48DD1CF596B600C3AF93 /* 箭头@3x.png in Resources */,
				3D6D48BA1CF596B600C3AF93 /* jt_btn@3x.png in Resources */,
				3D6D486F1CF596B600C3AF93 /* Button_充值_line@2x.png in Resources */,
				3D6D487A1CF596B600C3AF93 /* Button_帮付宝_solid@2x.png in Resources */,
				3D6D48A71CF596B600C3AF93 /* Button_输入框四栏580px.png in Resources */,
				3D6D48D01CF596B600C3AF93 /* 对勾@2x.png in Resources */,
				3D6D48961CF596B600C3AF93 /* Button_管家_solid@2x.png in Resources */,
				3D6D48621CF596B600C3AF93 /* Bar_导航条.png in Resources */,
				3D6D48A11CF596B600C3AF93 /* Button_输入支付密码_取消@2x.png in Resources */,
				3D6D48C31CF596B600C3AF93 /* qbye_btn@3x.png in Resources */,
				3D6D48DA1CF596B600C3AF93 /* 点击@2x.png in Resources */,
				3D6D487C1CF596B600C3AF93 /* Button_待办_line@2x.png in Resources */,
				3D6D48B11CF596B600C3AF93 /* choice_icon@3x.png in Resources */,
				3D6D48C21CF596B600C3AF93 /* qbye_btn@2x.png in Resources */,
				3D6D48631CF596B600C3AF93 /* Bar_导航条@2x.png in Resources */,
				3D6D489D1CF596B600C3AF93 /* Button_转账_Circle@2x.png in Resources */,
				3D6D48A41CF596B600C3AF93 /* Button_输入框580px.png in Resources */,
				3D6D48B21CF596B600C3AF93 /* Cover_iPhone5.png in Resources */,
				3D6D48C41CF596B600C3AF93 /* tc_btn@2x.png in Resources */,
				3D6D48D41CF596B600C3AF93 /* 支付成功@2x.png in Resources */,
				3D6D486B1CF596B600C3AF93 /* Button_交易状态.png in Resources */,
				3D6D48D21CF596B600C3AF93 /* 支付失败@2x.png in Resources */,
				3D6D48B01CF596B600C3AF93 /* choice_icon@2x.png in Resources */,
				3D6D48D11CF596B600C3AF93 /* 对勾@3x.png in Resources */,
				3D6D48A01CF596B600C3AF93 /* Button_转账_solid@2x.png in Resources */,
				3D6D48681CF596B600C3AF93 /* Button_80px.png in Resources */,
				3D6D48BE1CF596B600C3AF93 /* mrlogo_btn@2x.png in Resources */,
				3D6D48641CF596B600C3AF93 /* Bar_导航条@3x.png in Resources */,
				3D6D48C71CF596B600C3AF93 /* tck_qx_icon@3x.png in Resources */,
				3D6D48781CF596B600C3AF93 /* Button_密码_line_32px@2x.png in Resources */,
				3D6D48B71CF596B600C3AF93 /* Image_账单详情半圆_右.png in Resources */,
				3D6D48691CF596B600C3AF93 /* button_jb_line_s@2x.png in Resources */,
				3D6D48AB1CF596B600C3AF93 /* Button_重发按钮_等待220px.png in Resources */,
				3D6D48A91CF596B600C3AF93 /* Button_通讯录_line@2x.png in Resources */,
				3D6D48D31CF596B600C3AF93 /* 支付失败@3x.png in Resources */,
				3D6D48C91CF596B600C3AF93 /* tck_yeqb_icon@3x.png in Resources */,
				3D6D48B31CF596B600C3AF93 /* Image_Cover字.png in Resources */,
				3D6D48AE1CF596B600C3AF93 /* choice2@2x.png in Resources */,
				3D6D488D1CF596B600C3AF93 /* Button_消费_line@2x.png in Resources */,
				3D6D48CF1CF596B600C3AF93 /* 叹号@3x.png in Resources */,
				3D6D48671CF596B600C3AF93 /* Bar_首页顶部导航条_选中.png in Resources */,
				3D6D48BC1CF596B600C3AF93 /* Layer_输入支付密码580px@2x.png in Resources */,
				3D6D48991CF596B600C3AF93 /* Button_设置_solid@2x.png in Resources */,
				3D6D48D71CF596B600C3AF93 /* 未点击@3x.png in Resources */,
				3D6D48871CF596B600C3AF93 /* Button_提现_line_white@2x.png in Resources */,
				3D6D48701CF596B600C3AF93 /* Button_充值_line_white@2x.png in Resources */,
			);
			runOnlyForDeploymentPostprocessing = 0;
		};
/* End PBXResourcesBuildPhase section */

/* Begin PBXSourcesBuildPhase section */
		3D517CE01CEEE5E70084E6AD /* Sources */ = {
			isa = PBXSourcesBuildPhase;
			buildActionMask = 2147483647;
			files = (
				3D517D031CEEE6310084E6AD /* ViewController.m in Sources */,
				3D517CEC1CEEE5E70084E6AD /* AppDelegate.m in Sources */,
				3D517CE91CEEE5E70084E6AD /* main.m in Sources */,
			);
			runOnlyForDeploymentPostprocessing = 0;
		};
/* End PBXSourcesBuildPhase section */

/* Begin PBXVariantGroup section */
		3D517CF51CEEE5E70084E6AD /* LaunchScreen.storyboard */ = {
			isa = PBXVariantGroup;
			children = (
				3D517CF61CEEE5E70084E6AD /* Base */,
			);
			name = LaunchScreen.storyboard;
			sourceTree = "<group>";
		};
/* End PBXVariantGroup section */

/* Begin XCBuildConfiguration section */
		3D517CF91CEEE5E70084E6AD /* Debug */ = {
			isa = XCBuildConfiguration;
			buildSettings = {
				ALWAYS_SEARCH_USER_PATHS = NO;
				CLANG_ANALYZER_NONNULL = YES;
				CLANG_CXX_LANGUAGE_STANDARD = "gnu++0x";
				CLANG_CXX_LIBRARY = "libc++";
				CLANG_ENABLE_MODULES = YES;
				CLANG_ENABLE_OBJC_ARC = YES;
				CLANG_WARN_BOOL_CONVERSION = YES;
				CLANG_WARN_CONSTANT_CONVERSION = YES;
				CLANG_WARN_DIRECT_OBJC_ISA_USAGE = YES_ERROR;
				CLANG_WARN_EMPTY_BODY = YES;
				CLANG_WARN_ENUM_CONVERSION = YES;
				CLANG_WARN_INT_CONVERSION = YES;
				CLANG_WARN_OBJC_ROOT_CLASS = YES_ERROR;
				CLANG_WARN_UNREACHABLE_CODE = YES;
				CLANG_WARN__DUPLICATE_METHOD_MATCH = YES;
				"CODE_SIGN_IDENTITY[sdk=iphoneos*]" = "iPhone Developer";
				COPY_PHASE_STRIP = NO;
				DEBUG_INFORMATION_FORMAT = dwarf;
				ENABLE_STRICT_OBJC_MSGSEND = YES;
				ENABLE_TESTABILITY = YES;
				GCC_C_LANGUAGE_STANDARD = gnu99;
				GCC_DYNAMIC_NO_PIC = NO;
				GCC_NO_COMMON_BLOCKS = YES;
				GCC_OPTIMIZATION_LEVEL = 0;
				GCC_PREPROCESSOR_DEFINITIONS = (
					"DEBUG=1",
					"$(inherited)",
				);
				GCC_WARN_64_TO_32_BIT_CONVERSION = YES;
				GCC_WARN_ABOUT_RETURN_TYPE = YES_ERROR;
				GCC_WARN_UNDECLARED_SELECTOR = YES;
				GCC_WARN_UNINITIALIZED_AUTOS = YES_AGGRESSIVE;
				GCC_WARN_UNUSED_FUNCTION = YES;
				GCC_WARN_UNUSED_VARIABLE = YES;
				IPHONEOS_DEPLOYMENT_TARGET = 8.1;
				MTL_ENABLE_DEBUG_INFO = YES;
				ONLY_ACTIVE_ARCH = YES;
				SDKROOT = iphoneos;
			};
			name = Debug;
		};
		3D517CFA1CEEE5E70084E6AD /* Release */ = {
			isa = XCBuildConfiguration;
			buildSettings = {
				ALWAYS_SEARCH_USER_PATHS = NO;
				CLANG_ANALYZER_NONNULL = YES;
				CLANG_CXX_LANGUAGE_STANDARD = "gnu++0x";
				CLANG_CXX_LIBRARY = "libc++";
				CLANG_ENABLE_MODULES = YES;
				CLANG_ENABLE_OBJC_ARC = YES;
				CLANG_WARN_BOOL_CONVERSION = YES;
				CLANG_WARN_CONSTANT_CONVERSION = YES;
				CLANG_WARN_DIRECT_OBJC_ISA_USAGE = YES_ERROR;
				CLANG_WARN_EMPTY_BODY = YES;
				CLANG_WARN_ENUM_CONVERSION = YES;
				CLANG_WARN_INT_CONVERSION = YES;
				CLANG_WARN_OBJC_ROOT_CLASS = YES_ERROR;
				CLANG_WARN_UNREACHABLE_CODE = YES;
				CLANG_WARN__DUPLICATE_METHOD_MATCH = YES;
				"CODE_SIGN_IDENTITY[sdk=iphoneos*]" = "iPhone Developer";
				COPY_PHASE_STRIP = NO;
				DEBUG_INFORMATION_FORMAT = "dwarf-with-dsym";
				ENABLE_NS_ASSERTIONS = NO;
				ENABLE_STRICT_OBJC_MSGSEND = YES;
				GCC_C_LANGUAGE_STANDARD = gnu99;
				GCC_NO_COMMON_BLOCKS = YES;
				GCC_WARN_64_TO_32_BIT_CONVERSION = YES;
				GCC_WARN_ABOUT_RETURN_TYPE = YES_ERROR;
				GCC_WARN_UNDECLARED_SELECTOR = YES;
				GCC_WARN_UNINITIALIZED_AUTOS = YES_AGGRESSIVE;
				GCC_WARN_UNUSED_FUNCTION = YES;
				GCC_WARN_UNUSED_VARIABLE = YES;
				IPHONEOS_DEPLOYMENT_TARGET = 8.1;
				MTL_ENABLE_DEBUG_INFO = NO;
				SDKROOT = iphoneos;
				VALIDATE_PRODUCT = YES;
			};
			name = Release;
		};
		3D517CFC1CEEE5E70084E6AD /* Debug */ = {
			isa = XCBuildConfiguration;
			buildSettings = {
				ASSETCATALOG_COMPILER_APPICON_NAME = AppIcon;
				CODE_SIGN_IDENTITY = "iPhone Developer";
				"CODE_SIGN_IDENTITY[sdk=iphoneos*]" = "iPhone Developer";
				ENABLE_BITCODE = NO;
				FRAMEWORK_SEARCH_PATHS = (
					"$(inherited)",
					"$(PROJECT_DIR)/PaymaxDemo/lib/Paymax+alipay/Alipay",
				);
				INFOPLIST_FILE = PaymaxDemo/Info.plist;
				IPHONEOS_DEPLOYMENT_TARGET = 8.1;
				LD_RUNPATH_SEARCH_PATHS = "$(inherited) @executable_path/Frameworks";
				LIBRARY_SEARCH_PATHS = (
					"$(inherited)",
					"$(PROJECT_DIR)/PaymaxDemo/lib",
					"$(PROJECT_DIR)/PaymaxDemo/lib/Paymax+alipay",
					"$(PROJECT_DIR)/PaymaxDemo/lib/Paymax+lkl",
					"$(PROJECT_DIR)/PaymaxDemo/lib/Paymax+lkl/lkl",
					"$(PROJECT_DIR)/PaymaxDemo/lib/Paymax+wx",
					"$(PROJECT_DIR)/PaymaxDemo/lib/Paymax+wx/WX",
				);
				OTHER_LDFLAGS = "-ObjC";
				PRODUCT_BUNDLE_IDENTIFIER = "-05817633.PaymaxDemo";
				PRODUCT_NAME = "$(TARGET_NAME)";
				PROVISIONING_PROFILE = "";
			};
			name = Debug;
		};
		3D517CFD1CEEE5E70084E6AD /* Release */ = {
			isa = XCBuildConfiguration;
			buildSettings = {
				ASSETCATALOG_COMPILER_APPICON_NAME = AppIcon;
				CODE_SIGN_IDENTITY = "iPhone Developer";
				"CODE_SIGN_IDENTITY[sdk=iphoneos*]" = "iPhone Developer";
				ENABLE_BITCODE = NO;
				FRAMEWORK_SEARCH_PATHS = (
					"$(inherited)",
					"$(PROJECT_DIR)/PaymaxDemo/lib/Paymax+alipay/Alipay",
				);
				INFOPLIST_FILE = PaymaxDemo/Info.plist;
				IPHONEOS_DEPLOYMENT_TARGET = 8.1;
				LD_RUNPATH_SEARCH_PATHS = "$(inherited) @executable_path/Frameworks";
				LIBRARY_SEARCH_PATHS = (
					"$(inherited)",
					"$(PROJECT_DIR)/PaymaxDemo/lib",
					"$(PROJECT_DIR)/PaymaxDemo/lib/Paymax+alipay",
					"$(PROJECT_DIR)/PaymaxDemo/lib/Paymax+lkl",
					"$(PROJECT_DIR)/PaymaxDemo/lib/Paymax+lkl/lkl",
					"$(PROJECT_DIR)/PaymaxDemo/lib/Paymax+wx",
					"$(PROJECT_DIR)/PaymaxDemo/lib/Paymax+wx/WX",
				);
				OTHER_LDFLAGS = "-ObjC";
				PRODUCT_BUNDLE_IDENTIFIER = "-05817633.PaymaxDemo";
				PRODUCT_NAME = "$(TARGET_NAME)";
				PROVISIONING_PROFILE = "";
			};
			name = Release;
		};
/* End XCBuildConfiguration section */

/* Begin XCConfigurationList section */
		3D517CDF1CEEE5E60084E6AD /* Build configuration list for PBXProject "PaymaxDemo" */ = {
			isa = XCConfigurationList;
			buildConfigurations = (
				3D517CF91CEEE5E70084E6AD /* Debug */,
				3D517CFA1CEEE5E70084E6AD /* Release */,
			);
			defaultConfigurationIsVisible = 0;
			defaultConfigurationName = Release;
		};
		3D517CFB1CEEE5E70084E6AD /* Build configuration list for PBXNativeTarget "PaymaxDemo" */ = {
			isa = XCConfigurationList;
			buildConfigurations = (
				3D517CFC1CEEE5E70084E6AD /* Debug */,
				3D517CFD1CEEE5E70084E6AD /* Release */,
			);
			defaultConfigurationIsVisible = 0;
			defaultConfigurationName = Release;
		};
/* End XCConfigurationList section */
	};
	rootObject = 3D517CDC1CEEE5E60084E6AD /* Project object */;
}
